
Microsoft Visual Studio Solution File, Format Version 12.00
# Visual Studio 14
VisualStudioVersion = 14.0.23107.0
MinimumVisualStudioVersion = 10.0.40219.1
Project("{2150E333-8FDC-42A3-9474-1A3956D46DE8}") = "src", "src", "{6B0F38C9-7CEE-4181-A47A-D9F4C626E618}"
EndProject
Project("{2150E333-8FDC-42A3-9474-1A3956D46DE8}") = "test", "test", "{88D90D4D-7706-4419-8177-C21123947D78}"
EndProject
Project("{2150E333-8FDC-42A3-9474-1A3956D46DE8}") = "Misc", "Misc", "{E3B9769B-D056-49F0-A6A5-03EC36DE48F8}"
	ProjectSection(SolutionItems) = preProject
		.gitattributes = .gitattributes
		.gitignore = .gitignore
		build.ps1 = build.ps1
		GitVersionConfig.yaml = GitVersionConfig.yaml
		README.md = README.md
		xunit.devices.proj = xunit.devices.proj
		src\build\xunit.runner.devices.targets = src\build\xunit.runner.devices.targets
	EndProjectSection
EndProject
Project("{2150E333-8FDC-42A3-9474-1A3956D46DE8}") = "NuGet", "NuGet", "{98950ECA-3A16-4A7C-9E82-03EEB81EBDB3}"
	ProjectSection(SolutionItems) = preProject
		src\xunit.runner.devices.nuspec = src\xunit.runner.devices.nuspec
	EndProjectSection
EndProject
Project("{FAE04EC0-301F-11D3-BF4B-00C04F79EFBC}") = "xunit.runner.android", "src\xunit.runner.android\xunit.runner.android.csproj", "{A0D90D0B-BC16-42AA-AF74-8B49772F8406}"
EndProject
Project("{FAE04EC0-301F-11D3-BF4B-00C04F79EFBC}") = "xunit.runner.ios", "src\xunit.runner.ios\xunit.runner.ios.csproj", "{BB8946FE-4D2A-4FED-8FFD-5DFBA190DB8A}"
EndProject
Project("{FAE04EC0-301F-11D3-BF4B-00C04F79EFBC}") = "test.xunit.pcltestlib", "test\test.xunit.pcltestlib\test.xunit.pcltestlib.csproj", "{B7C9BEBB-26C2-483B-9BE8-80A8EE523EB8}"
EndProject
Project("{FAE04EC0-301F-11D3-BF4B-00C04F79EFBC}") = "test.xunit.runner.android", "test\test.xunit.runner.android\test.xunit.runner.android.csproj", "{111991DA-D822-4A9F-B57B-CEF2EFC8252E}"
EndProject
Project("{FAE04EC0-301F-11D3-BF4B-00C04F79EFBC}") = "test.xunit.runner.ios", "test\test.xunit.runner.ios\test.xunit.runner.ios.csproj", "{D1F45C28-A2B8-48A2-9D06-DAB9FA0BC85F}"
EndProject
Project("{2150E333-8FDC-42A3-9474-1A3956D46DE8}") = "Starter Files", "Starter Files", "{E9830344-D465-4054-9E0D-CC580E39BD34}"
	ProjectSection(SolutionItems) = preProject
		src\xunit.runner.wpa81\NuGet\App.xaml.cs.txt.pp = src\xunit.runner.wpa81\NuGet\App.xaml.cs.txt.pp
		src\xunit.runner.wpa81\NuGet\App.xaml.txt.pp = src\xunit.runner.wpa81\NuGet\App.xaml.txt.pp
		src\xunit.runner.ios-unified\NuGet\AppDelegate-unified.cs.txt.pp = src\xunit.runner.ios-unified\NuGet\AppDelegate-unified.cs.txt.pp
		src\xunit.runner.ios\NuGet\AppDelegate.cs.txt.pp = src\xunit.runner.ios\NuGet\AppDelegate.cs.txt.pp
		src\xunit.runner.android\NuGet\MainActivity.cs.txt.pp = src\xunit.runner.android\NuGet\MainActivity.cs.txt.pp
		src\xunit.runner.wp8\NuGet\MainPage.xaml.cs.txt.pp = src\xunit.runner.wp8\NuGet\MainPage.xaml.cs.txt.pp
		src\xunit.runner.wp8\NuGet\MainPage.xaml.txt.pp = src\xunit.runner.wp8\NuGet\MainPage.xaml.txt.pp
	EndProjectSection
EndProject
Project("{FAE04EC0-301F-11D3-BF4B-00C04F79EFBC}") = "xunit.runner.wp8", "src\xunit.runner.wp8\xunit.runner.wp8.csproj", "{8825644E-D597-49CD-8A4D-97128CCDEBEB}"
EndProject
Project("{FAE04EC0-301F-11D3-BF4B-00C04F79EFBC}") = "test.xunit.runner.wp8", "test\test.xunit.runner.wp8\test.xunit.runner.wp8.csproj", "{95735974-02B8-4021-9241-175558CB1150}"
EndProject
Project("{2150E333-8FDC-42A3-9474-1A3956D46DE8}") = "integration", "integration", "{F8D208A4-217E-46B7-A45B-E3259B0D0B73}"
EndProject
Project("{FAE04EC0-301F-11D3-BF4B-00C04F79EFBC}") = "integration.iOS", "integration\iOS\integration.iOS.csproj", "{875AC482-ABEF-4978-80B7-16BB0EB62E58}"
EndProject
Project("{FAE04EC0-301F-11D3-BF4B-00C04F79EFBC}") = "xunit.runner.ios-unified", "src\xunit.runner.ios-unified\xunit.runner.ios-unified.csproj", "{3133B3C8-08E5-435D-84AE-0BA775FF10A7}"
EndProject
Project("{FAE04EC0-301F-11D3-BF4B-00C04F79EFBC}") = "test.xunit.runner.ios-unified", "test\test.xunit.runner.ios-unified\test.xunit.runner.ios-unified.csproj", "{2B12073E-4618-4D2D-BF9B-6B12A063FDB2}"
EndProject
Project("{FAE04EC0-301F-11D3-BF4B-00C04F79EFBC}") = "integration.Wp8sl", "integration\Wp8sl\integration.Wp8sl.csproj", "{B4C6EEB4-541F-4887-A2E0-BB9513F3988E}"
EndProject
Project("{FAE04EC0-301F-11D3-BF4B-00C04F79EFBC}") = "test.xunit.runner.win81", "test\test.xunit.runner.win81\test.xunit.runner.win81.csproj", "{174CBDFD-E227-4665-BC01-B01BDA0D31C7}"
EndProject
Project("{FAE04EC0-301F-11D3-BF4B-00C04F79EFBC}") = "xunit.runner.win81", "src\xunit.runner.win81\xunit.runner.win81.csproj", "{C75C9651-355A-4263-B64B-494B18DDE5BF}"
EndProject
Project("{FAE04EC0-301F-11D3-BF4B-00C04F79EFBC}") = "xunit.runner.wpa81", "src\xunit.runner.wpa81\xunit.runner.wpa81.csproj", "{E7AD2705-EB5E-4C6E-B8DC-ED11BA069B75}"
EndProject
Project("{FAE04EC0-301F-11D3-BF4B-00C04F79EFBC}") = "test.xunit.runner.wpa81", "test\test.xunit.runner.wpa81\test.xunit.runner.wpa81.csproj", "{E8EF8DE7-B0E6-496E-ADEC-BA912BF07398}"
EndProject
Project("{FAE04EC0-301F-11D3-BF4B-00C04F79EFBC}") = "integration.android", "integration\integration.android\integration.android.csproj", "{F21C1AF5-A5AF-4349-840E-E34DA5BFA519}"
EndProject
Project("{D954291E-2A0B-460D-934E-DC6B0785DB48}") = "xunit.runner.xamarin", "src\xunit.runner.xamarin\xunit.runner.xamarin.shproj", "{37E7B2DC-D430-4FD5-8403-7F3B0E963C14}"
EndProject
Project("{D954291E-2A0B-460D-934E-DC6B0785DB48}") = "xunit.runner.viewmodels", "src\xunit.runner.viewmodels\xunit.runner.viewmodels.shproj", "{265A64F3-D8C2-47B3-A9E1-7480A586DA6B}"
EndProject
Project("{FAE04EC0-301F-11D3-BF4B-00C04F79EFBC}") = "xunit.runner.uwp", "src\xunit.runner.uwp\xunit.runner.uwp.csproj", "{CD8C2C87-0B12-4501-BE45-BEA8554CF548}"
EndProject
Project("{FAE04EC0-301F-11D3-BF4B-00C04F79EFBC}") = "test.xunit.runner.uwp", "test\test.xunit.runner.uwp\test.xunit.runner.uwp.csproj", "{090EE10C-D741-4B6C-BC03-9DF1EDC9B7D1}"
EndProject
Project("{FAE04EC0-301F-11D3-BF4B-00C04F79EFBC}") = "integration.uwp", "integration\integration.uwp\integration.uwp.csproj", "{858E05E5-90AE-4DC4-B9C7-CB6540E0B886}"
EndProject
Global
	GlobalSection(SharedMSBuildProjectFiles) = preSolution
		src\xunit.runner.viewmodels\xunit.runner.devices.projitems*{265a64f3-d8c2-47b3-a9e1-7480a586da6b}*SharedItemsImports = 13
		src\xunit.runner.xamarin\xunit.runner.viewmodels.projitems*{a0d90d0b-bc16-42aa-af74-8b49772f8406}*SharedItemsImports = 4
		src\xunit.runner.viewmodels\xunit.runner.devices.projitems*{a0d90d0b-bc16-42aa-af74-8b49772f8406}*SharedItemsImports = 4
		src\xunit.runner.xamarin\xunit.runner.viewmodels.projitems*{37e7b2dc-d430-4fd5-8403-7f3b0e963c14}*SharedItemsImports = 13
		src\xunit.runner.xamarin\xunit.runner.viewmodels.projitems*{bb8946fe-4d2a-4fed-8ffd-5dfba190db8a}*SharedItemsImports = 4
		src\xunit.runner.viewmodels\xunit.runner.devices.projitems*{bb8946fe-4d2a-4fed-8ffd-5dfba190db8a}*SharedItemsImports = 4
		src\xunit.runner.xamarin\xunit.runner.viewmodels.projitems*{c75c9651-355a-4263-b64b-494b18dde5bf}*SharedItemsImports = 4
		src\xunit.runner.viewmodels\xunit.runner.devices.projitems*{c75c9651-355a-4263-b64b-494b18dde5bf}*SharedItemsImports = 4
		src\xunit.runner.xamarin\xunit.runner.viewmodels.projitems*{8825644e-d597-49cd-8a4d-97128ccdebeb}*SharedItemsImports = 4
		src\xunit.runner.viewmodels\xunit.runner.devices.projitems*{8825644e-d597-49cd-8a4d-97128ccdebeb}*SharedItemsImports = 4
		src\xunit.runner.xamarin\xunit.runner.viewmodels.projitems*{e7ad2705-eb5e-4c6e-b8dc-ed11ba069b75}*SharedItemsImports = 4
		src\xunit.runner.viewmodels\xunit.runner.devices.projitems*{e7ad2705-eb5e-4c6e-b8dc-ed11ba069b75}*SharedItemsImports = 4
		src\xunit.runner.xamarin\xunit.runner.viewmodels.projitems*{3133b3c8-08e5-435d-84ae-0ba775ff10a7}*SharedItemsImports = 4
		src\xunit.runner.viewmodels\xunit.runner.devices.projitems*{3133b3c8-08e5-435d-84ae-0ba775ff10a7}*SharedItemsImports = 4
		src\xunit.runner.viewmodels\xunit.runner.devices.projitems*{cd8c2c87-0b12-4501-be45-bea8554cf548}*SharedItemsImports = 4
	EndGlobalSection
	GlobalSection(SolutionConfigurationPlatforms) = preSolution
		Debug .NET Native|Any CPU = Debug .NET Native|Any CPU
		Debug .NET Native|ARM = Debug .NET Native|ARM
		Debug .NET Native|iPhone = Debug .NET Native|iPhone
		Debug .NET Native|iPhoneSimulator = Debug .NET Native|iPhoneSimulator
		Debug .NET Native|Mixed Platforms = Debug .NET Native|Mixed Platforms
		Debug .NET Native|x64 = Debug .NET Native|x64
		Debug .NET Native|x86 = Debug .NET Native|x86
		Debug|Any CPU = Debug|Any CPU
		Debug|ARM = Debug|ARM
		Debug|iPhone = Debug|iPhone
		Debug|iPhoneSimulator = Debug|iPhoneSimulator
		Debug|Mixed Platforms = Debug|Mixed Platforms
		Debug|x64 = Debug|x64
		Debug|x86 = Debug|x86
		Release|Any CPU = Release|Any CPU
		Release|ARM = Release|ARM
		Release|iPhone = Release|iPhone
		Release|iPhoneSimulator = Release|iPhoneSimulator
		Release|Mixed Platforms = Release|Mixed Platforms
		Release|x64 = Release|x64
		Release|x86 = Release|x86
	EndGlobalSection
	GlobalSection(ProjectConfigurationPlatforms) = postSolution
		{A0D90D0B-BC16-42AA-AF74-8B49772F8406}.Debug .NET Native|Any CPU.ActiveCfg = Release|Any CPU
		{A0D90D0B-BC16-42AA-AF74-8B49772F8406}.Debug .NET Native|Any CPU.Build.0 = Release|Any CPU
		{A0D90D0B-BC16-42AA-AF74-8B49772F8406}.Debug .NET Native|ARM.ActiveCfg = Release|Any CPU
		{A0D90D0B-BC16-42AA-AF74-8B49772F8406}.Debug .NET Native|iPhone.ActiveCfg = Release|Any CPU
		{A0D90D0B-BC16-42AA-AF74-8B49772F8406}.Debug .NET Native|iPhoneSimulator.ActiveCfg = Release|Any CPU
		{A0D90D0B-BC16-42AA-AF74-8B49772F8406}.Debug .NET Native|Mixed Platforms.ActiveCfg = Release|Any CPU
		{A0D90D0B-BC16-42AA-AF74-8B49772F8406}.Debug .NET Native|x64.ActiveCfg = Release|Any CPU
		{A0D90D0B-BC16-42AA-AF74-8B49772F8406}.Debug .NET Native|x64.Build.0 = Release|Any CPU
		{A0D90D0B-BC16-42AA-AF74-8B49772F8406}.Debug .NET Native|x86.ActiveCfg = Release|Any CPU
		{A0D90D0B-BC16-42AA-AF74-8B49772F8406}.Debug|Any CPU.ActiveCfg = Debug|Any CPU
		{A0D90D0B-BC16-42AA-AF74-8B49772F8406}.Debug|Any CPU.Build.0 = Debug|Any CPU
		{A0D90D0B-BC16-42AA-AF74-8B49772F8406}.Debug|ARM.ActiveCfg = Debug|Any CPU
		{A0D90D0B-BC16-42AA-AF74-8B49772F8406}.Debug|iPhone.ActiveCfg = Debug|Any CPU
		{A0D90D0B-BC16-42AA-AF74-8B49772F8406}.Debug|iPhoneSimulator.ActiveCfg = Debug|Any CPU
		{A0D90D0B-BC16-42AA-AF74-8B49772F8406}.Debug|Mixed Platforms.ActiveCfg = Debug|Any CPU
		{A0D90D0B-BC16-42AA-AF74-8B49772F8406}.Debug|Mixed Platforms.Build.0 = Debug|Any CPU
		{A0D90D0B-BC16-42AA-AF74-8B49772F8406}.Debug|x64.ActiveCfg = Debug|Any CPU
		{A0D90D0B-BC16-42AA-AF74-8B49772F8406}.Debug|x64.Build.0 = Debug|Any CPU
		{A0D90D0B-BC16-42AA-AF74-8B49772F8406}.Debug|x86.ActiveCfg = Debug|Any CPU
		{A0D90D0B-BC16-42AA-AF74-8B49772F8406}.Release|Any CPU.ActiveCfg = Release|Any CPU
		{A0D90D0B-BC16-42AA-AF74-8B49772F8406}.Release|Any CPU.Build.0 = Release|Any CPU
		{A0D90D0B-BC16-42AA-AF74-8B49772F8406}.Release|ARM.ActiveCfg = Release|Any CPU
		{A0D90D0B-BC16-42AA-AF74-8B49772F8406}.Release|iPhone.ActiveCfg = Release|Any CPU
		{A0D90D0B-BC16-42AA-AF74-8B49772F8406}.Release|iPhoneSimulator.ActiveCfg = Release|Any CPU
		{A0D90D0B-BC16-42AA-AF74-8B49772F8406}.Release|Mixed Platforms.ActiveCfg = Release|Any CPU
		{A0D90D0B-BC16-42AA-AF74-8B49772F8406}.Release|Mixed Platforms.Build.0 = Release|Any CPU
		{A0D90D0B-BC16-42AA-AF74-8B49772F8406}.Release|x64.ActiveCfg = Release|Any CPU
		{A0D90D0B-BC16-42AA-AF74-8B49772F8406}.Release|x64.Build.0 = Release|Any CPU
		{A0D90D0B-BC16-42AA-AF74-8B49772F8406}.Release|x86.ActiveCfg = Release|Any CPU
		{BB8946FE-4D2A-4FED-8FFD-5DFBA190DB8A}.Debug .NET Native|Any CPU.ActiveCfg = Release|Any CPU
		{BB8946FE-4D2A-4FED-8FFD-5DFBA190DB8A}.Debug .NET Native|Any CPU.Build.0 = Release|Any CPU
		{BB8946FE-4D2A-4FED-8FFD-5DFBA190DB8A}.Debug .NET Native|ARM.ActiveCfg = Release|Any CPU
		{BB8946FE-4D2A-4FED-8FFD-5DFBA190DB8A}.Debug .NET Native|iPhone.ActiveCfg = Release|Any CPU
		{BB8946FE-4D2A-4FED-8FFD-5DFBA190DB8A}.Debug .NET Native|iPhone.Build.0 = Release|Any CPU
		{BB8946FE-4D2A-4FED-8FFD-5DFBA190DB8A}.Debug .NET Native|iPhoneSimulator.ActiveCfg = Release|Any CPU
		{BB8946FE-4D2A-4FED-8FFD-5DFBA190DB8A}.Debug .NET Native|Mixed Platforms.ActiveCfg = Release|Any CPU
		{BB8946FE-4D2A-4FED-8FFD-5DFBA190DB8A}.Debug .NET Native|x64.ActiveCfg = Release|Any CPU
		{BB8946FE-4D2A-4FED-8FFD-5DFBA190DB8A}.Debug .NET Native|x64.Build.0 = Release|Any CPU
		{BB8946FE-4D2A-4FED-8FFD-5DFBA190DB8A}.Debug .NET Native|x86.ActiveCfg = Release|Any CPU
		{BB8946FE-4D2A-4FED-8FFD-5DFBA190DB8A}.Debug|Any CPU.ActiveCfg = Debug|Any CPU
		{BB8946FE-4D2A-4FED-8FFD-5DFBA190DB8A}.Debug|Any CPU.Build.0 = Debug|Any CPU
		{BB8946FE-4D2A-4FED-8FFD-5DFBA190DB8A}.Debug|ARM.ActiveCfg = Debug|Any CPU
		{BB8946FE-4D2A-4FED-8FFD-5DFBA190DB8A}.Debug|iPhone.ActiveCfg = Debug|Any CPU
		{BB8946FE-4D2A-4FED-8FFD-5DFBA190DB8A}.Debug|iPhone.Build.0 = Debug|Any CPU
		{BB8946FE-4D2A-4FED-8FFD-5DFBA190DB8A}.Debug|iPhoneSimulator.ActiveCfg = Debug|Any CPU
		{BB8946FE-4D2A-4FED-8FFD-5DFBA190DB8A}.Debug|iPhoneSimulator.Build.0 = Debug|Any CPU
		{BB8946FE-4D2A-4FED-8FFD-5DFBA190DB8A}.Debug|Mixed Platforms.ActiveCfg = Debug|Any CPU
		{BB8946FE-4D2A-4FED-8FFD-5DFBA190DB8A}.Debug|Mixed Platforms.Build.0 = Debug|Any CPU
		{BB8946FE-4D2A-4FED-8FFD-5DFBA190DB8A}.Debug|x64.ActiveCfg = Debug|Any CPU
		{BB8946FE-4D2A-4FED-8FFD-5DFBA190DB8A}.Debug|x64.Build.0 = Debug|Any CPU
		{BB8946FE-4D2A-4FED-8FFD-5DFBA190DB8A}.Debug|x86.ActiveCfg = Debug|Any CPU
		{BB8946FE-4D2A-4FED-8FFD-5DFBA190DB8A}.Release|Any CPU.ActiveCfg = Release|Any CPU
		{BB8946FE-4D2A-4FED-8FFD-5DFBA190DB8A}.Release|Any CPU.Build.0 = Release|Any CPU
		{BB8946FE-4D2A-4FED-8FFD-5DFBA190DB8A}.Release|ARM.ActiveCfg = Release|Any CPU
		{BB8946FE-4D2A-4FED-8FFD-5DFBA190DB8A}.Release|iPhone.ActiveCfg = Release|Any CPU
		{BB8946FE-4D2A-4FED-8FFD-5DFBA190DB8A}.Release|iPhone.Build.0 = Release|Any CPU
		{BB8946FE-4D2A-4FED-8FFD-5DFBA190DB8A}.Release|iPhoneSimulator.ActiveCfg = Release|Any CPU
		{BB8946FE-4D2A-4FED-8FFD-5DFBA190DB8A}.Release|Mixed Platforms.ActiveCfg = Release|Any CPU
		{BB8946FE-4D2A-4FED-8FFD-5DFBA190DB8A}.Release|Mixed Platforms.Build.0 = Release|Any CPU
		{BB8946FE-4D2A-4FED-8FFD-5DFBA190DB8A}.Release|x64.ActiveCfg = Release|Any CPU
		{BB8946FE-4D2A-4FED-8FFD-5DFBA190DB8A}.Release|x64.Build.0 = Release|Any CPU
		{BB8946FE-4D2A-4FED-8FFD-5DFBA190DB8A}.Release|x86.ActiveCfg = Release|Any CPU
		{B7C9BEBB-26C2-483B-9BE8-80A8EE523EB8}.Debug .NET Native|Any CPU.ActiveCfg = Release|Any CPU
		{B7C9BEBB-26C2-483B-9BE8-80A8EE523EB8}.Debug .NET Native|Any CPU.Build.0 = Release|Any CPU
		{B7C9BEBB-26C2-483B-9BE8-80A8EE523EB8}.Debug .NET Native|ARM.ActiveCfg = Release|Any CPU
		{B7C9BEBB-26C2-483B-9BE8-80A8EE523EB8}.Debug .NET Native|iPhone.ActiveCfg = Release|Any CPU
		{B7C9BEBB-26C2-483B-9BE8-80A8EE523EB8}.Debug .NET Native|iPhone.Build.0 = Release|Any CPU
		{B7C9BEBB-26C2-483B-9BE8-80A8EE523EB8}.Debug .NET Native|iPhoneSimulator.ActiveCfg = Release|Any CPU
		{B7C9BEBB-26C2-483B-9BE8-80A8EE523EB8}.Debug .NET Native|Mixed Platforms.ActiveCfg = Release|Any CPU
		{B7C9BEBB-26C2-483B-9BE8-80A8EE523EB8}.Debug .NET Native|Mixed Platforms.Build.0 = Release|Any CPU
		{B7C9BEBB-26C2-483B-9BE8-80A8EE523EB8}.Debug .NET Native|x64.ActiveCfg = Release|Any CPU
		{B7C9BEBB-26C2-483B-9BE8-80A8EE523EB8}.Debug .NET Native|x64.Build.0 = Release|Any CPU
		{B7C9BEBB-26C2-483B-9BE8-80A8EE523EB8}.Debug .NET Native|x86.ActiveCfg = Release|Any CPU
		{B7C9BEBB-26C2-483B-9BE8-80A8EE523EB8}.Debug|Any CPU.ActiveCfg = Debug|Any CPU
		{B7C9BEBB-26C2-483B-9BE8-80A8EE523EB8}.Debug|Any CPU.Build.0 = Debug|Any CPU
		{B7C9BEBB-26C2-483B-9BE8-80A8EE523EB8}.Debug|ARM.ActiveCfg = Debug|Any CPU
		{B7C9BEBB-26C2-483B-9BE8-80A8EE523EB8}.Debug|iPhone.ActiveCfg = Debug|Any CPU
		{B7C9BEBB-26C2-483B-9BE8-80A8EE523EB8}.Debug|iPhoneSimulator.ActiveCfg = Debug|Any CPU
		{B7C9BEBB-26C2-483B-9BE8-80A8EE523EB8}.Debug|iPhoneSimulator.Build.0 = Debug|Any CPU
		{B7C9BEBB-26C2-483B-9BE8-80A8EE523EB8}.Debug|Mixed Platforms.ActiveCfg = Debug|Any CPU
		{B7C9BEBB-26C2-483B-9BE8-80A8EE523EB8}.Debug|Mixed Platforms.Build.0 = Debug|Any CPU
		{B7C9BEBB-26C2-483B-9BE8-80A8EE523EB8}.Debug|x64.ActiveCfg = Debug|Any CPU
		{B7C9BEBB-26C2-483B-9BE8-80A8EE523EB8}.Debug|x64.Build.0 = Debug|Any CPU
		{B7C9BEBB-26C2-483B-9BE8-80A8EE523EB8}.Debug|x86.ActiveCfg = Debug|Any CPU
		{B7C9BEBB-26C2-483B-9BE8-80A8EE523EB8}.Release|Any CPU.ActiveCfg = Release|Any CPU
		{B7C9BEBB-26C2-483B-9BE8-80A8EE523EB8}.Release|Any CPU.Build.0 = Release|Any CPU
		{B7C9BEBB-26C2-483B-9BE8-80A8EE523EB8}.Release|ARM.ActiveCfg = Release|Any CPU
		{B7C9BEBB-26C2-483B-9BE8-80A8EE523EB8}.Release|iPhone.ActiveCfg = Release|Any CPU
		{B7C9BEBB-26C2-483B-9BE8-80A8EE523EB8}.Release|iPhone.Build.0 = Release|Any CPU
		{B7C9BEBB-26C2-483B-9BE8-80A8EE523EB8}.Release|iPhoneSimulator.ActiveCfg = Release|Any CPU
		{B7C9BEBB-26C2-483B-9BE8-80A8EE523EB8}.Release|Mixed Platforms.ActiveCfg = Release|Any CPU
		{B7C9BEBB-26C2-483B-9BE8-80A8EE523EB8}.Release|Mixed Platforms.Build.0 = Release|Any CPU
		{B7C9BEBB-26C2-483B-9BE8-80A8EE523EB8}.Release|x64.ActiveCfg = Release|Any CPU
		{B7C9BEBB-26C2-483B-9BE8-80A8EE523EB8}.Release|x64.Build.0 = Release|Any CPU
		{B7C9BEBB-26C2-483B-9BE8-80A8EE523EB8}.Release|x86.ActiveCfg = Release|Any CPU
		{111991DA-D822-4A9F-B57B-CEF2EFC8252E}.Debug .NET Native|Any CPU.ActiveCfg = Release|Any CPU
		{111991DA-D822-4A9F-B57B-CEF2EFC8252E}.Debug .NET Native|Any CPU.Build.0 = Release|Any CPU
		{111991DA-D822-4A9F-B57B-CEF2EFC8252E}.Debug .NET Native|Any CPU.Deploy.0 = Release|Any CPU
		{111991DA-D822-4A9F-B57B-CEF2EFC8252E}.Debug .NET Native|ARM.ActiveCfg = Release|Any CPU
		{111991DA-D822-4A9F-B57B-CEF2EFC8252E}.Debug .NET Native|iPhone.ActiveCfg = Release|Any CPU
		{111991DA-D822-4A9F-B57B-CEF2EFC8252E}.Debug .NET Native|iPhoneSimulator.ActiveCfg = Release|Any CPU
		{111991DA-D822-4A9F-B57B-CEF2EFC8252E}.Debug .NET Native|Mixed Platforms.ActiveCfg = Release|Any CPU
		{111991DA-D822-4A9F-B57B-CEF2EFC8252E}.Debug .NET Native|x64.ActiveCfg = Release|Any CPU
		{111991DA-D822-4A9F-B57B-CEF2EFC8252E}.Debug .NET Native|x64.Build.0 = Release|Any CPU
		{111991DA-D822-4A9F-B57B-CEF2EFC8252E}.Debug .NET Native|x64.Deploy.0 = Release|Any CPU
		{111991DA-D822-4A9F-B57B-CEF2EFC8252E}.Debug .NET Native|x86.ActiveCfg = Release|Any CPU
		{111991DA-D822-4A9F-B57B-CEF2EFC8252E}.Debug|Any CPU.ActiveCfg = Debug|Any CPU
		{111991DA-D822-4A9F-B57B-CEF2EFC8252E}.Debug|Any CPU.Build.0 = Debug|Any CPU
		{111991DA-D822-4A9F-B57B-CEF2EFC8252E}.Debug|Any CPU.Deploy.0 = Debug|Any CPU
		{111991DA-D822-4A9F-B57B-CEF2EFC8252E}.Debug|ARM.ActiveCfg = Debug|Any CPU
		{111991DA-D822-4A9F-B57B-CEF2EFC8252E}.Debug|iPhone.ActiveCfg = Debug|Any CPU
		{111991DA-D822-4A9F-B57B-CEF2EFC8252E}.Debug|iPhoneSimulator.ActiveCfg = Debug|Any CPU
		{111991DA-D822-4A9F-B57B-CEF2EFC8252E}.Debug|Mixed Platforms.ActiveCfg = Debug|Any CPU
		{111991DA-D822-4A9F-B57B-CEF2EFC8252E}.Debug|Mixed Platforms.Build.0 = Debug|Any CPU
		{111991DA-D822-4A9F-B57B-CEF2EFC8252E}.Debug|Mixed Platforms.Deploy.0 = Debug|Any CPU
		{111991DA-D822-4A9F-B57B-CEF2EFC8252E}.Debug|x64.ActiveCfg = Debug|Any CPU
		{111991DA-D822-4A9F-B57B-CEF2EFC8252E}.Debug|x64.Build.0 = Debug|Any CPU
		{111991DA-D822-4A9F-B57B-CEF2EFC8252E}.Debug|x64.Deploy.0 = Debug|Any CPU
		{111991DA-D822-4A9F-B57B-CEF2EFC8252E}.Debug|x86.ActiveCfg = Debug|Any CPU
		{111991DA-D822-4A9F-B57B-CEF2EFC8252E}.Release|Any CPU.ActiveCfg = Release|Any CPU
		{111991DA-D822-4A9F-B57B-CEF2EFC8252E}.Release|Any CPU.Build.0 = Release|Any CPU
		{111991DA-D822-4A9F-B57B-CEF2EFC8252E}.Release|Any CPU.Deploy.0 = Release|Any CPU
		{111991DA-D822-4A9F-B57B-CEF2EFC8252E}.Release|ARM.ActiveCfg = Release|Any CPU
		{111991DA-D822-4A9F-B57B-CEF2EFC8252E}.Release|iPhone.ActiveCfg = Release|Any CPU
		{111991DA-D822-4A9F-B57B-CEF2EFC8252E}.Release|iPhoneSimulator.ActiveCfg = Release|Any CPU
		{111991DA-D822-4A9F-B57B-CEF2EFC8252E}.Release|Mixed Platforms.ActiveCfg = Release|Any CPU
		{111991DA-D822-4A9F-B57B-CEF2EFC8252E}.Release|Mixed Platforms.Build.0 = Release|Any CPU
		{111991DA-D822-4A9F-B57B-CEF2EFC8252E}.Release|Mixed Platforms.Deploy.0 = Release|Any CPU
		{111991DA-D822-4A9F-B57B-CEF2EFC8252E}.Release|x64.ActiveCfg = Release|Any CPU
		{111991DA-D822-4A9F-B57B-CEF2EFC8252E}.Release|x64.Build.0 = Release|Any CPU
		{111991DA-D822-4A9F-B57B-CEF2EFC8252E}.Release|x64.Deploy.0 = Release|Any CPU
		{111991DA-D822-4A9F-B57B-CEF2EFC8252E}.Release|x86.ActiveCfg = Release|Any CPU
		{D1F45C28-A2B8-48A2-9D06-DAB9FA0BC85F}.Debug .NET Native|Any CPU.ActiveCfg = Release|iPhone
		{D1F45C28-A2B8-48A2-9D06-DAB9FA0BC85F}.Debug .NET Native|ARM.ActiveCfg = Release|iPhoneSimulator
		{D1F45C28-A2B8-48A2-9D06-DAB9FA0BC85F}.Debug .NET Native|iPhone.ActiveCfg = Release|iPhone
		{D1F45C28-A2B8-48A2-9D06-DAB9FA0BC85F}.Debug .NET Native|iPhone.Build.0 = Release|iPhone
		{D1F45C28-A2B8-48A2-9D06-DAB9FA0BC85F}.Debug .NET Native|iPhone.Deploy.0 = Release|iPhone
		{D1F45C28-A2B8-48A2-9D06-DAB9FA0BC85F}.Debug .NET Native|iPhoneSimulator.ActiveCfg = Release|iPhoneSimulator
		{D1F45C28-A2B8-48A2-9D06-DAB9FA0BC85F}.Debug .NET Native|iPhoneSimulator.Build.0 = Release|iPhoneSimulator
		{D1F45C28-A2B8-48A2-9D06-DAB9FA0BC85F}.Debug .NET Native|iPhoneSimulator.Deploy.0 = Release|iPhoneSimulator
		{D1F45C28-A2B8-48A2-9D06-DAB9FA0BC85F}.Debug .NET Native|Mixed Platforms.ActiveCfg = Release|iPhone
		{D1F45C28-A2B8-48A2-9D06-DAB9FA0BC85F}.Debug .NET Native|Mixed Platforms.Deploy.0 = Release|iPhone
		{D1F45C28-A2B8-48A2-9D06-DAB9FA0BC85F}.Debug .NET Native|x64.ActiveCfg = Release|iPhoneSimulator
		{D1F45C28-A2B8-48A2-9D06-DAB9FA0BC85F}.Debug .NET Native|x86.ActiveCfg = Release|iPhoneSimulator
		{D1F45C28-A2B8-48A2-9D06-DAB9FA0BC85F}.Debug|Any CPU.ActiveCfg = Debug|iPhone
		{D1F45C28-A2B8-48A2-9D06-DAB9FA0BC85F}.Debug|Any CPU.Build.0 = Debug|iPhone
		{D1F45C28-A2B8-48A2-9D06-DAB9FA0BC85F}.Debug|ARM.ActiveCfg = Debug|iPhoneSimulator
		{D1F45C28-A2B8-48A2-9D06-DAB9FA0BC85F}.Debug|iPhone.ActiveCfg = Debug|iPhone
		{D1F45C28-A2B8-48A2-9D06-DAB9FA0BC85F}.Debug|iPhone.Build.0 = Debug|iPhone
		{D1F45C28-A2B8-48A2-9D06-DAB9FA0BC85F}.Debug|iPhone.Deploy.0 = Debug|iPhone
		{D1F45C28-A2B8-48A2-9D06-DAB9FA0BC85F}.Debug|iPhoneSimulator.ActiveCfg = Debug|iPhoneSimulator
		{D1F45C28-A2B8-48A2-9D06-DAB9FA0BC85F}.Debug|iPhoneSimulator.Build.0 = Debug|iPhoneSimulator
		{D1F45C28-A2B8-48A2-9D06-DAB9FA0BC85F}.Debug|iPhoneSimulator.Deploy.0 = Debug|iPhoneSimulator
		{D1F45C28-A2B8-48A2-9D06-DAB9FA0BC85F}.Debug|Mixed Platforms.ActiveCfg = Debug|iPhoneSimulator
		{D1F45C28-A2B8-48A2-9D06-DAB9FA0BC85F}.Debug|Mixed Platforms.Build.0 = Debug|iPhoneSimulator
		{D1F45C28-A2B8-48A2-9D06-DAB9FA0BC85F}.Debug|Mixed Platforms.Deploy.0 = Debug|iPhoneSimulator
		{D1F45C28-A2B8-48A2-9D06-DAB9FA0BC85F}.Debug|x64.ActiveCfg = Debug|iPhoneSimulator
		{D1F45C28-A2B8-48A2-9D06-DAB9FA0BC85F}.Debug|x86.ActiveCfg = Debug|iPhoneSimulator
		{D1F45C28-A2B8-48A2-9D06-DAB9FA0BC85F}.Release|Any CPU.ActiveCfg = Release|iPhone
		{D1F45C28-A2B8-48A2-9D06-DAB9FA0BC85F}.Release|ARM.ActiveCfg = Release|iPhoneSimulator
		{D1F45C28-A2B8-48A2-9D06-DAB9FA0BC85F}.Release|iPhone.ActiveCfg = Release|iPhone
		{D1F45C28-A2B8-48A2-9D06-DAB9FA0BC85F}.Release|iPhone.Build.0 = Release|iPhone
		{D1F45C28-A2B8-48A2-9D06-DAB9FA0BC85F}.Release|iPhone.Deploy.0 = Release|iPhone
		{D1F45C28-A2B8-48A2-9D06-DAB9FA0BC85F}.Release|iPhoneSimulator.ActiveCfg = Release|iPhoneSimulator
		{D1F45C28-A2B8-48A2-9D06-DAB9FA0BC85F}.Release|iPhoneSimulator.Build.0 = Release|iPhoneSimulator
		{D1F45C28-A2B8-48A2-9D06-DAB9FA0BC85F}.Release|iPhoneSimulator.Deploy.0 = Release|iPhoneSimulator
		{D1F45C28-A2B8-48A2-9D06-DAB9FA0BC85F}.Release|Mixed Platforms.ActiveCfg = Release|iPhone
		{D1F45C28-A2B8-48A2-9D06-DAB9FA0BC85F}.Release|Mixed Platforms.Build.0 = Release|iPhone
		{D1F45C28-A2B8-48A2-9D06-DAB9FA0BC85F}.Release|Mixed Platforms.Deploy.0 = Release|iPhone
		{D1F45C28-A2B8-48A2-9D06-DAB9FA0BC85F}.Release|x64.ActiveCfg = Release|iPhoneSimulator
		{D1F45C28-A2B8-48A2-9D06-DAB9FA0BC85F}.Release|x86.ActiveCfg = Release|iPhoneSimulator
		{8825644E-D597-49CD-8A4D-97128CCDEBEB}.Debug .NET Native|Any CPU.ActiveCfg = Release|Any CPU
		{8825644E-D597-49CD-8A4D-97128CCDEBEB}.Debug .NET Native|Any CPU.Build.0 = Release|Any CPU
		{8825644E-D597-49CD-8A4D-97128CCDEBEB}.Debug .NET Native|ARM.ActiveCfg = Release|ARM
		{8825644E-D597-49CD-8A4D-97128CCDEBEB}.Debug .NET Native|ARM.Build.0 = Release|ARM
		{8825644E-D597-49CD-8A4D-97128CCDEBEB}.Debug .NET Native|iPhone.ActiveCfg = Release|Any CPU
		{8825644E-D597-49CD-8A4D-97128CCDEBEB}.Debug .NET Native|iPhoneSimulator.ActiveCfg = Release|Any CPU
		{8825644E-D597-49CD-8A4D-97128CCDEBEB}.Debug .NET Native|Mixed Platforms.ActiveCfg = Release|Any CPU
		{8825644E-D597-49CD-8A4D-97128CCDEBEB}.Debug .NET Native|x64.ActiveCfg = Release|Any CPU
		{8825644E-D597-49CD-8A4D-97128CCDEBEB}.Debug .NET Native|x64.Build.0 = Release|Any CPU
		{8825644E-D597-49CD-8A4D-97128CCDEBEB}.Debug .NET Native|x86.ActiveCfg = Release|x86
		{8825644E-D597-49CD-8A4D-97128CCDEBEB}.Debug .NET Native|x86.Build.0 = Release|x86
		{8825644E-D597-49CD-8A4D-97128CCDEBEB}.Debug|Any CPU.ActiveCfg = Debug|Any CPU
		{8825644E-D597-49CD-8A4D-97128CCDEBEB}.Debug|Any CPU.Build.0 = Debug|Any CPU
		{8825644E-D597-49CD-8A4D-97128CCDEBEB}.Debug|ARM.ActiveCfg = Debug|ARM
		{8825644E-D597-49CD-8A4D-97128CCDEBEB}.Debug|ARM.Build.0 = Debug|ARM
		{8825644E-D597-49CD-8A4D-97128CCDEBEB}.Debug|iPhone.ActiveCfg = Debug|Any CPU
		{8825644E-D597-49CD-8A4D-97128CCDEBEB}.Debug|iPhoneSimulator.ActiveCfg = Debug|Any CPU
		{8825644E-D597-49CD-8A4D-97128CCDEBEB}.Debug|Mixed Platforms.ActiveCfg = Debug|Any CPU
		{8825644E-D597-49CD-8A4D-97128CCDEBEB}.Debug|Mixed Platforms.Build.0 = Debug|Any CPU
		{8825644E-D597-49CD-8A4D-97128CCDEBEB}.Debug|x64.ActiveCfg = Debug|Any CPU
		{8825644E-D597-49CD-8A4D-97128CCDEBEB}.Debug|x64.Build.0 = Debug|Any CPU
		{8825644E-D597-49CD-8A4D-97128CCDEBEB}.Debug|x86.ActiveCfg = Debug|x86
		{8825644E-D597-49CD-8A4D-97128CCDEBEB}.Debug|x86.Build.0 = Debug|x86
		{8825644E-D597-49CD-8A4D-97128CCDEBEB}.Release|Any CPU.ActiveCfg = Release|Any CPU
		{8825644E-D597-49CD-8A4D-97128CCDEBEB}.Release|Any CPU.Build.0 = Release|Any CPU
		{8825644E-D597-49CD-8A4D-97128CCDEBEB}.Release|ARM.ActiveCfg = Release|ARM
		{8825644E-D597-49CD-8A4D-97128CCDEBEB}.Release|ARM.Build.0 = Release|ARM
		{8825644E-D597-49CD-8A4D-97128CCDEBEB}.Release|iPhone.ActiveCfg = Release|Any CPU
		{8825644E-D597-49CD-8A4D-97128CCDEBEB}.Release|iPhoneSimulator.ActiveCfg = Release|Any CPU
		{8825644E-D597-49CD-8A4D-97128CCDEBEB}.Release|Mixed Platforms.ActiveCfg = Release|Any CPU
		{8825644E-D597-49CD-8A4D-97128CCDEBEB}.Release|Mixed Platforms.Build.0 = Release|Any CPU
		{8825644E-D597-49CD-8A4D-97128CCDEBEB}.Release|x64.ActiveCfg = Release|Any CPU
		{8825644E-D597-49CD-8A4D-97128CCDEBEB}.Release|x64.Build.0 = Release|Any CPU
		{8825644E-D597-49CD-8A4D-97128CCDEBEB}.Release|x86.ActiveCfg = Release|x86
		{8825644E-D597-49CD-8A4D-97128CCDEBEB}.Release|x86.Build.0 = Release|x86
		{95735974-02B8-4021-9241-175558CB1150}.Debug .NET Native|Any CPU.ActiveCfg = Release|Any CPU
		{95735974-02B8-4021-9241-175558CB1150}.Debug .NET Native|Any CPU.Build.0 = Release|Any CPU
		{95735974-02B8-4021-9241-175558CB1150}.Debug .NET Native|Any CPU.Deploy.0 = Release|Any CPU
		{95735974-02B8-4021-9241-175558CB1150}.Debug .NET Native|ARM.ActiveCfg = Release|ARM
		{95735974-02B8-4021-9241-175558CB1150}.Debug .NET Native|ARM.Build.0 = Release|ARM
		{95735974-02B8-4021-9241-175558CB1150}.Debug .NET Native|ARM.Deploy.0 = Release|ARM
		{95735974-02B8-4021-9241-175558CB1150}.Debug .NET Native|iPhone.ActiveCfg = Release|Any CPU
		{95735974-02B8-4021-9241-175558CB1150}.Debug .NET Native|iPhoneSimulator.ActiveCfg = Release|Any CPU
		{95735974-02B8-4021-9241-175558CB1150}.Debug .NET Native|Mixed Platforms.ActiveCfg = Release|Any CPU
		{95735974-02B8-4021-9241-175558CB1150}.Debug .NET Native|x64.ActiveCfg = Release|Any CPU
		{95735974-02B8-4021-9241-175558CB1150}.Debug .NET Native|x64.Build.0 = Release|Any CPU
		{95735974-02B8-4021-9241-175558CB1150}.Debug .NET Native|x64.Deploy.0 = Release|Any CPU
		{95735974-02B8-4021-9241-175558CB1150}.Debug .NET Native|x86.ActiveCfg = Release|x86
		{95735974-02B8-4021-9241-175558CB1150}.Debug .NET Native|x86.Build.0 = Release|x86
		{95735974-02B8-4021-9241-175558CB1150}.Debug .NET Native|x86.Deploy.0 = Release|x86
		{95735974-02B8-4021-9241-175558CB1150}.Debug|Any CPU.ActiveCfg = Debug|Any CPU
		{95735974-02B8-4021-9241-175558CB1150}.Debug|Any CPU.Build.0 = Debug|Any CPU
		{95735974-02B8-4021-9241-175558CB1150}.Debug|Any CPU.Deploy.0 = Debug|Any CPU
		{95735974-02B8-4021-9241-175558CB1150}.Debug|ARM.ActiveCfg = Debug|ARM
		{95735974-02B8-4021-9241-175558CB1150}.Debug|ARM.Build.0 = Debug|ARM
		{95735974-02B8-4021-9241-175558CB1150}.Debug|ARM.Deploy.0 = Debug|ARM
		{95735974-02B8-4021-9241-175558CB1150}.Debug|iPhone.ActiveCfg = Debug|Any CPU
		{95735974-02B8-4021-9241-175558CB1150}.Debug|iPhoneSimulator.ActiveCfg = Debug|Any CPU
		{95735974-02B8-4021-9241-175558CB1150}.Debug|Mixed Platforms.ActiveCfg = Debug|Any CPU
		{95735974-02B8-4021-9241-175558CB1150}.Debug|Mixed Platforms.Build.0 = Debug|Any CPU
		{95735974-02B8-4021-9241-175558CB1150}.Debug|Mixed Platforms.Deploy.0 = Debug|Any CPU
		{95735974-02B8-4021-9241-175558CB1150}.Debug|x64.ActiveCfg = Debug|Any CPU
		{95735974-02B8-4021-9241-175558CB1150}.Debug|x64.Build.0 = Debug|Any CPU
		{95735974-02B8-4021-9241-175558CB1150}.Debug|x64.Deploy.0 = Debug|Any CPU
		{95735974-02B8-4021-9241-175558CB1150}.Debug|x86.ActiveCfg = Debug|x86
		{95735974-02B8-4021-9241-175558CB1150}.Debug|x86.Build.0 = Debug|x86
		{95735974-02B8-4021-9241-175558CB1150}.Debug|x86.Deploy.0 = Debug|x86
		{95735974-02B8-4021-9241-175558CB1150}.Release|Any CPU.ActiveCfg = Release|Any CPU
		{95735974-02B8-4021-9241-175558CB1150}.Release|Any CPU.Build.0 = Release|Any CPU
		{95735974-02B8-4021-9241-175558CB1150}.Release|Any CPU.Deploy.0 = Release|Any CPU
		{95735974-02B8-4021-9241-175558CB1150}.Release|ARM.ActiveCfg = Release|ARM
		{95735974-02B8-4021-9241-175558CB1150}.Release|ARM.Build.0 = Release|ARM
		{95735974-02B8-4021-9241-175558CB1150}.Release|ARM.Deploy.0 = Release|ARM
		{95735974-02B8-4021-9241-175558CB1150}.Release|iPhone.ActiveCfg = Release|Any CPU
		{95735974-02B8-4021-9241-175558CB1150}.Release|iPhoneSimulator.ActiveCfg = Release|Any CPU
		{95735974-02B8-4021-9241-175558CB1150}.Release|Mixed Platforms.ActiveCfg = Release|Any CPU
		{95735974-02B8-4021-9241-175558CB1150}.Release|Mixed Platforms.Build.0 = Release|Any CPU
		{95735974-02B8-4021-9241-175558CB1150}.Release|Mixed Platforms.Deploy.0 = Release|Any CPU
		{95735974-02B8-4021-9241-175558CB1150}.Release|x64.ActiveCfg = Release|Any CPU
		{95735974-02B8-4021-9241-175558CB1150}.Release|x64.Build.0 = Release|Any CPU
		{95735974-02B8-4021-9241-175558CB1150}.Release|x64.Deploy.0 = Release|Any CPU
		{95735974-02B8-4021-9241-175558CB1150}.Release|x86.ActiveCfg = Release|x86
		{95735974-02B8-4021-9241-175558CB1150}.Release|x86.Build.0 = Release|x86
		{95735974-02B8-4021-9241-175558CB1150}.Release|x86.Deploy.0 = Release|x86
		{875AC482-ABEF-4978-80B7-16BB0EB62E58}.Debug .NET Native|Any CPU.ActiveCfg = Release|iPhone
		{875AC482-ABEF-4978-80B7-16BB0EB62E58}.Debug .NET Native|ARM.ActiveCfg = Release|iPhone
		{875AC482-ABEF-4978-80B7-16BB0EB62E58}.Debug .NET Native|iPhone.ActiveCfg = Release|iPhone
		{875AC482-ABEF-4978-80B7-16BB0EB62E58}.Debug .NET Native|iPhone.Build.0 = Release|iPhone
		{875AC482-ABEF-4978-80B7-16BB0EB62E58}.Debug .NET Native|iPhoneSimulator.ActiveCfg = Release|iPhoneSimulator
		{875AC482-ABEF-4978-80B7-16BB0EB62E58}.Debug .NET Native|iPhoneSimulator.Build.0 = Release|iPhoneSimulator
		{875AC482-ABEF-4978-80B7-16BB0EB62E58}.Debug .NET Native|Mixed Platforms.ActiveCfg = Release|iPhone
		{875AC482-ABEF-4978-80B7-16BB0EB62E58}.Debug .NET Native|x64.ActiveCfg = Release|iPhoneSimulator
		{875AC482-ABEF-4978-80B7-16BB0EB62E58}.Debug .NET Native|x86.ActiveCfg = Release|iPhone
		{875AC482-ABEF-4978-80B7-16BB0EB62E58}.Debug|Any CPU.ActiveCfg = Debug|iPhone
		{875AC482-ABEF-4978-80B7-16BB0EB62E58}.Debug|ARM.ActiveCfg = Debug|iPhone
		{875AC482-ABEF-4978-80B7-16BB0EB62E58}.Debug|iPhone.ActiveCfg = Debug|iPhone
		{875AC482-ABEF-4978-80B7-16BB0EB62E58}.Debug|iPhone.Build.0 = Debug|iPhone
		{875AC482-ABEF-4978-80B7-16BB0EB62E58}.Debug|iPhoneSimulator.ActiveCfg = Debug|iPhoneSimulator
		{875AC482-ABEF-4978-80B7-16BB0EB62E58}.Debug|iPhoneSimulator.Build.0 = Debug|iPhoneSimulator
		{875AC482-ABEF-4978-80B7-16BB0EB62E58}.Debug|Mixed Platforms.ActiveCfg = Debug|iPhone
		{875AC482-ABEF-4978-80B7-16BB0EB62E58}.Debug|x64.ActiveCfg = Debug|iPhoneSimulator
		{875AC482-ABEF-4978-80B7-16BB0EB62E58}.Debug|x86.ActiveCfg = Debug|iPhone
		{875AC482-ABEF-4978-80B7-16BB0EB62E58}.Release|Any CPU.ActiveCfg = Release|iPhone
		{875AC482-ABEF-4978-80B7-16BB0EB62E58}.Release|ARM.ActiveCfg = Release|iPhone
		{875AC482-ABEF-4978-80B7-16BB0EB62E58}.Release|iPhone.ActiveCfg = Release|iPhone
		{875AC482-ABEF-4978-80B7-16BB0EB62E58}.Release|iPhone.Build.0 = Release|iPhone
		{875AC482-ABEF-4978-80B7-16BB0EB62E58}.Release|iPhoneSimulator.ActiveCfg = Release|iPhoneSimulator
		{875AC482-ABEF-4978-80B7-16BB0EB62E58}.Release|iPhoneSimulator.Build.0 = Release|iPhoneSimulator
		{875AC482-ABEF-4978-80B7-16BB0EB62E58}.Release|Mixed Platforms.ActiveCfg = Release|iPhone
		{875AC482-ABEF-4978-80B7-16BB0EB62E58}.Release|Mixed Platforms.Build.0 = Release|iPhone
		{875AC482-ABEF-4978-80B7-16BB0EB62E58}.Release|x64.ActiveCfg = Release|iPhoneSimulator
		{875AC482-ABEF-4978-80B7-16BB0EB62E58}.Release|x86.ActiveCfg = Release|iPhone
		{3133B3C8-08E5-435D-84AE-0BA775FF10A7}.Debug .NET Native|Any CPU.ActiveCfg = Release|Any CPU
		{3133B3C8-08E5-435D-84AE-0BA775FF10A7}.Debug .NET Native|Any CPU.Build.0 = Release|Any CPU
		{3133B3C8-08E5-435D-84AE-0BA775FF10A7}.Debug .NET Native|ARM.ActiveCfg = Release|Any CPU
		{3133B3C8-08E5-435D-84AE-0BA775FF10A7}.Debug .NET Native|ARM.Build.0 = Release|Any CPU
		{3133B3C8-08E5-435D-84AE-0BA775FF10A7}.Debug .NET Native|iPhone.ActiveCfg = Release|Any CPU
		{3133B3C8-08E5-435D-84AE-0BA775FF10A7}.Debug .NET Native|iPhone.Build.0 = Release|Any CPU
		{3133B3C8-08E5-435D-84AE-0BA775FF10A7}.Debug .NET Native|iPhoneSimulator.ActiveCfg = Release|Any CPU
		{3133B3C8-08E5-435D-84AE-0BA775FF10A7}.Debug .NET Native|iPhoneSimulator.Build.0 = Release|Any CPU
		{3133B3C8-08E5-435D-84AE-0BA775FF10A7}.Debug .NET Native|Mixed Platforms.ActiveCfg = Release|Any CPU
		{3133B3C8-08E5-435D-84AE-0BA775FF10A7}.Debug .NET Native|x64.ActiveCfg = Release|Any CPU
		{3133B3C8-08E5-435D-84AE-0BA775FF10A7}.Debug .NET Native|x64.Build.0 = Release|Any CPU
		{3133B3C8-08E5-435D-84AE-0BA775FF10A7}.Debug .NET Native|x86.ActiveCfg = Release|Any CPU
		{3133B3C8-08E5-435D-84AE-0BA775FF10A7}.Debug .NET Native|x86.Build.0 = Release|Any CPU
		{3133B3C8-08E5-435D-84AE-0BA775FF10A7}.Debug|Any CPU.ActiveCfg = Debug|Any CPU
		{3133B3C8-08E5-435D-84AE-0BA775FF10A7}.Debug|Any CPU.Build.0 = Debug|Any CPU
		{3133B3C8-08E5-435D-84AE-0BA775FF10A7}.Debug|ARM.ActiveCfg = Debug|Any CPU
		{3133B3C8-08E5-435D-84AE-0BA775FF10A7}.Debug|ARM.Build.0 = Debug|Any CPU
		{3133B3C8-08E5-435D-84AE-0BA775FF10A7}.Debug|iPhone.ActiveCfg = Debug|Any CPU
		{3133B3C8-08E5-435D-84AE-0BA775FF10A7}.Debug|iPhone.Build.0 = Debug|Any CPU
		{3133B3C8-08E5-435D-84AE-0BA775FF10A7}.Debug|iPhoneSimulator.ActiveCfg = Debug|Any CPU
		{3133B3C8-08E5-435D-84AE-0BA775FF10A7}.Debug|iPhoneSimulator.Build.0 = Debug|Any CPU
		{3133B3C8-08E5-435D-84AE-0BA775FF10A7}.Debug|Mixed Platforms.ActiveCfg = Debug|Any CPU
		{3133B3C8-08E5-435D-84AE-0BA775FF10A7}.Debug|Mixed Platforms.Build.0 = Debug|Any CPU
		{3133B3C8-08E5-435D-84AE-0BA775FF10A7}.Debug|x64.ActiveCfg = Debug|Any CPU
		{3133B3C8-08E5-435D-84AE-0BA775FF10A7}.Debug|x64.Build.0 = Debug|Any CPU
		{3133B3C8-08E5-435D-84AE-0BA775FF10A7}.Debug|x86.ActiveCfg = Debug|Any CPU
		{3133B3C8-08E5-435D-84AE-0BA775FF10A7}.Debug|x86.Build.0 = Debug|Any CPU
		{3133B3C8-08E5-435D-84AE-0BA775FF10A7}.Release|Any CPU.ActiveCfg = Release|Any CPU
		{3133B3C8-08E5-435D-84AE-0BA775FF10A7}.Release|Any CPU.Build.0 = Release|Any CPU
		{3133B3C8-08E5-435D-84AE-0BA775FF10A7}.Release|ARM.ActiveCfg = Release|Any CPU
		{3133B3C8-08E5-435D-84AE-0BA775FF10A7}.Release|ARM.Build.0 = Release|Any CPU
		{3133B3C8-08E5-435D-84AE-0BA775FF10A7}.Release|iPhone.ActiveCfg = Release|Any CPU
		{3133B3C8-08E5-435D-84AE-0BA775FF10A7}.Release|iPhone.Build.0 = Release|Any CPU
		{3133B3C8-08E5-435D-84AE-0BA775FF10A7}.Release|iPhoneSimulator.ActiveCfg = Release|Any CPU
		{3133B3C8-08E5-435D-84AE-0BA775FF10A7}.Release|iPhoneSimulator.Build.0 = Release|Any CPU
		{3133B3C8-08E5-435D-84AE-0BA775FF10A7}.Release|Mixed Platforms.ActiveCfg = Release|Any CPU
		{3133B3C8-08E5-435D-84AE-0BA775FF10A7}.Release|Mixed Platforms.Build.0 = Release|Any CPU
		{3133B3C8-08E5-435D-84AE-0BA775FF10A7}.Release|x64.ActiveCfg = Release|Any CPU
		{3133B3C8-08E5-435D-84AE-0BA775FF10A7}.Release|x64.Build.0 = Release|Any CPU
		{3133B3C8-08E5-435D-84AE-0BA775FF10A7}.Release|x86.ActiveCfg = Release|Any CPU
		{3133B3C8-08E5-435D-84AE-0BA775FF10A7}.Release|x86.Build.0 = Release|Any CPU
		{2B12073E-4618-4D2D-BF9B-6B12A063FDB2}.Debug .NET Native|Any CPU.ActiveCfg = Release|iPhone
		{2B12073E-4618-4D2D-BF9B-6B12A063FDB2}.Debug .NET Native|ARM.ActiveCfg = Release|iPhone
		{2B12073E-4618-4D2D-BF9B-6B12A063FDB2}.Debug .NET Native|iPhone.ActiveCfg = Release|iPhone
		{2B12073E-4618-4D2D-BF9B-6B12A063FDB2}.Debug .NET Native|iPhone.Build.0 = Release|iPhone
		{2B12073E-4618-4D2D-BF9B-6B12A063FDB2}.Debug .NET Native|iPhoneSimulator.ActiveCfg = Release|iPhoneSimulator
		{2B12073E-4618-4D2D-BF9B-6B12A063FDB2}.Debug .NET Native|iPhoneSimulator.Build.0 = Release|iPhoneSimulator
		{2B12073E-4618-4D2D-BF9B-6B12A063FDB2}.Debug .NET Native|Mixed Platforms.ActiveCfg = Release|iPhone
		{2B12073E-4618-4D2D-BF9B-6B12A063FDB2}.Debug .NET Native|x64.ActiveCfg = Release|iPhoneSimulator
		{2B12073E-4618-4D2D-BF9B-6B12A063FDB2}.Debug .NET Native|x86.ActiveCfg = Release|iPhone
		{2B12073E-4618-4D2D-BF9B-6B12A063FDB2}.Debug|Any CPU.ActiveCfg = Debug|iPhone
		{2B12073E-4618-4D2D-BF9B-6B12A063FDB2}.Debug|ARM.ActiveCfg = Debug|iPhone
		{2B12073E-4618-4D2D-BF9B-6B12A063FDB2}.Debug|iPhone.ActiveCfg = Debug|iPhone
		{2B12073E-4618-4D2D-BF9B-6B12A063FDB2}.Debug|iPhone.Build.0 = Debug|iPhone
		{2B12073E-4618-4D2D-BF9B-6B12A063FDB2}.Debug|iPhoneSimulator.ActiveCfg = Debug|iPhoneSimulator
		{2B12073E-4618-4D2D-BF9B-6B12A063FDB2}.Debug|iPhoneSimulator.Build.0 = Debug|iPhoneSimulator
		{2B12073E-4618-4D2D-BF9B-6B12A063FDB2}.Debug|Mixed Platforms.ActiveCfg = Debug|iPhoneSimulator
		{2B12073E-4618-4D2D-BF9B-6B12A063FDB2}.Debug|Mixed Platforms.Build.0 = Debug|iPhoneSimulator
		{2B12073E-4618-4D2D-BF9B-6B12A063FDB2}.Debug|x64.ActiveCfg = Debug|iPhoneSimulator
		{2B12073E-4618-4D2D-BF9B-6B12A063FDB2}.Debug|x86.ActiveCfg = Debug|iPhone
		{2B12073E-4618-4D2D-BF9B-6B12A063FDB2}.Release|Any CPU.ActiveCfg = Release|iPhone
		{2B12073E-4618-4D2D-BF9B-6B12A063FDB2}.Release|ARM.ActiveCfg = Release|iPhone
		{2B12073E-4618-4D2D-BF9B-6B12A063FDB2}.Release|iPhone.ActiveCfg = Release|iPhone
		{2B12073E-4618-4D2D-BF9B-6B12A063FDB2}.Release|iPhone.Build.0 = Release|iPhone
		{2B12073E-4618-4D2D-BF9B-6B12A063FDB2}.Release|iPhoneSimulator.ActiveCfg = Release|iPhoneSimulator
		{2B12073E-4618-4D2D-BF9B-6B12A063FDB2}.Release|iPhoneSimulator.Build.0 = Release|iPhoneSimulator
		{2B12073E-4618-4D2D-BF9B-6B12A063FDB2}.Release|Mixed Platforms.ActiveCfg = Release|iPhone
		{2B12073E-4618-4D2D-BF9B-6B12A063FDB2}.Release|Mixed Platforms.Build.0 = Release|iPhone
		{2B12073E-4618-4D2D-BF9B-6B12A063FDB2}.Release|x64.ActiveCfg = Release|iPhoneSimulator
		{2B12073E-4618-4D2D-BF9B-6B12A063FDB2}.Release|x86.ActiveCfg = Release|iPhone
		{B4C6EEB4-541F-4887-A2E0-BB9513F3988E}.Debug .NET Native|Any CPU.ActiveCfg = Release|x86
		{B4C6EEB4-541F-4887-A2E0-BB9513F3988E}.Debug .NET Native|Any CPU.Build.0 = Release|x86
		{B4C6EEB4-541F-4887-A2E0-BB9513F3988E}.Debug .NET Native|ARM.ActiveCfg = Release|ARM
		{B4C6EEB4-541F-4887-A2E0-BB9513F3988E}.Debug .NET Native|ARM.Build.0 = Release|ARM
		{B4C6EEB4-541F-4887-A2E0-BB9513F3988E}.Debug .NET Native|ARM.Deploy.0 = Release|ARM
		{B4C6EEB4-541F-4887-A2E0-BB9513F3988E}.Debug .NET Native|iPhone.ActiveCfg = Release|x86
		{B4C6EEB4-541F-4887-A2E0-BB9513F3988E}.Debug .NET Native|iPhoneSimulator.ActiveCfg = Release|x86
		{B4C6EEB4-541F-4887-A2E0-BB9513F3988E}.Debug .NET Native|Mixed Platforms.ActiveCfg = Release|x86
		{B4C6EEB4-541F-4887-A2E0-BB9513F3988E}.Debug .NET Native|x64.ActiveCfg = Release|x86
		{B4C6EEB4-541F-4887-A2E0-BB9513F3988E}.Debug .NET Native|x86.ActiveCfg = Release|x86
		{B4C6EEB4-541F-4887-A2E0-BB9513F3988E}.Debug .NET Native|x86.Build.0 = Release|x86
		{B4C6EEB4-541F-4887-A2E0-BB9513F3988E}.Debug .NET Native|x86.Deploy.0 = Release|x86
		{B4C6EEB4-541F-4887-A2E0-BB9513F3988E}.Debug|Any CPU.ActiveCfg = Debug|x86
		{B4C6EEB4-541F-4887-A2E0-BB9513F3988E}.Debug|ARM.ActiveCfg = Debug|ARM
		{B4C6EEB4-541F-4887-A2E0-BB9513F3988E}.Debug|ARM.Build.0 = Debug|ARM
		{B4C6EEB4-541F-4887-A2E0-BB9513F3988E}.Debug|ARM.Deploy.0 = Debug|ARM
		{B4C6EEB4-541F-4887-A2E0-BB9513F3988E}.Debug|iPhone.ActiveCfg = Debug|x86
		{B4C6EEB4-541F-4887-A2E0-BB9513F3988E}.Debug|iPhoneSimulator.ActiveCfg = Debug|x86
		{B4C6EEB4-541F-4887-A2E0-BB9513F3988E}.Debug|Mixed Platforms.ActiveCfg = Debug|x86
		{B4C6EEB4-541F-4887-A2E0-BB9513F3988E}.Debug|Mixed Platforms.Deploy.0 = Debug|x86
		{B4C6EEB4-541F-4887-A2E0-BB9513F3988E}.Debug|x64.ActiveCfg = Debug|x86
		{B4C6EEB4-541F-4887-A2E0-BB9513F3988E}.Debug|x86.ActiveCfg = Debug|x86
		{B4C6EEB4-541F-4887-A2E0-BB9513F3988E}.Debug|x86.Build.0 = Debug|x86
		{B4C6EEB4-541F-4887-A2E0-BB9513F3988E}.Debug|x86.Deploy.0 = Debug|x86
		{B4C6EEB4-541F-4887-A2E0-BB9513F3988E}.Release|Any CPU.ActiveCfg = Release|x86
		{B4C6EEB4-541F-4887-A2E0-BB9513F3988E}.Release|ARM.ActiveCfg = Release|ARM
		{B4C6EEB4-541F-4887-A2E0-BB9513F3988E}.Release|ARM.Build.0 = Release|ARM
		{B4C6EEB4-541F-4887-A2E0-BB9513F3988E}.Release|ARM.Deploy.0 = Release|ARM
		{B4C6EEB4-541F-4887-A2E0-BB9513F3988E}.Release|iPhone.ActiveCfg = Release|x86
		{B4C6EEB4-541F-4887-A2E0-BB9513F3988E}.Release|iPhoneSimulator.ActiveCfg = Release|x86
		{B4C6EEB4-541F-4887-A2E0-BB9513F3988E}.Release|Mixed Platforms.ActiveCfg = Release|x86
		{B4C6EEB4-541F-4887-A2E0-BB9513F3988E}.Release|Mixed Platforms.Build.0 = Release|x86
		{B4C6EEB4-541F-4887-A2E0-BB9513F3988E}.Release|x64.ActiveCfg = Release|x86
		{B4C6EEB4-541F-4887-A2E0-BB9513F3988E}.Release|x86.ActiveCfg = Release|x86
		{B4C6EEB4-541F-4887-A2E0-BB9513F3988E}.Release|x86.Build.0 = Release|x86
		{B4C6EEB4-541F-4887-A2E0-BB9513F3988E}.Release|x86.Deploy.0 = Release|x86
		{174CBDFD-E227-4665-BC01-B01BDA0D31C7}.Debug .NET Native|Any CPU.ActiveCfg = Release|Any CPU
		{174CBDFD-E227-4665-BC01-B01BDA0D31C7}.Debug .NET Native|Any CPU.Build.0 = Release|Any CPU
		{174CBDFD-E227-4665-BC01-B01BDA0D31C7}.Debug .NET Native|Any CPU.Deploy.0 = Release|Any CPU
		{174CBDFD-E227-4665-BC01-B01BDA0D31C7}.Debug .NET Native|ARM.ActiveCfg = Release|ARM
		{174CBDFD-E227-4665-BC01-B01BDA0D31C7}.Debug .NET Native|ARM.Build.0 = Release|ARM
		{174CBDFD-E227-4665-BC01-B01BDA0D31C7}.Debug .NET Native|ARM.Deploy.0 = Release|ARM
		{174CBDFD-E227-4665-BC01-B01BDA0D31C7}.Debug .NET Native|iPhone.ActiveCfg = Release|Any CPU
		{174CBDFD-E227-4665-BC01-B01BDA0D31C7}.Debug .NET Native|iPhone.Build.0 = Release|Any CPU
		{174CBDFD-E227-4665-BC01-B01BDA0D31C7}.Debug .NET Native|iPhone.Deploy.0 = Release|Any CPU
		{174CBDFD-E227-4665-BC01-B01BDA0D31C7}.Debug .NET Native|iPhoneSimulator.ActiveCfg = Release|Any CPU
		{174CBDFD-E227-4665-BC01-B01BDA0D31C7}.Debug .NET Native|iPhoneSimulator.Build.0 = Release|Any CPU
		{174CBDFD-E227-4665-BC01-B01BDA0D31C7}.Debug .NET Native|iPhoneSimulator.Deploy.0 = Release|Any CPU
		{174CBDFD-E227-4665-BC01-B01BDA0D31C7}.Debug .NET Native|Mixed Platforms.ActiveCfg = Release|Any CPU
		{174CBDFD-E227-4665-BC01-B01BDA0D31C7}.Debug .NET Native|x64.ActiveCfg = Release|x64
		{174CBDFD-E227-4665-BC01-B01BDA0D31C7}.Debug .NET Native|x64.Build.0 = Release|x64
		{174CBDFD-E227-4665-BC01-B01BDA0D31C7}.Debug .NET Native|x64.Deploy.0 = Release|x64
		{174CBDFD-E227-4665-BC01-B01BDA0D31C7}.Debug .NET Native|x86.ActiveCfg = Release|x86
		{174CBDFD-E227-4665-BC01-B01BDA0D31C7}.Debug .NET Native|x86.Build.0 = Release|x86
		{174CBDFD-E227-4665-BC01-B01BDA0D31C7}.Debug .NET Native|x86.Deploy.0 = Release|x86
		{174CBDFD-E227-4665-BC01-B01BDA0D31C7}.Debug|Any CPU.ActiveCfg = Debug|Any CPU
		{174CBDFD-E227-4665-BC01-B01BDA0D31C7}.Debug|Any CPU.Build.0 = Debug|Any CPU
		{174CBDFD-E227-4665-BC01-B01BDA0D31C7}.Debug|Any CPU.Deploy.0 = Debug|Any CPU
		{174CBDFD-E227-4665-BC01-B01BDA0D31C7}.Debug|ARM.ActiveCfg = Debug|ARM
		{174CBDFD-E227-4665-BC01-B01BDA0D31C7}.Debug|ARM.Build.0 = Debug|ARM
		{174CBDFD-E227-4665-BC01-B01BDA0D31C7}.Debug|ARM.Deploy.0 = Debug|ARM
		{174CBDFD-E227-4665-BC01-B01BDA0D31C7}.Debug|iPhone.ActiveCfg = Debug|Any CPU
		{174CBDFD-E227-4665-BC01-B01BDA0D31C7}.Debug|iPhone.Build.0 = Debug|Any CPU
		{174CBDFD-E227-4665-BC01-B01BDA0D31C7}.Debug|iPhone.Deploy.0 = Debug|Any CPU
		{174CBDFD-E227-4665-BC01-B01BDA0D31C7}.Debug|iPhoneSimulator.ActiveCfg = Debug|Any CPU
		{174CBDFD-E227-4665-BC01-B01BDA0D31C7}.Debug|iPhoneSimulator.Build.0 = Debug|Any CPU
		{174CBDFD-E227-4665-BC01-B01BDA0D31C7}.Debug|iPhoneSimulator.Deploy.0 = Debug|Any CPU
		{174CBDFD-E227-4665-BC01-B01BDA0D31C7}.Debug|Mixed Platforms.ActiveCfg = Debug|Any CPU
		{174CBDFD-E227-4665-BC01-B01BDA0D31C7}.Debug|Mixed Platforms.Build.0 = Debug|Any CPU
		{174CBDFD-E227-4665-BC01-B01BDA0D31C7}.Debug|Mixed Platforms.Deploy.0 = Debug|Any CPU
		{174CBDFD-E227-4665-BC01-B01BDA0D31C7}.Debug|x64.ActiveCfg = Debug|x64
		{174CBDFD-E227-4665-BC01-B01BDA0D31C7}.Debug|x64.Build.0 = Debug|x64
		{174CBDFD-E227-4665-BC01-B01BDA0D31C7}.Debug|x64.Deploy.0 = Debug|x64
		{174CBDFD-E227-4665-BC01-B01BDA0D31C7}.Debug|x86.ActiveCfg = Debug|x86
		{174CBDFD-E227-4665-BC01-B01BDA0D31C7}.Debug|x86.Build.0 = Debug|x86
		{174CBDFD-E227-4665-BC01-B01BDA0D31C7}.Debug|x86.Deploy.0 = Debug|x86
		{174CBDFD-E227-4665-BC01-B01BDA0D31C7}.Release|Any CPU.ActiveCfg = Release|Any CPU
		{174CBDFD-E227-4665-BC01-B01BDA0D31C7}.Release|Any CPU.Build.0 = Release|Any CPU
		{174CBDFD-E227-4665-BC01-B01BDA0D31C7}.Release|Any CPU.Deploy.0 = Release|Any CPU
		{174CBDFD-E227-4665-BC01-B01BDA0D31C7}.Release|ARM.ActiveCfg = Release|ARM
		{174CBDFD-E227-4665-BC01-B01BDA0D31C7}.Release|ARM.Build.0 = Release|ARM
		{174CBDFD-E227-4665-BC01-B01BDA0D31C7}.Release|ARM.Deploy.0 = Release|ARM
		{174CBDFD-E227-4665-BC01-B01BDA0D31C7}.Release|iPhone.ActiveCfg = Release|Any CPU
		{174CBDFD-E227-4665-BC01-B01BDA0D31C7}.Release|iPhone.Build.0 = Release|Any CPU
		{174CBDFD-E227-4665-BC01-B01BDA0D31C7}.Release|iPhone.Deploy.0 = Release|Any CPU
		{174CBDFD-E227-4665-BC01-B01BDA0D31C7}.Release|iPhoneSimulator.ActiveCfg = Release|Any CPU
		{174CBDFD-E227-4665-BC01-B01BDA0D31C7}.Release|iPhoneSimulator.Build.0 = Release|Any CPU
		{174CBDFD-E227-4665-BC01-B01BDA0D31C7}.Release|iPhoneSimulator.Deploy.0 = Release|Any CPU
		{174CBDFD-E227-4665-BC01-B01BDA0D31C7}.Release|Mixed Platforms.ActiveCfg = Release|Any CPU
		{174CBDFD-E227-4665-BC01-B01BDA0D31C7}.Release|Mixed Platforms.Build.0 = Release|Any CPU
		{174CBDFD-E227-4665-BC01-B01BDA0D31C7}.Release|Mixed Platforms.Deploy.0 = Release|Any CPU
		{174CBDFD-E227-4665-BC01-B01BDA0D31C7}.Release|x64.ActiveCfg = Release|x64
		{174CBDFD-E227-4665-BC01-B01BDA0D31C7}.Release|x64.Build.0 = Release|x64
		{174CBDFD-E227-4665-BC01-B01BDA0D31C7}.Release|x64.Deploy.0 = Release|x64
		{174CBDFD-E227-4665-BC01-B01BDA0D31C7}.Release|x86.ActiveCfg = Release|x86
		{174CBDFD-E227-4665-BC01-B01BDA0D31C7}.Release|x86.Build.0 = Release|x86
		{174CBDFD-E227-4665-BC01-B01BDA0D31C7}.Release|x86.Deploy.0 = Release|x86
		{C75C9651-355A-4263-B64B-494B18DDE5BF}.Debug .NET Native|Any CPU.ActiveCfg = Release|Any CPU
		{C75C9651-355A-4263-B64B-494B18DDE5BF}.Debug .NET Native|Any CPU.Build.0 = Release|Any CPU
		{C75C9651-355A-4263-B64B-494B18DDE5BF}.Debug .NET Native|ARM.ActiveCfg = Release|ARM
		{C75C9651-355A-4263-B64B-494B18DDE5BF}.Debug .NET Native|ARM.Build.0 = Release|ARM
		{C75C9651-355A-4263-B64B-494B18DDE5BF}.Debug .NET Native|iPhone.ActiveCfg = Release|Any CPU
		{C75C9651-355A-4263-B64B-494B18DDE5BF}.Debug .NET Native|iPhone.Build.0 = Release|Any CPU
		{C75C9651-355A-4263-B64B-494B18DDE5BF}.Debug .NET Native|iPhoneSimulator.ActiveCfg = Release|Any CPU
		{C75C9651-355A-4263-B64B-494B18DDE5BF}.Debug .NET Native|iPhoneSimulator.Build.0 = Release|Any CPU
		{C75C9651-355A-4263-B64B-494B18DDE5BF}.Debug .NET Native|Mixed Platforms.ActiveCfg = Release|Any CPU
		{C75C9651-355A-4263-B64B-494B18DDE5BF}.Debug .NET Native|x64.ActiveCfg = Release|x64
		{C75C9651-355A-4263-B64B-494B18DDE5BF}.Debug .NET Native|x64.Build.0 = Release|x64
		{C75C9651-355A-4263-B64B-494B18DDE5BF}.Debug .NET Native|x86.ActiveCfg = Release|x86
		{C75C9651-355A-4263-B64B-494B18DDE5BF}.Debug .NET Native|x86.Build.0 = Release|x86
		{C75C9651-355A-4263-B64B-494B18DDE5BF}.Debug|Any CPU.ActiveCfg = Debug|Any CPU
		{C75C9651-355A-4263-B64B-494B18DDE5BF}.Debug|Any CPU.Build.0 = Debug|Any CPU
		{C75C9651-355A-4263-B64B-494B18DDE5BF}.Debug|ARM.ActiveCfg = Debug|ARM
		{C75C9651-355A-4263-B64B-494B18DDE5BF}.Debug|ARM.Build.0 = Debug|ARM
		{C75C9651-355A-4263-B64B-494B18DDE5BF}.Debug|iPhone.ActiveCfg = Debug|Any CPU
		{C75C9651-355A-4263-B64B-494B18DDE5BF}.Debug|iPhone.Build.0 = Debug|Any CPU
		{C75C9651-355A-4263-B64B-494B18DDE5BF}.Debug|iPhoneSimulator.ActiveCfg = Debug|Any CPU
		{C75C9651-355A-4263-B64B-494B18DDE5BF}.Debug|iPhoneSimulator.Build.0 = Debug|Any CPU
		{C75C9651-355A-4263-B64B-494B18DDE5BF}.Debug|Mixed Platforms.ActiveCfg = Debug|Any CPU
		{C75C9651-355A-4263-B64B-494B18DDE5BF}.Debug|Mixed Platforms.Build.0 = Debug|Any CPU
		{C75C9651-355A-4263-B64B-494B18DDE5BF}.Debug|x64.ActiveCfg = Debug|x64
		{C75C9651-355A-4263-B64B-494B18DDE5BF}.Debug|x64.Build.0 = Debug|x64
		{C75C9651-355A-4263-B64B-494B18DDE5BF}.Debug|x86.ActiveCfg = Debug|x86
		{C75C9651-355A-4263-B64B-494B18DDE5BF}.Debug|x86.Build.0 = Debug|x86
		{C75C9651-355A-4263-B64B-494B18DDE5BF}.Release|Any CPU.ActiveCfg = Release|Any CPU
		{C75C9651-355A-4263-B64B-494B18DDE5BF}.Release|Any CPU.Build.0 = Release|Any CPU
		{C75C9651-355A-4263-B64B-494B18DDE5BF}.Release|ARM.ActiveCfg = Release|ARM
		{C75C9651-355A-4263-B64B-494B18DDE5BF}.Release|ARM.Build.0 = Release|ARM
		{C75C9651-355A-4263-B64B-494B18DDE5BF}.Release|iPhone.ActiveCfg = Release|Any CPU
		{C75C9651-355A-4263-B64B-494B18DDE5BF}.Release|iPhone.Build.0 = Release|Any CPU
		{C75C9651-355A-4263-B64B-494B18DDE5BF}.Release|iPhoneSimulator.ActiveCfg = Release|Any CPU
		{C75C9651-355A-4263-B64B-494B18DDE5BF}.Release|iPhoneSimulator.Build.0 = Release|Any CPU
		{C75C9651-355A-4263-B64B-494B18DDE5BF}.Release|Mixed Platforms.ActiveCfg = Release|Any CPU
		{C75C9651-355A-4263-B64B-494B18DDE5BF}.Release|Mixed Platforms.Build.0 = Release|Any CPU
		{C75C9651-355A-4263-B64B-494B18DDE5BF}.Release|x64.ActiveCfg = Release|x64
		{C75C9651-355A-4263-B64B-494B18DDE5BF}.Release|x64.Build.0 = Release|x64
		{C75C9651-355A-4263-B64B-494B18DDE5BF}.Release|x86.ActiveCfg = Release|x86
		{C75C9651-355A-4263-B64B-494B18DDE5BF}.Release|x86.Build.0 = Release|x86
		{E7AD2705-EB5E-4C6E-B8DC-ED11BA069B75}.Debug .NET Native|Any CPU.ActiveCfg = Release|Any CPU
		{E7AD2705-EB5E-4C6E-B8DC-ED11BA069B75}.Debug .NET Native|Any CPU.Build.0 = Release|Any CPU
		{E7AD2705-EB5E-4C6E-B8DC-ED11BA069B75}.Debug .NET Native|ARM.ActiveCfg = Release|ARM
		{E7AD2705-EB5E-4C6E-B8DC-ED11BA069B75}.Debug .NET Native|ARM.Build.0 = Release|ARM
		{E7AD2705-EB5E-4C6E-B8DC-ED11BA069B75}.Debug .NET Native|iPhone.ActiveCfg = Release|Any CPU
		{E7AD2705-EB5E-4C6E-B8DC-ED11BA069B75}.Debug .NET Native|iPhone.Build.0 = Release|Any CPU
		{E7AD2705-EB5E-4C6E-B8DC-ED11BA069B75}.Debug .NET Native|iPhoneSimulator.ActiveCfg = Release|Any CPU
		{E7AD2705-EB5E-4C6E-B8DC-ED11BA069B75}.Debug .NET Native|iPhoneSimulator.Build.0 = Release|Any CPU
		{E7AD2705-EB5E-4C6E-B8DC-ED11BA069B75}.Debug .NET Native|Mixed Platforms.ActiveCfg = Release|Any CPU
		{E7AD2705-EB5E-4C6E-B8DC-ED11BA069B75}.Debug .NET Native|x64.ActiveCfg = Release|Any CPU
		{E7AD2705-EB5E-4C6E-B8DC-ED11BA069B75}.Debug .NET Native|x64.Build.0 = Release|Any CPU
		{E7AD2705-EB5E-4C6E-B8DC-ED11BA069B75}.Debug .NET Native|x86.ActiveCfg = Release|x86
		{E7AD2705-EB5E-4C6E-B8DC-ED11BA069B75}.Debug .NET Native|x86.Build.0 = Release|x86
		{E7AD2705-EB5E-4C6E-B8DC-ED11BA069B75}.Debug|Any CPU.ActiveCfg = Debug|Any CPU
		{E7AD2705-EB5E-4C6E-B8DC-ED11BA069B75}.Debug|Any CPU.Build.0 = Debug|Any CPU
		{E7AD2705-EB5E-4C6E-B8DC-ED11BA069B75}.Debug|ARM.ActiveCfg = Debug|ARM
		{E7AD2705-EB5E-4C6E-B8DC-ED11BA069B75}.Debug|ARM.Build.0 = Debug|ARM
		{E7AD2705-EB5E-4C6E-B8DC-ED11BA069B75}.Debug|iPhone.ActiveCfg = Debug|Any CPU
		{E7AD2705-EB5E-4C6E-B8DC-ED11BA069B75}.Debug|iPhone.Build.0 = Debug|Any CPU
		{E7AD2705-EB5E-4C6E-B8DC-ED11BA069B75}.Debug|iPhoneSimulator.ActiveCfg = Debug|Any CPU
		{E7AD2705-EB5E-4C6E-B8DC-ED11BA069B75}.Debug|iPhoneSimulator.Build.0 = Debug|Any CPU
		{E7AD2705-EB5E-4C6E-B8DC-ED11BA069B75}.Debug|Mixed Platforms.ActiveCfg = Debug|Any CPU
		{E7AD2705-EB5E-4C6E-B8DC-ED11BA069B75}.Debug|Mixed Platforms.Build.0 = Debug|Any CPU
		{E7AD2705-EB5E-4C6E-B8DC-ED11BA069B75}.Debug|x64.ActiveCfg = Debug|Any CPU
		{E7AD2705-EB5E-4C6E-B8DC-ED11BA069B75}.Debug|x64.Build.0 = Debug|Any CPU
		{E7AD2705-EB5E-4C6E-B8DC-ED11BA069B75}.Debug|x86.ActiveCfg = Debug|x86
		{E7AD2705-EB5E-4C6E-B8DC-ED11BA069B75}.Debug|x86.Build.0 = Debug|x86
		{E7AD2705-EB5E-4C6E-B8DC-ED11BA069B75}.Release|Any CPU.ActiveCfg = Release|Any CPU
		{E7AD2705-EB5E-4C6E-B8DC-ED11BA069B75}.Release|Any CPU.Build.0 = Release|Any CPU
		{E7AD2705-EB5E-4C6E-B8DC-ED11BA069B75}.Release|ARM.ActiveCfg = Release|ARM
		{E7AD2705-EB5E-4C6E-B8DC-ED11BA069B75}.Release|ARM.Build.0 = Release|ARM
		{E7AD2705-EB5E-4C6E-B8DC-ED11BA069B75}.Release|iPhone.ActiveCfg = Release|Any CPU
		{E7AD2705-EB5E-4C6E-B8DC-ED11BA069B75}.Release|iPhone.Build.0 = Release|Any CPU
		{E7AD2705-EB5E-4C6E-B8DC-ED11BA069B75}.Release|iPhoneSimulator.ActiveCfg = Release|Any CPU
		{E7AD2705-EB5E-4C6E-B8DC-ED11BA069B75}.Release|iPhoneSimulator.Build.0 = Release|Any CPU
		{E7AD2705-EB5E-4C6E-B8DC-ED11BA069B75}.Release|Mixed Platforms.ActiveCfg = Release|Any CPU
		{E7AD2705-EB5E-4C6E-B8DC-ED11BA069B75}.Release|Mixed Platforms.Build.0 = Release|Any CPU
		{E7AD2705-EB5E-4C6E-B8DC-ED11BA069B75}.Release|x64.ActiveCfg = Release|Any CPU
		{E7AD2705-EB5E-4C6E-B8DC-ED11BA069B75}.Release|x64.Build.0 = Release|Any CPU
		{E7AD2705-EB5E-4C6E-B8DC-ED11BA069B75}.Release|x86.ActiveCfg = Release|x86
		{E7AD2705-EB5E-4C6E-B8DC-ED11BA069B75}.Release|x86.Build.0 = Release|x86
		{E8EF8DE7-B0E6-496E-ADEC-BA912BF07398}.Debug .NET Native|Any CPU.ActiveCfg = Release|Any CPU
		{E8EF8DE7-B0E6-496E-ADEC-BA912BF07398}.Debug .NET Native|Any CPU.Build.0 = Release|Any CPU
		{E8EF8DE7-B0E6-496E-ADEC-BA912BF07398}.Debug .NET Native|Any CPU.Deploy.0 = Release|Any CPU
		{E8EF8DE7-B0E6-496E-ADEC-BA912BF07398}.Debug .NET Native|ARM.ActiveCfg = Release|ARM
		{E8EF8DE7-B0E6-496E-ADEC-BA912BF07398}.Debug .NET Native|ARM.Build.0 = Release|ARM
		{E8EF8DE7-B0E6-496E-ADEC-BA912BF07398}.Debug .NET Native|ARM.Deploy.0 = Release|ARM
		{E8EF8DE7-B0E6-496E-ADEC-BA912BF07398}.Debug .NET Native|iPhone.ActiveCfg = Release|Any CPU
		{E8EF8DE7-B0E6-496E-ADEC-BA912BF07398}.Debug .NET Native|iPhone.Build.0 = Release|Any CPU
		{E8EF8DE7-B0E6-496E-ADEC-BA912BF07398}.Debug .NET Native|iPhone.Deploy.0 = Release|Any CPU
		{E8EF8DE7-B0E6-496E-ADEC-BA912BF07398}.Debug .NET Native|iPhoneSimulator.ActiveCfg = Release|Any CPU
		{E8EF8DE7-B0E6-496E-ADEC-BA912BF07398}.Debug .NET Native|iPhoneSimulator.Build.0 = Release|Any CPU
		{E8EF8DE7-B0E6-496E-ADEC-BA912BF07398}.Debug .NET Native|iPhoneSimulator.Deploy.0 = Release|Any CPU
		{E8EF8DE7-B0E6-496E-ADEC-BA912BF07398}.Debug .NET Native|Mixed Platforms.ActiveCfg = Release|Any CPU
		{E8EF8DE7-B0E6-496E-ADEC-BA912BF07398}.Debug .NET Native|x64.ActiveCfg = Release|Any CPU
		{E8EF8DE7-B0E6-496E-ADEC-BA912BF07398}.Debug .NET Native|x64.Build.0 = Release|Any CPU
		{E8EF8DE7-B0E6-496E-ADEC-BA912BF07398}.Debug .NET Native|x64.Deploy.0 = Release|Any CPU
		{E8EF8DE7-B0E6-496E-ADEC-BA912BF07398}.Debug .NET Native|x86.ActiveCfg = Release|x86
		{E8EF8DE7-B0E6-496E-ADEC-BA912BF07398}.Debug .NET Native|x86.Build.0 = Release|x86
		{E8EF8DE7-B0E6-496E-ADEC-BA912BF07398}.Debug .NET Native|x86.Deploy.0 = Release|x86
		{E8EF8DE7-B0E6-496E-ADEC-BA912BF07398}.Debug|Any CPU.ActiveCfg = Debug|Any CPU
		{E8EF8DE7-B0E6-496E-ADEC-BA912BF07398}.Debug|Any CPU.Build.0 = Debug|Any CPU
		{E8EF8DE7-B0E6-496E-ADEC-BA912BF07398}.Debug|Any CPU.Deploy.0 = Debug|Any CPU
		{E8EF8DE7-B0E6-496E-ADEC-BA912BF07398}.Debug|ARM.ActiveCfg = Debug|ARM
		{E8EF8DE7-B0E6-496E-ADEC-BA912BF07398}.Debug|ARM.Build.0 = Debug|ARM
		{E8EF8DE7-B0E6-496E-ADEC-BA912BF07398}.Debug|ARM.Deploy.0 = Debug|ARM
		{E8EF8DE7-B0E6-496E-ADEC-BA912BF07398}.Debug|iPhone.ActiveCfg = Debug|Any CPU
		{E8EF8DE7-B0E6-496E-ADEC-BA912BF07398}.Debug|iPhone.Build.0 = Debug|Any CPU
		{E8EF8DE7-B0E6-496E-ADEC-BA912BF07398}.Debug|iPhone.Deploy.0 = Debug|Any CPU
		{E8EF8DE7-B0E6-496E-ADEC-BA912BF07398}.Debug|iPhoneSimulator.ActiveCfg = Debug|Any CPU
		{E8EF8DE7-B0E6-496E-ADEC-BA912BF07398}.Debug|iPhoneSimulator.Build.0 = Debug|Any CPU
		{E8EF8DE7-B0E6-496E-ADEC-BA912BF07398}.Debug|iPhoneSimulator.Deploy.0 = Debug|Any CPU
		{E8EF8DE7-B0E6-496E-ADEC-BA912BF07398}.Debug|Mixed Platforms.ActiveCfg = Debug|Any CPU
		{E8EF8DE7-B0E6-496E-ADEC-BA912BF07398}.Debug|Mixed Platforms.Build.0 = Debug|Any CPU
		{E8EF8DE7-B0E6-496E-ADEC-BA912BF07398}.Debug|Mixed Platforms.Deploy.0 = Debug|Any CPU
		{E8EF8DE7-B0E6-496E-ADEC-BA912BF07398}.Debug|x64.ActiveCfg = Debug|Any CPU
		{E8EF8DE7-B0E6-496E-ADEC-BA912BF07398}.Debug|x64.Build.0 = Debug|Any CPU
		{E8EF8DE7-B0E6-496E-ADEC-BA912BF07398}.Debug|x64.Deploy.0 = Debug|Any CPU
		{E8EF8DE7-B0E6-496E-ADEC-BA912BF07398}.Debug|x86.ActiveCfg = Debug|x86
		{E8EF8DE7-B0E6-496E-ADEC-BA912BF07398}.Debug|x86.Build.0 = Debug|x86
		{E8EF8DE7-B0E6-496E-ADEC-BA912BF07398}.Debug|x86.Deploy.0 = Debug|x86
		{E8EF8DE7-B0E6-496E-ADEC-BA912BF07398}.Release|Any CPU.ActiveCfg = Release|Any CPU
		{E8EF8DE7-B0E6-496E-ADEC-BA912BF07398}.Release|Any CPU.Build.0 = Release|Any CPU
		{E8EF8DE7-B0E6-496E-ADEC-BA912BF07398}.Release|Any CPU.Deploy.0 = Release|Any CPU
		{E8EF8DE7-B0E6-496E-ADEC-BA912BF07398}.Release|ARM.ActiveCfg = Release|ARM
		{E8EF8DE7-B0E6-496E-ADEC-BA912BF07398}.Release|ARM.Build.0 = Release|ARM
		{E8EF8DE7-B0E6-496E-ADEC-BA912BF07398}.Release|ARM.Deploy.0 = Release|ARM
		{E8EF8DE7-B0E6-496E-ADEC-BA912BF07398}.Release|iPhone.ActiveCfg = Release|Any CPU
		{E8EF8DE7-B0E6-496E-ADEC-BA912BF07398}.Release|iPhone.Build.0 = Release|Any CPU
		{E8EF8DE7-B0E6-496E-ADEC-BA912BF07398}.Release|iPhone.Deploy.0 = Release|Any CPU
		{E8EF8DE7-B0E6-496E-ADEC-BA912BF07398}.Release|iPhoneSimulator.ActiveCfg = Release|Any CPU
		{E8EF8DE7-B0E6-496E-ADEC-BA912BF07398}.Release|iPhoneSimulator.Build.0 = Release|Any CPU
		{E8EF8DE7-B0E6-496E-ADEC-BA912BF07398}.Release|iPhoneSimulator.Deploy.0 = Release|Any CPU
		{E8EF8DE7-B0E6-496E-ADEC-BA912BF07398}.Release|Mixed Platforms.ActiveCfg = Release|Any CPU
		{E8EF8DE7-B0E6-496E-ADEC-BA912BF07398}.Release|Mixed Platforms.Build.0 = Release|Any CPU
		{E8EF8DE7-B0E6-496E-ADEC-BA912BF07398}.Release|Mixed Platforms.Deploy.0 = Release|Any CPU
		{E8EF8DE7-B0E6-496E-ADEC-BA912BF07398}.Release|x64.ActiveCfg = Release|Any CPU
		{E8EF8DE7-B0E6-496E-ADEC-BA912BF07398}.Release|x64.Build.0 = Release|Any CPU
		{E8EF8DE7-B0E6-496E-ADEC-BA912BF07398}.Release|x64.Deploy.0 = Release|Any CPU
		{E8EF8DE7-B0E6-496E-ADEC-BA912BF07398}.Release|x86.ActiveCfg = Release|x86
		{E8EF8DE7-B0E6-496E-ADEC-BA912BF07398}.Release|x86.Build.0 = Release|x86
		{E8EF8DE7-B0E6-496E-ADEC-BA912BF07398}.Release|x86.Deploy.0 = Release|x86
		{F21C1AF5-A5AF-4349-840E-E34DA5BFA519}.Debug .NET Native|Any CPU.ActiveCfg = Release|Any CPU
		{F21C1AF5-A5AF-4349-840E-E34DA5BFA519}.Debug .NET Native|Any CPU.Build.0 = Release|Any CPU
		{F21C1AF5-A5AF-4349-840E-E34DA5BFA519}.Debug .NET Native|ARM.ActiveCfg = Release|Any CPU
		{F21C1AF5-A5AF-4349-840E-E34DA5BFA519}.Debug .NET Native|ARM.Build.0 = Release|Any CPU
		{F21C1AF5-A5AF-4349-840E-E34DA5BFA519}.Debug .NET Native|ARM.Deploy.0 = Release|Any CPU
		{F21C1AF5-A5AF-4349-840E-E34DA5BFA519}.Debug .NET Native|iPhone.ActiveCfg = Release|Any CPU
		{F21C1AF5-A5AF-4349-840E-E34DA5BFA519}.Debug .NET Native|iPhone.Build.0 = Release|Any CPU
		{F21C1AF5-A5AF-4349-840E-E34DA5BFA519}.Debug .NET Native|iPhone.Deploy.0 = Release|Any CPU
		{F21C1AF5-A5AF-4349-840E-E34DA5BFA519}.Debug .NET Native|iPhoneSimulator.ActiveCfg = Release|Any CPU
		{F21C1AF5-A5AF-4349-840E-E34DA5BFA519}.Debug .NET Native|iPhoneSimulator.Build.0 = Release|Any CPU
		{F21C1AF5-A5AF-4349-840E-E34DA5BFA519}.Debug .NET Native|iPhoneSimulator.Deploy.0 = Release|Any CPU
		{F21C1AF5-A5AF-4349-840E-E34DA5BFA519}.Debug .NET Native|Mixed Platforms.ActiveCfg = Release|Any CPU
		{F21C1AF5-A5AF-4349-840E-E34DA5BFA519}.Debug .NET Native|x64.ActiveCfg = Release|Any CPU
		{F21C1AF5-A5AF-4349-840E-E34DA5BFA519}.Debug .NET Native|x64.Build.0 = Release|Any CPU
		{F21C1AF5-A5AF-4349-840E-E34DA5BFA519}.Debug .NET Native|x64.Deploy.0 = Release|Any CPU
		{F21C1AF5-A5AF-4349-840E-E34DA5BFA519}.Debug .NET Native|x86.ActiveCfg = Release|Any CPU
		{F21C1AF5-A5AF-4349-840E-E34DA5BFA519}.Debug .NET Native|x86.Build.0 = Release|Any CPU
		{F21C1AF5-A5AF-4349-840E-E34DA5BFA519}.Debug .NET Native|x86.Deploy.0 = Release|Any CPU
		{F21C1AF5-A5AF-4349-840E-E34DA5BFA519}.Debug|Any CPU.ActiveCfg = Debug|Any CPU
		{F21C1AF5-A5AF-4349-840E-E34DA5BFA519}.Debug|Any CPU.Build.0 = Debug|Any CPU
		{F21C1AF5-A5AF-4349-840E-E34DA5BFA519}.Debug|Any CPU.Deploy.0 = Debug|Any CPU
		{F21C1AF5-A5AF-4349-840E-E34DA5BFA519}.Debug|ARM.ActiveCfg = Debug|Any CPU
		{F21C1AF5-A5AF-4349-840E-E34DA5BFA519}.Debug|ARM.Build.0 = Debug|Any CPU
		{F21C1AF5-A5AF-4349-840E-E34DA5BFA519}.Debug|ARM.Deploy.0 = Debug|Any CPU
		{F21C1AF5-A5AF-4349-840E-E34DA5BFA519}.Debug|iPhone.ActiveCfg = Debug|Any CPU
		{F21C1AF5-A5AF-4349-840E-E34DA5BFA519}.Debug|iPhone.Build.0 = Debug|Any CPU
		{F21C1AF5-A5AF-4349-840E-E34DA5BFA519}.Debug|iPhone.Deploy.0 = Debug|Any CPU
		{F21C1AF5-A5AF-4349-840E-E34DA5BFA519}.Debug|iPhoneSimulator.ActiveCfg = Debug|Any CPU
		{F21C1AF5-A5AF-4349-840E-E34DA5BFA519}.Debug|iPhoneSimulator.Build.0 = Debug|Any CPU
		{F21C1AF5-A5AF-4349-840E-E34DA5BFA519}.Debug|iPhoneSimulator.Deploy.0 = Debug|Any CPU
		{F21C1AF5-A5AF-4349-840E-E34DA5BFA519}.Debug|Mixed Platforms.ActiveCfg = Debug|Any CPU
		{F21C1AF5-A5AF-4349-840E-E34DA5BFA519}.Debug|Mixed Platforms.Deploy.0 = Debug|Any CPU
		{F21C1AF5-A5AF-4349-840E-E34DA5BFA519}.Debug|x64.ActiveCfg = Debug|Any CPU
		{F21C1AF5-A5AF-4349-840E-E34DA5BFA519}.Debug|x64.Build.0 = Debug|Any CPU
		{F21C1AF5-A5AF-4349-840E-E34DA5BFA519}.Debug|x64.Deploy.0 = Debug|Any CPU
		{F21C1AF5-A5AF-4349-840E-E34DA5BFA519}.Debug|x86.ActiveCfg = Debug|Any CPU
		{F21C1AF5-A5AF-4349-840E-E34DA5BFA519}.Debug|x86.Build.0 = Debug|Any CPU
		{F21C1AF5-A5AF-4349-840E-E34DA5BFA519}.Debug|x86.Deploy.0 = Debug|Any CPU
		{F21C1AF5-A5AF-4349-840E-E34DA5BFA519}.Release|Any CPU.ActiveCfg = Release|Any CPU
		{F21C1AF5-A5AF-4349-840E-E34DA5BFA519}.Release|ARM.ActiveCfg = Release|Any CPU
		{F21C1AF5-A5AF-4349-840E-E34DA5BFA519}.Release|ARM.Build.0 = Release|Any CPU
		{F21C1AF5-A5AF-4349-840E-E34DA5BFA519}.Release|ARM.Deploy.0 = Release|Any CPU
		{F21C1AF5-A5AF-4349-840E-E34DA5BFA519}.Release|iPhone.ActiveCfg = Release|Any CPU
		{F21C1AF5-A5AF-4349-840E-E34DA5BFA519}.Release|iPhone.Build.0 = Release|Any CPU
		{F21C1AF5-A5AF-4349-840E-E34DA5BFA519}.Release|iPhone.Deploy.0 = Release|Any CPU
		{F21C1AF5-A5AF-4349-840E-E34DA5BFA519}.Release|iPhoneSimulator.ActiveCfg = Release|Any CPU
		{F21C1AF5-A5AF-4349-840E-E34DA5BFA519}.Release|iPhoneSimulator.Build.0 = Release|Any CPU
		{F21C1AF5-A5AF-4349-840E-E34DA5BFA519}.Release|iPhoneSimulator.Deploy.0 = Release|Any CPU
		{F21C1AF5-A5AF-4349-840E-E34DA5BFA519}.Release|Mixed Platforms.ActiveCfg = Release|Any CPU
		{F21C1AF5-A5AF-4349-840E-E34DA5BFA519}.Release|Mixed Platforms.Build.0 = Release|Any CPU
		{F21C1AF5-A5AF-4349-840E-E34DA5BFA519}.Release|Mixed Platforms.Deploy.0 = Release|Any CPU
		{F21C1AF5-A5AF-4349-840E-E34DA5BFA519}.Release|x64.ActiveCfg = Release|Any CPU
		{F21C1AF5-A5AF-4349-840E-E34DA5BFA519}.Release|x64.Build.0 = Release|Any CPU
		{F21C1AF5-A5AF-4349-840E-E34DA5BFA519}.Release|x64.Deploy.0 = Release|Any CPU
		{F21C1AF5-A5AF-4349-840E-E34DA5BFA519}.Release|x86.ActiveCfg = Release|Any CPU
		{F21C1AF5-A5AF-4349-840E-E34DA5BFA519}.Release|x86.Build.0 = Release|Any CPU
		{F21C1AF5-A5AF-4349-840E-E34DA5BFA519}.Release|x86.Deploy.0 = Release|Any CPU
		{CD8C2C87-0B12-4501-BE45-BEA8554CF548}.Debug .NET Native|Any CPU.ActiveCfg = Release|Any CPU
		{CD8C2C87-0B12-4501-BE45-BEA8554CF548}.Debug .NET Native|Any CPU.Build.0 = Release|Any CPU
		{CD8C2C87-0B12-4501-BE45-BEA8554CF548}.Debug .NET Native|ARM.ActiveCfg = Release|Any CPU
		{CD8C2C87-0B12-4501-BE45-BEA8554CF548}.Debug .NET Native|ARM.Build.0 = Release|Any CPU
		{CD8C2C87-0B12-4501-BE45-BEA8554CF548}.Debug .NET Native|iPhone.ActiveCfg = Release|Any CPU
		{CD8C2C87-0B12-4501-BE45-BEA8554CF548}.Debug .NET Native|iPhone.Build.0 = Release|Any CPU
		{CD8C2C87-0B12-4501-BE45-BEA8554CF548}.Debug .NET Native|iPhoneSimulator.ActiveCfg = Release|Any CPU
		{CD8C2C87-0B12-4501-BE45-BEA8554CF548}.Debug .NET Native|iPhoneSimulator.Build.0 = Release|Any CPU
		{CD8C2C87-0B12-4501-BE45-BEA8554CF548}.Debug .NET Native|Mixed Platforms.ActiveCfg = Release|Any CPU
		{CD8C2C87-0B12-4501-BE45-BEA8554CF548}.Debug .NET Native|Mixed Platforms.Build.0 = Release|Any CPU
		{CD8C2C87-0B12-4501-BE45-BEA8554CF548}.Debug .NET Native|x64.ActiveCfg = Release|Any CPU
		{CD8C2C87-0B12-4501-BE45-BEA8554CF548}.Debug .NET Native|x64.Build.0 = Release|Any CPU
		{CD8C2C87-0B12-4501-BE45-BEA8554CF548}.Debug .NET Native|x86.ActiveCfg = Release|Any CPU
		{CD8C2C87-0B12-4501-BE45-BEA8554CF548}.Debug .NET Native|x86.Build.0 = Release|Any CPU
		{CD8C2C87-0B12-4501-BE45-BEA8554CF548}.Debug|Any CPU.ActiveCfg = Debug|Any CPU
		{CD8C2C87-0B12-4501-BE45-BEA8554CF548}.Debug|Any CPU.Build.0 = Debug|Any CPU
		{CD8C2C87-0B12-4501-BE45-BEA8554CF548}.Debug|ARM.ActiveCfg = Debug|Any CPU
		{CD8C2C87-0B12-4501-BE45-BEA8554CF548}.Debug|ARM.Build.0 = Debug|Any CPU
		{CD8C2C87-0B12-4501-BE45-BEA8554CF548}.Debug|iPhone.ActiveCfg = Debug|Any CPU
		{CD8C2C87-0B12-4501-BE45-BEA8554CF548}.Debug|iPhone.Build.0 = Debug|Any CPU
		{CD8C2C87-0B12-4501-BE45-BEA8554CF548}.Debug|iPhoneSimulator.ActiveCfg = Debug|Any CPU
		{CD8C2C87-0B12-4501-BE45-BEA8554CF548}.Debug|iPhoneSimulator.Build.0 = Debug|Any CPU
		{CD8C2C87-0B12-4501-BE45-BEA8554CF548}.Debug|Mixed Platforms.ActiveCfg = Debug|Any CPU
		{CD8C2C87-0B12-4501-BE45-BEA8554CF548}.Debug|Mixed Platforms.Build.0 = Debug|Any CPU
		{CD8C2C87-0B12-4501-BE45-BEA8554CF548}.Debug|x64.ActiveCfg = Debug|Any CPU
		{CD8C2C87-0B12-4501-BE45-BEA8554CF548}.Debug|x64.Build.0 = Debug|Any CPU
		{CD8C2C87-0B12-4501-BE45-BEA8554CF548}.Debug|x86.ActiveCfg = Debug|Any CPU
		{CD8C2C87-0B12-4501-BE45-BEA8554CF548}.Debug|x86.Build.0 = Debug|Any CPU
		{CD8C2C87-0B12-4501-BE45-BEA8554CF548}.Release|Any CPU.ActiveCfg = Release|Any CPU
		{CD8C2C87-0B12-4501-BE45-BEA8554CF548}.Release|Any CPU.Build.0 = Release|Any CPU
		{CD8C2C87-0B12-4501-BE45-BEA8554CF548}.Release|ARM.ActiveCfg = Release|Any CPU
		{CD8C2C87-0B12-4501-BE45-BEA8554CF548}.Release|ARM.Build.0 = Release|Any CPU
		{CD8C2C87-0B12-4501-BE45-BEA8554CF548}.Release|iPhone.ActiveCfg = Release|Any CPU
		{CD8C2C87-0B12-4501-BE45-BEA8554CF548}.Release|iPhone.Build.0 = Release|Any CPU
		{CD8C2C87-0B12-4501-BE45-BEA8554CF548}.Release|iPhoneSimulator.ActiveCfg = Release|Any CPU
		{CD8C2C87-0B12-4501-BE45-BEA8554CF548}.Release|iPhoneSimulator.Build.0 = Release|Any CPU
		{CD8C2C87-0B12-4501-BE45-BEA8554CF548}.Release|Mixed Platforms.ActiveCfg = Release|Any CPU
		{CD8C2C87-0B12-4501-BE45-BEA8554CF548}.Release|Mixed Platforms.Build.0 = Release|Any CPU
		{CD8C2C87-0B12-4501-BE45-BEA8554CF548}.Release|x64.ActiveCfg = Release|Any CPU
		{CD8C2C87-0B12-4501-BE45-BEA8554CF548}.Release|x64.Build.0 = Release|Any CPU
		{CD8C2C87-0B12-4501-BE45-BEA8554CF548}.Release|x86.ActiveCfg = Release|Any CPU
		{CD8C2C87-0B12-4501-BE45-BEA8554CF548}.Release|x86.Build.0 = Release|Any CPU
		{090EE10C-D741-4B6C-BC03-9DF1EDC9B7D1}.Debug .NET Native|Any CPU.ActiveCfg = Debug .NET Native|x86
		{090EE10C-D741-4B6C-BC03-9DF1EDC9B7D1}.Debug .NET Native|Any CPU.Build.0 = Debug .NET Native|x86
		{090EE10C-D741-4B6C-BC03-9DF1EDC9B7D1}.Debug .NET Native|Any CPU.Deploy.0 = Debug .NET Native|x86
		{090EE10C-D741-4B6C-BC03-9DF1EDC9B7D1}.Debug .NET Native|ARM.ActiveCfg = Release|ARM
		{090EE10C-D741-4B6C-BC03-9DF1EDC9B7D1}.Debug .NET Native|ARM.Build.0 = Release|ARM
		{090EE10C-D741-4B6C-BC03-9DF1EDC9B7D1}.Debug .NET Native|ARM.Deploy.0 = Release|ARM
		{090EE10C-D741-4B6C-BC03-9DF1EDC9B7D1}.Debug .NET Native|iPhone.ActiveCfg = Release|x86
		{090EE10C-D741-4B6C-BC03-9DF1EDC9B7D1}.Debug .NET Native|iPhoneSimulator.ActiveCfg = Release|x86
		{090EE10C-D741-4B6C-BC03-9DF1EDC9B7D1}.Debug .NET Native|Mixed Platforms.ActiveCfg = Debug .NET Native|x86
		{090EE10C-D741-4B6C-BC03-9DF1EDC9B7D1}.Debug .NET Native|Mixed Platforms.Build.0 = Debug .NET Native|x86
		{090EE10C-D741-4B6C-BC03-9DF1EDC9B7D1}.Debug .NET Native|Mixed Platforms.Deploy.0 = Debug .NET Native|x86
		{090EE10C-D741-4B6C-BC03-9DF1EDC9B7D1}.Debug .NET Native|x64.ActiveCfg = Release|x64
		{090EE10C-D741-4B6C-BC03-9DF1EDC9B7D1}.Debug .NET Native|x64.Build.0 = Release|x64
		{090EE10C-D741-4B6C-BC03-9DF1EDC9B7D1}.Debug .NET Native|x64.Deploy.0 = Release|x64
		{090EE10C-D741-4B6C-BC03-9DF1EDC9B7D1}.Debug .NET Native|x86.ActiveCfg = Release|x86
		{090EE10C-D741-4B6C-BC03-9DF1EDC9B7D1}.Debug .NET Native|x86.Build.0 = Release|x86
		{090EE10C-D741-4B6C-BC03-9DF1EDC9B7D1}.Debug .NET Native|x86.Deploy.0 = Release|x86
		{090EE10C-D741-4B6C-BC03-9DF1EDC9B7D1}.Debug|Any CPU.ActiveCfg = Debug|x86
		{090EE10C-D741-4B6C-BC03-9DF1EDC9B7D1}.Debug|Any CPU.Build.0 = Debug|x86
		{090EE10C-D741-4B6C-BC03-9DF1EDC9B7D1}.Debug|Any CPU.Deploy.0 = Debug|x86
		{090EE10C-D741-4B6C-BC03-9DF1EDC9B7D1}.Debug|ARM.ActiveCfg = Debug|ARM
		{090EE10C-D741-4B6C-BC03-9DF1EDC9B7D1}.Debug|ARM.Build.0 = Debug|ARM
		{090EE10C-D741-4B6C-BC03-9DF1EDC9B7D1}.Debug|ARM.Deploy.0 = Debug|ARM
		{090EE10C-D741-4B6C-BC03-9DF1EDC9B7D1}.Debug|iPhone.ActiveCfg = Debug|x86
		{090EE10C-D741-4B6C-BC03-9DF1EDC9B7D1}.Debug|iPhoneSimulator.ActiveCfg = Debug|x86
		{090EE10C-D741-4B6C-BC03-9DF1EDC9B7D1}.Debug|Mixed Platforms.ActiveCfg = Debug|x86
		{090EE10C-D741-4B6C-BC03-9DF1EDC9B7D1}.Debug|Mixed Platforms.Build.0 = Debug|x86
		{090EE10C-D741-4B6C-BC03-9DF1EDC9B7D1}.Debug|Mixed Platforms.Deploy.0 = Debug|x86
		{090EE10C-D741-4B6C-BC03-9DF1EDC9B7D1}.Debug|x64.ActiveCfg = Debug|x64
		{090EE10C-D741-4B6C-BC03-9DF1EDC9B7D1}.Debug|x64.Build.0 = Debug|x64
		{090EE10C-D741-4B6C-BC03-9DF1EDC9B7D1}.Debug|x64.Deploy.0 = Debug|x64
		{090EE10C-D741-4B6C-BC03-9DF1EDC9B7D1}.Debug|x86.ActiveCfg = Debug|x86
		{090EE10C-D741-4B6C-BC03-9DF1EDC9B7D1}.Debug|x86.Build.0 = Debug|x86
		{090EE10C-D741-4B6C-BC03-9DF1EDC9B7D1}.Debug|x86.Deploy.0 = Debug|x86
		{090EE10C-D741-4B6C-BC03-9DF1EDC9B7D1}.Release|Any CPU.ActiveCfg = Release|x86
		{090EE10C-D741-4B6C-BC03-9DF1EDC9B7D1}.Release|Any CPU.Build.0 = Release|x86
		{090EE10C-D741-4B6C-BC03-9DF1EDC9B7D1}.Release|Any CPU.Deploy.0 = Release|x86
		{090EE10C-D741-4B6C-BC03-9DF1EDC9B7D1}.Release|ARM.ActiveCfg = Release|ARM
		{090EE10C-D741-4B6C-BC03-9DF1EDC9B7D1}.Release|ARM.Build.0 = Release|ARM
		{090EE10C-D741-4B6C-BC03-9DF1EDC9B7D1}.Release|ARM.Deploy.0 = Release|ARM
		{090EE10C-D741-4B6C-BC03-9DF1EDC9B7D1}.Release|iPhone.ActiveCfg = Release|x86
		{090EE10C-D741-4B6C-BC03-9DF1EDC9B7D1}.Release|iPhoneSimulator.ActiveCfg = Release|x86
		{090EE10C-D741-4B6C-BC03-9DF1EDC9B7D1}.Release|Mixed Platforms.ActiveCfg = Release|x86
		{090EE10C-D741-4B6C-BC03-9DF1EDC9B7D1}.Release|Mixed Platforms.Build.0 = Release|x86
		{090EE10C-D741-4B6C-BC03-9DF1EDC9B7D1}.Release|Mixed Platforms.Deploy.0 = Release|x86
		{090EE10C-D741-4B6C-BC03-9DF1EDC9B7D1}.Release|x64.ActiveCfg = Release|x64
		{090EE10C-D741-4B6C-BC03-9DF1EDC9B7D1}.Release|x64.Build.0 = Release|x64
		{090EE10C-D741-4B6C-BC03-9DF1EDC9B7D1}.Release|x64.Deploy.0 = Release|x64
		{090EE10C-D741-4B6C-BC03-9DF1EDC9B7D1}.Release|x86.ActiveCfg = Release|x86
		{090EE10C-D741-4B6C-BC03-9DF1EDC9B7D1}.Release|x86.Build.0 = Release|x86
		{090EE10C-D741-4B6C-BC03-9DF1EDC9B7D1}.Release|x86.Deploy.0 = Release|x86
		{858E05E5-90AE-4DC4-B9C7-CB6540E0B886}.Debug .NET Native|Any CPU.ActiveCfg = Release|x86
		{858E05E5-90AE-4DC4-B9C7-CB6540E0B886}.Debug .NET Native|Any CPU.Build.0 = Release|x86
		{858E05E5-90AE-4DC4-B9C7-CB6540E0B886}.Debug .NET Native|Any CPU.Deploy.0 = Release|x86
		{858E05E5-90AE-4DC4-B9C7-CB6540E0B886}.Debug .NET Native|ARM.ActiveCfg = Debug|ARM
		{858E05E5-90AE-4DC4-B9C7-CB6540E0B886}.Debug .NET Native|ARM.Build.0 = Debug|ARM
		{858E05E5-90AE-4DC4-B9C7-CB6540E0B886}.Debug .NET Native|ARM.Deploy.0 = Debug|ARM
		{858E05E5-90AE-4DC4-B9C7-CB6540E0B886}.Debug .NET Native|iPhone.ActiveCfg = Release|x86
		{858E05E5-90AE-4DC4-B9C7-CB6540E0B886}.Debug .NET Native|iPhone.Build.0 = Release|x86
		{858E05E5-90AE-4DC4-B9C7-CB6540E0B886}.Debug .NET Native|iPhone.Deploy.0 = Release|x86
		{858E05E5-90AE-4DC4-B9C7-CB6540E0B886}.Debug .NET Native|iPhoneSimulator.ActiveCfg = Release|x86
		{858E05E5-90AE-4DC4-B9C7-CB6540E0B886}.Debug .NET Native|iPhoneSimulator.Build.0 = Release|x86
		{858E05E5-90AE-4DC4-B9C7-CB6540E0B886}.Debug .NET Native|iPhoneSimulator.Deploy.0 = Release|x86
		{858E05E5-90AE-4DC4-B9C7-CB6540E0B886}.Debug .NET Native|Mixed Platforms.ActiveCfg = Debug|x86
		{858E05E5-90AE-4DC4-B9C7-CB6540E0B886}.Debug .NET Native|Mixed Platforms.Build.0 = Debug|x86
		{858E05E5-90AE-4DC4-B9C7-CB6540E0B886}.Debug .NET Native|Mixed Platforms.Deploy.0 = Debug|x86
		{858E05E5-90AE-4DC4-B9C7-CB6540E0B886}.Debug .NET Native|x64.ActiveCfg = Debug|x64
		{858E05E5-90AE-4DC4-B9C7-CB6540E0B886}.Debug .NET Native|x64.Build.0 = Debug|x64
		{858E05E5-90AE-4DC4-B9C7-CB6540E0B886}.Debug .NET Native|x64.Deploy.0 = Debug|x64
		{858E05E5-90AE-4DC4-B9C7-CB6540E0B886}.Debug .NET Native|x86.ActiveCfg = Debug|x86
		{858E05E5-90AE-4DC4-B9C7-CB6540E0B886}.Debug .NET Native|x86.Build.0 = Debug|x86
		{858E05E5-90AE-4DC4-B9C7-CB6540E0B886}.Debug .NET Native|x86.Deploy.0 = Debug|x86
		{858E05E5-90AE-4DC4-B9C7-CB6540E0B886}.Debug|Any CPU.ActiveCfg = Debug|x86
		{858E05E5-90AE-4DC4-B9C7-CB6540E0B886}.Debug|ARM.ActiveCfg = Debug|ARM
		{858E05E5-90AE-4DC4-B9C7-CB6540E0B886}.Debug|ARM.Build.0 = Debug|ARM
		{858E05E5-90AE-4DC4-B9C7-CB6540E0B886}.Debug|ARM.Deploy.0 = Debug|ARM
		{858E05E5-90AE-4DC4-B9C7-CB6540E0B886}.Debug|iPhone.ActiveCfg = Debug|x86
		{858E05E5-90AE-4DC4-B9C7-CB6540E0B886}.Debug|iPhoneSimulator.ActiveCfg = Debug|x86
		{858E05E5-90AE-4DC4-B9C7-CB6540E0B886}.Debug|Mixed Platforms.ActiveCfg = Debug|x86
		{858E05E5-90AE-4DC4-B9C7-CB6540E0B886}.Debug|Mixed Platforms.Deploy.0 = Debug|x86
		{858E05E5-90AE-4DC4-B9C7-CB6540E0B886}.Debug|x64.ActiveCfg = Debug|x64
		{858E05E5-90AE-4DC4-B9C7-CB6540E0B886}.Debug|x64.Build.0 = Debug|x64
		{858E05E5-90AE-4DC4-B9C7-CB6540E0B886}.Debug|x64.Deploy.0 = Debug|x64
		{858E05E5-90AE-4DC4-B9C7-CB6540E0B886}.Debug|x86.ActiveCfg = Debug|x86
		{858E05E5-90AE-4DC4-B9C7-CB6540E0B886}.Debug|x86.Build.0 = Debug|x86
		{858E05E5-90AE-4DC4-B9C7-CB6540E0B886}.Debug|x86.Deploy.0 = Debug|x86
		{858E05E5-90AE-4DC4-B9C7-CB6540E0B886}.Release|Any CPU.ActiveCfg = Release|x86
		{858E05E5-90AE-4DC4-B9C7-CB6540E0B886}.Release|Any CPU.Build.0 = Release|x86
		{858E05E5-90AE-4DC4-B9C7-CB6540E0B886}.Release|Any CPU.Deploy.0 = Release|x86
		{858E05E5-90AE-4DC4-B9C7-CB6540E0B886}.Release|ARM.ActiveCfg = Release|ARM
		{858E05E5-90AE-4DC4-B9C7-CB6540E0B886}.Release|ARM.Build.0 = Release|ARM
		{858E05E5-90AE-4DC4-B9C7-CB6540E0B886}.Release|ARM.Deploy.0 = Release|ARM
		{858E05E5-90AE-4DC4-B9C7-CB6540E0B886}.Release|iPhone.ActiveCfg = Release|x86
		{858E05E5-90AE-4DC4-B9C7-CB6540E0B886}.Release|iPhoneSimulator.ActiveCfg = Release|x86
		{858E05E5-90AE-4DC4-B9C7-CB6540E0B886}.Release|Mixed Platforms.ActiveCfg = Release|x86
		{858E05E5-90AE-4DC4-B9C7-CB6540E0B886}.Release|Mixed Platforms.Build.0 = Release|x86
		{858E05E5-90AE-4DC4-B9C7-CB6540E0B886}.Release|Mixed Platforms.Deploy.0 = Release|x86
		{858E05E5-90AE-4DC4-B9C7-CB6540E0B886}.Release|x64.ActiveCfg = Release|x64
		{858E05E5-90AE-4DC4-B9C7-CB6540E0B886}.Release|x64.Build.0 = Release|x64
		{858E05E5-90AE-4DC4-B9C7-CB6540E0B886}.Release|x64.Deploy.0 = Release|x64
		{858E05E5-90AE-4DC4-B9C7-CB6540E0B886}.Release|x86.ActiveCfg = Release|x86
		{858E05E5-90AE-4DC4-B9C7-CB6540E0B886}.Release|x86.Build.0 = Release|x86
		{858E05E5-90AE-4DC4-B9C7-CB6540E0B886}.Release|x86.Deploy.0 = Release|x86
	EndGlobalSection
	GlobalSection(SolutionProperties) = preSolution
		HideSolutionNode = FALSE
	EndGlobalSection
	GlobalSection(NestedProjects) = preSolution
		{98950ECA-3A16-4A7C-9E82-03EEB81EBDB3} = {E3B9769B-D056-49F0-A6A5-03EC36DE48F8}
		{A0D90D0B-BC16-42AA-AF74-8B49772F8406} = {6B0F38C9-7CEE-4181-A47A-D9F4C626E618}
		{BB8946FE-4D2A-4FED-8FFD-5DFBA190DB8A} = {6B0F38C9-7CEE-4181-A47A-D9F4C626E618}
		{B7C9BEBB-26C2-483B-9BE8-80A8EE523EB8} = {88D90D4D-7706-4419-8177-C21123947D78}
		{111991DA-D822-4A9F-B57B-CEF2EFC8252E} = {88D90D4D-7706-4419-8177-C21123947D78}
		{D1F45C28-A2B8-48A2-9D06-DAB9FA0BC85F} = {88D90D4D-7706-4419-8177-C21123947D78}
		{E9830344-D465-4054-9E0D-CC580E39BD34} = {E3B9769B-D056-49F0-A6A5-03EC36DE48F8}
		{8825644E-D597-49CD-8A4D-97128CCDEBEB} = {6B0F38C9-7CEE-4181-A47A-D9F4C626E618}
		{95735974-02B8-4021-9241-175558CB1150} = {88D90D4D-7706-4419-8177-C21123947D78}
		{875AC482-ABEF-4978-80B7-16BB0EB62E58} = {F8D208A4-217E-46B7-A45B-E3259B0D0B73}
		{3133B3C8-08E5-435D-84AE-0BA775FF10A7} = {6B0F38C9-7CEE-4181-A47A-D9F4C626E618}
		{2B12073E-4618-4D2D-BF9B-6B12A063FDB2} = {88D90D4D-7706-4419-8177-C21123947D78}
		{B4C6EEB4-541F-4887-A2E0-BB9513F3988E} = {F8D208A4-217E-46B7-A45B-E3259B0D0B73}
		{174CBDFD-E227-4665-BC01-B01BDA0D31C7} = {88D90D4D-7706-4419-8177-C21123947D78}
		{C75C9651-355A-4263-B64B-494B18DDE5BF} = {6B0F38C9-7CEE-4181-A47A-D9F4C626E618}
		{E7AD2705-EB5E-4C6E-B8DC-ED11BA069B75} = {6B0F38C9-7CEE-4181-A47A-D9F4C626E618}
		{E8EF8DE7-B0E6-496E-ADEC-BA912BF07398} = {88D90D4D-7706-4419-8177-C21123947D78}
		{F21C1AF5-A5AF-4349-840E-E34DA5BFA519} = {F8D208A4-217E-46B7-A45B-E3259B0D0B73}
		{37E7B2DC-D430-4FD5-8403-7F3B0E963C14} = {6B0F38C9-7CEE-4181-A47A-D9F4C626E618}
		{265A64F3-D8C2-47B3-A9E1-7480A586DA6B} = {6B0F38C9-7CEE-4181-A47A-D9F4C626E618}
		{CD8C2C87-0B12-4501-BE45-BEA8554CF548} = {6B0F38C9-7CEE-4181-A47A-D9F4C626E618}
		{090EE10C-D741-4B6C-BC03-9DF1EDC9B7D1} = {88D90D4D-7706-4419-8177-C21123947D78}
		{858E05E5-90AE-4DC4-B9C7-CB6540E0B886} = {F8D208A4-217E-46B7-A45B-E3259B0D0B73}
	EndGlobalSection
EndGlobal
