
Microsoft Visual Studio Solution File, Format Version 12.00
# Visual Studio 15
VisualStudioVersion = 15.0.26606.0
MinimumVisualStudioVersion = 10.0.40219.1
Project("{2150E333-8FDC-42A3-9474-1A3956D46DE8}") = "src", "src", "{6B0F38C9-7CEE-4181-A47A-D9F4C626E618}"
EndProject
Project("{2150E333-8FDC-42A3-9474-1A3956D46DE8}") = "test", "test", "{88D90D4D-7706-4419-8177-C21123947D78}"
EndProject
Project("{2150E333-8FDC-42A3-9474-1A3956D46DE8}") = "Misc", "Misc", "{E3B9769B-D056-49F0-A6A5-03EC36DE48F8}"
	ProjectSection(SolutionItems) = preProject
		.gitattributes = .gitattributes
		.gitignore = .gitignore
		appveyor.yml = appveyor.yml
		README.md = README.md
		version.json = version.json
		src\build\xunit.runner.devices.targets = src\build\xunit.runner.devices.targets
	EndProjectSection
EndProject
Project("{2150E333-8FDC-42A3-9474-1A3956D46DE8}") = "NuGet", "NuGet", "{98950ECA-3A16-4A7C-9E82-03EEB81EBDB3}"
	ProjectSection(SolutionItems) = preProject
		src\xunit.runner.devices.nuspec = src\xunit.runner.devices.nuspec
	EndProjectSection
EndProject
Project("{FAE04EC0-301F-11D3-BF4B-00C04F79EFBC}") = "test.xunit.pcltestlib", "test\test.xunit.pcltestlib\test.xunit.pcltestlib.csproj", "{B7C9BEBB-26C2-483B-9BE8-80A8EE523EB8}"
EndProject
Project("{FAE04EC0-301F-11D3-BF4B-00C04F79EFBC}") = "test.xunit.runner.android", "test\test.xunit.runner.android\test.xunit.runner.android.csproj", "{111991DA-D822-4A9F-B57B-CEF2EFC8252E}"
EndProject
Project("{2150E333-8FDC-42A3-9474-1A3956D46DE8}") = "Starter Files", "Starter Files", "{E9830344-D465-4054-9E0D-CC580E39BD34}"
	ProjectSection(SolutionItems) = preProject
		src\xunit.runner.wpa81\NuGet\App.xaml.cs.txt.pp = src\xunit.runner.wpa81\NuGet\App.xaml.cs.txt.pp
		src\xunit.runner.wpa81\NuGet\App.xaml.txt.pp = src\xunit.runner.wpa81\NuGet\App.xaml.txt.pp
		src\xunit.runner.ios\NuGet\AppDelegate.cs.txt.pp = src\xunit.runner.ios\NuGet\AppDelegate.cs.txt.pp
		src\xunit.runner.android\NuGet\MainActivity.cs.txt.pp = src\xunit.runner.android\NuGet\MainActivity.cs.txt.pp
		src\xunit.runner.wp8\NuGet\MainPage.xaml.cs.txt.pp = src\xunit.runner.wp8\NuGet\MainPage.xaml.cs.txt.pp
		src\xunit.runner.wp8\NuGet\MainPage.xaml.txt.pp = src\xunit.runner.wp8\NuGet\MainPage.xaml.txt.pp
	EndProjectSection
EndProject
Project("{2150E333-8FDC-42A3-9474-1A3956D46DE8}") = "integration", "integration", "{F8D208A4-217E-46B7-A45B-E3259B0D0B73}"
EndProject
Project("{FAE04EC0-301F-11D3-BF4B-00C04F79EFBC}") = "integration.iOS", "integration\iOS\integration.iOS.csproj", "{875AC482-ABEF-4978-80B7-16BB0EB62E58}"
EndProject
Project("{FAE04EC0-301F-11D3-BF4B-00C04F79EFBC}") = "test.xunit.runner.ios", "test\test.xunit.runner.ios\test.xunit.runner.ios.csproj", "{2B12073E-4618-4D2D-BF9B-6B12A063FDB2}"
EndProject
Project("{FAE04EC0-301F-11D3-BF4B-00C04F79EFBC}") = "integration.android", "integration\integration.android\integration.android.csproj", "{F21C1AF5-A5AF-4349-840E-E34DA5BFA519}"
EndProject
Project("{FAE04EC0-301F-11D3-BF4B-00C04F79EFBC}") = "test.xunit.runner.uwp", "test\test.xunit.runner.uwp\test.xunit.runner.uwp.csproj", "{090EE10C-D741-4B6C-BC03-9DF1EDC9B7D1}"
EndProject
Project("{FAE04EC0-301F-11D3-BF4B-00C04F79EFBC}") = "integration.uwp", "integration\integration.uwp\integration.uwp.csproj", "{858E05E5-90AE-4DC4-B9C7-CB6540E0B886}"
EndProject
Project("{9A19103F-16F7-4668-BE54-9A1E7A4F7556}") = "xunit.runner.devices", "src\xunit.runner.devices\xunit.runner.devices.csproj", "{4C73A814-9327-4B0B-A46E-ACFE47481817}"
EndProject
Global
	GlobalSection(SolutionConfigurationPlatforms) = preSolution
		Ad-Hoc|Any CPU = Ad-Hoc|Any CPU
		Ad-Hoc|ARM = Ad-Hoc|ARM
		Ad-Hoc|iPhone = Ad-Hoc|iPhone
		Ad-Hoc|iPhoneSimulator = Ad-Hoc|iPhoneSimulator
		Ad-Hoc|Mixed Platforms = Ad-Hoc|Mixed Platforms
		Ad-Hoc|x64 = Ad-Hoc|x64
		Ad-Hoc|x86 = Ad-Hoc|x86
		AppStore|Any CPU = AppStore|Any CPU
		AppStore|ARM = AppStore|ARM
		AppStore|iPhone = AppStore|iPhone
		AppStore|iPhoneSimulator = AppStore|iPhoneSimulator
		AppStore|Mixed Platforms = AppStore|Mixed Platforms
		AppStore|x64 = AppStore|x64
		AppStore|x86 = AppStore|x86
		Debug .NET Native|Any CPU = Debug .NET Native|Any CPU
		Debug .NET Native|ARM = Debug .NET Native|ARM
		Debug .NET Native|iPhone = Debug .NET Native|iPhone
		Debug .NET Native|iPhoneSimulator = Debug .NET Native|iPhoneSimulator
		Debug .NET Native|Mixed Platforms = Debug .NET Native|Mixed Platforms
		Debug .NET Native|x64 = Debug .NET Native|x64
		Debug .NET Native|x86 = Debug .NET Native|x86
		Debug|Any CPU = Debug|Any CPU
		Debug|ARM = Debug|ARM
		Debug|iPhone = Debug|iPhone
		Debug|iPhoneSimulator = Debug|iPhoneSimulator
		Debug|Mixed Platforms = Debug|Mixed Platforms
		Debug|x64 = Debug|x64
		Debug|x86 = Debug|x86
		Release|Any CPU = Release|Any CPU
		Release|ARM = Release|ARM
		Release|iPhone = Release|iPhone
		Release|iPhoneSimulator = Release|iPhoneSimulator
		Release|Mixed Platforms = Release|Mixed Platforms
		Release|x64 = Release|x64
		Release|x86 = Release|x86
	EndGlobalSection
	GlobalSection(ProjectConfigurationPlatforms) = postSolution
		{B7C9BEBB-26C2-483B-9BE8-80A8EE523EB8}.Ad-Hoc|Any CPU.ActiveCfg = Debug|Any CPU
		{B7C9BEBB-26C2-483B-9BE8-80A8EE523EB8}.Ad-Hoc|Any CPU.Build.0 = Debug|Any CPU
		{B7C9BEBB-26C2-483B-9BE8-80A8EE523EB8}.Ad-Hoc|ARM.ActiveCfg = Debug|Any CPU
		{B7C9BEBB-26C2-483B-9BE8-80A8EE523EB8}.Ad-Hoc|ARM.Build.0 = Debug|Any CPU
		{B7C9BEBB-26C2-483B-9BE8-80A8EE523EB8}.Ad-Hoc|iPhone.ActiveCfg = Debug|Any CPU
		{B7C9BEBB-26C2-483B-9BE8-80A8EE523EB8}.Ad-Hoc|iPhone.Build.0 = Debug|Any CPU
		{B7C9BEBB-26C2-483B-9BE8-80A8EE523EB8}.Ad-Hoc|iPhoneSimulator.ActiveCfg = Debug|Any CPU
		{B7C9BEBB-26C2-483B-9BE8-80A8EE523EB8}.Ad-Hoc|iPhoneSimulator.Build.0 = Debug|Any CPU
		{B7C9BEBB-26C2-483B-9BE8-80A8EE523EB8}.Ad-Hoc|Mixed Platforms.ActiveCfg = Debug|Any CPU
		{B7C9BEBB-26C2-483B-9BE8-80A8EE523EB8}.Ad-Hoc|Mixed Platforms.Build.0 = Debug|Any CPU
		{B7C9BEBB-26C2-483B-9BE8-80A8EE523EB8}.Ad-Hoc|x64.ActiveCfg = Debug|Any CPU
		{B7C9BEBB-26C2-483B-9BE8-80A8EE523EB8}.Ad-Hoc|x64.Build.0 = Debug|Any CPU
		{B7C9BEBB-26C2-483B-9BE8-80A8EE523EB8}.Ad-Hoc|x86.ActiveCfg = Debug|Any CPU
		{B7C9BEBB-26C2-483B-9BE8-80A8EE523EB8}.Ad-Hoc|x86.Build.0 = Debug|Any CPU
		{B7C9BEBB-26C2-483B-9BE8-80A8EE523EB8}.AppStore|Any CPU.ActiveCfg = Debug|Any CPU
		{B7C9BEBB-26C2-483B-9BE8-80A8EE523EB8}.AppStore|Any CPU.Build.0 = Debug|Any CPU
		{B7C9BEBB-26C2-483B-9BE8-80A8EE523EB8}.AppStore|ARM.ActiveCfg = Debug|Any CPU
		{B7C9BEBB-26C2-483B-9BE8-80A8EE523EB8}.AppStore|ARM.Build.0 = Debug|Any CPU
		{B7C9BEBB-26C2-483B-9BE8-80A8EE523EB8}.AppStore|iPhone.ActiveCfg = Debug|Any CPU
		{B7C9BEBB-26C2-483B-9BE8-80A8EE523EB8}.AppStore|iPhone.Build.0 = Debug|Any CPU
		{B7C9BEBB-26C2-483B-9BE8-80A8EE523EB8}.AppStore|iPhoneSimulator.ActiveCfg = Debug|Any CPU
		{B7C9BEBB-26C2-483B-9BE8-80A8EE523EB8}.AppStore|iPhoneSimulator.Build.0 = Debug|Any CPU
		{B7C9BEBB-26C2-483B-9BE8-80A8EE523EB8}.AppStore|Mixed Platforms.ActiveCfg = Debug|Any CPU
		{B7C9BEBB-26C2-483B-9BE8-80A8EE523EB8}.AppStore|Mixed Platforms.Build.0 = Debug|Any CPU
		{B7C9BEBB-26C2-483B-9BE8-80A8EE523EB8}.AppStore|x64.ActiveCfg = Debug|Any CPU
		{B7C9BEBB-26C2-483B-9BE8-80A8EE523EB8}.AppStore|x64.Build.0 = Debug|Any CPU
		{B7C9BEBB-26C2-483B-9BE8-80A8EE523EB8}.AppStore|x86.ActiveCfg = Debug|Any CPU
		{B7C9BEBB-26C2-483B-9BE8-80A8EE523EB8}.AppStore|x86.Build.0 = Debug|Any CPU
		{B7C9BEBB-26C2-483B-9BE8-80A8EE523EB8}.Debug .NET Native|Any CPU.ActiveCfg = Release|Any CPU
		{B7C9BEBB-26C2-483B-9BE8-80A8EE523EB8}.Debug .NET Native|Any CPU.Build.0 = Release|Any CPU
		{B7C9BEBB-26C2-483B-9BE8-80A8EE523EB8}.Debug .NET Native|ARM.ActiveCfg = Release|Any CPU
		{B7C9BEBB-26C2-483B-9BE8-80A8EE523EB8}.Debug .NET Native|iPhone.ActiveCfg = Release|Any CPU
		{B7C9BEBB-26C2-483B-9BE8-80A8EE523EB8}.Debug .NET Native|iPhone.Build.0 = Release|Any CPU
		{B7C9BEBB-26C2-483B-9BE8-80A8EE523EB8}.Debug .NET Native|iPhoneSimulator.ActiveCfg = Release|Any CPU
		{B7C9BEBB-26C2-483B-9BE8-80A8EE523EB8}.Debug .NET Native|Mixed Platforms.ActiveCfg = Release|Any CPU
		{B7C9BEBB-26C2-483B-9BE8-80A8EE523EB8}.Debug .NET Native|Mixed Platforms.Build.0 = Release|Any CPU
		{B7C9BEBB-26C2-483B-9BE8-80A8EE523EB8}.Debug .NET Native|x64.ActiveCfg = Release|Any CPU
		{B7C9BEBB-26C2-483B-9BE8-80A8EE523EB8}.Debug .NET Native|x64.Build.0 = Release|Any CPU
		{B7C9BEBB-26C2-483B-9BE8-80A8EE523EB8}.Debug .NET Native|x86.ActiveCfg = Release|Any CPU
		{B7C9BEBB-26C2-483B-9BE8-80A8EE523EB8}.Debug|Any CPU.ActiveCfg = Debug|Any CPU
		{B7C9BEBB-26C2-483B-9BE8-80A8EE523EB8}.Debug|Any CPU.Build.0 = Debug|Any CPU
		{B7C9BEBB-26C2-483B-9BE8-80A8EE523EB8}.Debug|ARM.ActiveCfg = Debug|Any CPU
		{B7C9BEBB-26C2-483B-9BE8-80A8EE523EB8}.Debug|iPhone.ActiveCfg = Debug|Any CPU
		{B7C9BEBB-26C2-483B-9BE8-80A8EE523EB8}.Debug|iPhoneSimulator.ActiveCfg = Debug|Any CPU
		{B7C9BEBB-26C2-483B-9BE8-80A8EE523EB8}.Debug|iPhoneSimulator.Build.0 = Debug|Any CPU
		{B7C9BEBB-26C2-483B-9BE8-80A8EE523EB8}.Debug|Mixed Platforms.ActiveCfg = Debug|Any CPU
		{B7C9BEBB-26C2-483B-9BE8-80A8EE523EB8}.Debug|Mixed Platforms.Build.0 = Debug|Any CPU
		{B7C9BEBB-26C2-483B-9BE8-80A8EE523EB8}.Debug|x64.ActiveCfg = Debug|Any CPU
		{B7C9BEBB-26C2-483B-9BE8-80A8EE523EB8}.Debug|x64.Build.0 = Debug|Any CPU
		{B7C9BEBB-26C2-483B-9BE8-80A8EE523EB8}.Debug|x86.ActiveCfg = Debug|Any CPU
		{B7C9BEBB-26C2-483B-9BE8-80A8EE523EB8}.Release|Any CPU.ActiveCfg = Release|Any CPU
		{B7C9BEBB-26C2-483B-9BE8-80A8EE523EB8}.Release|Any CPU.Build.0 = Release|Any CPU
		{B7C9BEBB-26C2-483B-9BE8-80A8EE523EB8}.Release|ARM.ActiveCfg = Release|Any CPU
		{B7C9BEBB-26C2-483B-9BE8-80A8EE523EB8}.Release|iPhone.ActiveCfg = Release|Any CPU
		{B7C9BEBB-26C2-483B-9BE8-80A8EE523EB8}.Release|iPhone.Build.0 = Release|Any CPU
		{B7C9BEBB-26C2-483B-9BE8-80A8EE523EB8}.Release|iPhoneSimulator.ActiveCfg = Release|Any CPU
		{B7C9BEBB-26C2-483B-9BE8-80A8EE523EB8}.Release|Mixed Platforms.ActiveCfg = Release|Any CPU
		{B7C9BEBB-26C2-483B-9BE8-80A8EE523EB8}.Release|Mixed Platforms.Build.0 = Release|Any CPU
		{B7C9BEBB-26C2-483B-9BE8-80A8EE523EB8}.Release|x64.ActiveCfg = Release|Any CPU
		{B7C9BEBB-26C2-483B-9BE8-80A8EE523EB8}.Release|x64.Build.0 = Release|Any CPU
		{B7C9BEBB-26C2-483B-9BE8-80A8EE523EB8}.Release|x86.ActiveCfg = Release|Any CPU
		{111991DA-D822-4A9F-B57B-CEF2EFC8252E}.Ad-Hoc|Any CPU.ActiveCfg = Debug|Any CPU
		{111991DA-D822-4A9F-B57B-CEF2EFC8252E}.Ad-Hoc|Any CPU.Build.0 = Debug|Any CPU
		{111991DA-D822-4A9F-B57B-CEF2EFC8252E}.Ad-Hoc|Any CPU.Deploy.0 = Debug|Any CPU
		{111991DA-D822-4A9F-B57B-CEF2EFC8252E}.Ad-Hoc|ARM.ActiveCfg = Debug|Any CPU
		{111991DA-D822-4A9F-B57B-CEF2EFC8252E}.Ad-Hoc|ARM.Build.0 = Debug|Any CPU
		{111991DA-D822-4A9F-B57B-CEF2EFC8252E}.Ad-Hoc|ARM.Deploy.0 = Debug|Any CPU
		{111991DA-D822-4A9F-B57B-CEF2EFC8252E}.Ad-Hoc|iPhone.ActiveCfg = Debug|Any CPU
		{111991DA-D822-4A9F-B57B-CEF2EFC8252E}.Ad-Hoc|iPhone.Build.0 = Debug|Any CPU
		{111991DA-D822-4A9F-B57B-CEF2EFC8252E}.Ad-Hoc|iPhone.Deploy.0 = Debug|Any CPU
		{111991DA-D822-4A9F-B57B-CEF2EFC8252E}.Ad-Hoc|iPhoneSimulator.ActiveCfg = Debug|Any CPU
		{111991DA-D822-4A9F-B57B-CEF2EFC8252E}.Ad-Hoc|iPhoneSimulator.Build.0 = Debug|Any CPU
		{111991DA-D822-4A9F-B57B-CEF2EFC8252E}.Ad-Hoc|iPhoneSimulator.Deploy.0 = Debug|Any CPU
		{111991DA-D822-4A9F-B57B-CEF2EFC8252E}.Ad-Hoc|Mixed Platforms.ActiveCfg = Debug|Any CPU
		{111991DA-D822-4A9F-B57B-CEF2EFC8252E}.Ad-Hoc|Mixed Platforms.Build.0 = Debug|Any CPU
		{111991DA-D822-4A9F-B57B-CEF2EFC8252E}.Ad-Hoc|Mixed Platforms.Deploy.0 = Debug|Any CPU
		{111991DA-D822-4A9F-B57B-CEF2EFC8252E}.Ad-Hoc|x64.ActiveCfg = Debug|Any CPU
		{111991DA-D822-4A9F-B57B-CEF2EFC8252E}.Ad-Hoc|x64.Build.0 = Debug|Any CPU
		{111991DA-D822-4A9F-B57B-CEF2EFC8252E}.Ad-Hoc|x64.Deploy.0 = Debug|Any CPU
		{111991DA-D822-4A9F-B57B-CEF2EFC8252E}.Ad-Hoc|x86.ActiveCfg = Debug|Any CPU
		{111991DA-D822-4A9F-B57B-CEF2EFC8252E}.Ad-Hoc|x86.Build.0 = Debug|Any CPU
		{111991DA-D822-4A9F-B57B-CEF2EFC8252E}.Ad-Hoc|x86.Deploy.0 = Debug|Any CPU
		{111991DA-D822-4A9F-B57B-CEF2EFC8252E}.AppStore|Any CPU.ActiveCfg = Debug|Any CPU
		{111991DA-D822-4A9F-B57B-CEF2EFC8252E}.AppStore|Any CPU.Build.0 = Debug|Any CPU
		{111991DA-D822-4A9F-B57B-CEF2EFC8252E}.AppStore|Any CPU.Deploy.0 = Debug|Any CPU
		{111991DA-D822-4A9F-B57B-CEF2EFC8252E}.AppStore|ARM.ActiveCfg = Debug|Any CPU
		{111991DA-D822-4A9F-B57B-CEF2EFC8252E}.AppStore|ARM.Build.0 = Debug|Any CPU
		{111991DA-D822-4A9F-B57B-CEF2EFC8252E}.AppStore|ARM.Deploy.0 = Debug|Any CPU
		{111991DA-D822-4A9F-B57B-CEF2EFC8252E}.AppStore|iPhone.ActiveCfg = Debug|Any CPU
		{111991DA-D822-4A9F-B57B-CEF2EFC8252E}.AppStore|iPhone.Build.0 = Debug|Any CPU
		{111991DA-D822-4A9F-B57B-CEF2EFC8252E}.AppStore|iPhone.Deploy.0 = Debug|Any CPU
		{111991DA-D822-4A9F-B57B-CEF2EFC8252E}.AppStore|iPhoneSimulator.ActiveCfg = Debug|Any CPU
		{111991DA-D822-4A9F-B57B-CEF2EFC8252E}.AppStore|iPhoneSimulator.Build.0 = Debug|Any CPU
		{111991DA-D822-4A9F-B57B-CEF2EFC8252E}.AppStore|iPhoneSimulator.Deploy.0 = Debug|Any CPU
		{111991DA-D822-4A9F-B57B-CEF2EFC8252E}.AppStore|Mixed Platforms.ActiveCfg = Debug|Any CPU
		{111991DA-D822-4A9F-B57B-CEF2EFC8252E}.AppStore|Mixed Platforms.Build.0 = Debug|Any CPU
		{111991DA-D822-4A9F-B57B-CEF2EFC8252E}.AppStore|Mixed Platforms.Deploy.0 = Debug|Any CPU
		{111991DA-D822-4A9F-B57B-CEF2EFC8252E}.AppStore|x64.ActiveCfg = Debug|Any CPU
		{111991DA-D822-4A9F-B57B-CEF2EFC8252E}.AppStore|x64.Build.0 = Debug|Any CPU
		{111991DA-D822-4A9F-B57B-CEF2EFC8252E}.AppStore|x64.Deploy.0 = Debug|Any CPU
		{111991DA-D822-4A9F-B57B-CEF2EFC8252E}.AppStore|x86.ActiveCfg = Debug|Any CPU
		{111991DA-D822-4A9F-B57B-CEF2EFC8252E}.AppStore|x86.Build.0 = Debug|Any CPU
		{111991DA-D822-4A9F-B57B-CEF2EFC8252E}.AppStore|x86.Deploy.0 = Debug|Any CPU
		{111991DA-D822-4A9F-B57B-CEF2EFC8252E}.Debug .NET Native|Any CPU.ActiveCfg = Release|Any CPU
		{111991DA-D822-4A9F-B57B-CEF2EFC8252E}.Debug .NET Native|Any CPU.Build.0 = Release|Any CPU
		{111991DA-D822-4A9F-B57B-CEF2EFC8252E}.Debug .NET Native|Any CPU.Deploy.0 = Release|Any CPU
		{111991DA-D822-4A9F-B57B-CEF2EFC8252E}.Debug .NET Native|ARM.ActiveCfg = Release|Any CPU
		{111991DA-D822-4A9F-B57B-CEF2EFC8252E}.Debug .NET Native|iPhone.ActiveCfg = Release|Any CPU
		{111991DA-D822-4A9F-B57B-CEF2EFC8252E}.Debug .NET Native|iPhoneSimulator.ActiveCfg = Release|Any CPU
		{111991DA-D822-4A9F-B57B-CEF2EFC8252E}.Debug .NET Native|Mixed Platforms.ActiveCfg = Release|Any CPU
		{111991DA-D822-4A9F-B57B-CEF2EFC8252E}.Debug .NET Native|x64.ActiveCfg = Release|Any CPU
		{111991DA-D822-4A9F-B57B-CEF2EFC8252E}.Debug .NET Native|x64.Build.0 = Release|Any CPU
		{111991DA-D822-4A9F-B57B-CEF2EFC8252E}.Debug .NET Native|x64.Deploy.0 = Release|Any CPU
		{111991DA-D822-4A9F-B57B-CEF2EFC8252E}.Debug .NET Native|x86.ActiveCfg = Release|Any CPU
		{111991DA-D822-4A9F-B57B-CEF2EFC8252E}.Debug|Any CPU.ActiveCfg = Debug|Any CPU
		{111991DA-D822-4A9F-B57B-CEF2EFC8252E}.Debug|Any CPU.Build.0 = Debug|Any CPU
		{111991DA-D822-4A9F-B57B-CEF2EFC8252E}.Debug|Any CPU.Deploy.0 = Debug|Any CPU
		{111991DA-D822-4A9F-B57B-CEF2EFC8252E}.Debug|ARM.ActiveCfg = Debug|Any CPU
		{111991DA-D822-4A9F-B57B-CEF2EFC8252E}.Debug|iPhone.ActiveCfg = Debug|Any CPU
		{111991DA-D822-4A9F-B57B-CEF2EFC8252E}.Debug|iPhoneSimulator.ActiveCfg = Debug|Any CPU
		{111991DA-D822-4A9F-B57B-CEF2EFC8252E}.Debug|Mixed Platforms.ActiveCfg = Debug|Any CPU
		{111991DA-D822-4A9F-B57B-CEF2EFC8252E}.Debug|Mixed Platforms.Build.0 = Debug|Any CPU
		{111991DA-D822-4A9F-B57B-CEF2EFC8252E}.Debug|Mixed Platforms.Deploy.0 = Debug|Any CPU
		{111991DA-D822-4A9F-B57B-CEF2EFC8252E}.Debug|x64.ActiveCfg = Debug|Any CPU
		{111991DA-D822-4A9F-B57B-CEF2EFC8252E}.Debug|x64.Build.0 = Debug|Any CPU
		{111991DA-D822-4A9F-B57B-CEF2EFC8252E}.Debug|x64.Deploy.0 = Debug|Any CPU
		{111991DA-D822-4A9F-B57B-CEF2EFC8252E}.Debug|x86.ActiveCfg = Debug|Any CPU
		{111991DA-D822-4A9F-B57B-CEF2EFC8252E}.Release|Any CPU.ActiveCfg = Release|Any CPU
		{111991DA-D822-4A9F-B57B-CEF2EFC8252E}.Release|Any CPU.Build.0 = Release|Any CPU
		{111991DA-D822-4A9F-B57B-CEF2EFC8252E}.Release|Any CPU.Deploy.0 = Release|Any CPU
		{111991DA-D822-4A9F-B57B-CEF2EFC8252E}.Release|ARM.ActiveCfg = Release|Any CPU
		{111991DA-D822-4A9F-B57B-CEF2EFC8252E}.Release|iPhone.ActiveCfg = Release|Any CPU
		{111991DA-D822-4A9F-B57B-CEF2EFC8252E}.Release|iPhoneSimulator.ActiveCfg = Release|Any CPU
		{111991DA-D822-4A9F-B57B-CEF2EFC8252E}.Release|Mixed Platforms.ActiveCfg = Release|Any CPU
		{111991DA-D822-4A9F-B57B-CEF2EFC8252E}.Release|Mixed Platforms.Build.0 = Release|Any CPU
		{111991DA-D822-4A9F-B57B-CEF2EFC8252E}.Release|Mixed Platforms.Deploy.0 = Release|Any CPU
		{111991DA-D822-4A9F-B57B-CEF2EFC8252E}.Release|x64.ActiveCfg = Release|Any CPU
		{111991DA-D822-4A9F-B57B-CEF2EFC8252E}.Release|x64.Build.0 = Release|Any CPU
		{111991DA-D822-4A9F-B57B-CEF2EFC8252E}.Release|x64.Deploy.0 = Release|Any CPU
		{111991DA-D822-4A9F-B57B-CEF2EFC8252E}.Release|x86.ActiveCfg = Release|Any CPU
		{875AC482-ABEF-4978-80B7-16BB0EB62E58}.Ad-Hoc|Any CPU.ActiveCfg = Ad-Hoc|iPhone
		{875AC482-ABEF-4978-80B7-16BB0EB62E58}.Ad-Hoc|ARM.ActiveCfg = Ad-Hoc|iPhone
		{875AC482-ABEF-4978-80B7-16BB0EB62E58}.Ad-Hoc|iPhone.ActiveCfg = Ad-Hoc|iPhone
		{875AC482-ABEF-4978-80B7-16BB0EB62E58}.Ad-Hoc|iPhone.Build.0 = Ad-Hoc|iPhone
		{875AC482-ABEF-4978-80B7-16BB0EB62E58}.Ad-Hoc|iPhoneSimulator.ActiveCfg = Ad-Hoc|iPhoneSimulator
		{875AC482-ABEF-4978-80B7-16BB0EB62E58}.Ad-Hoc|iPhoneSimulator.Build.0 = Ad-Hoc|iPhoneSimulator
		{875AC482-ABEF-4978-80B7-16BB0EB62E58}.Ad-Hoc|Mixed Platforms.ActiveCfg = Ad-Hoc|iPhone
		{875AC482-ABEF-4978-80B7-16BB0EB62E58}.Ad-Hoc|Mixed Platforms.Build.0 = Ad-Hoc|iPhone
		{875AC482-ABEF-4978-80B7-16BB0EB62E58}.Ad-Hoc|x64.ActiveCfg = Ad-Hoc|iPhone
		{875AC482-ABEF-4978-80B7-16BB0EB62E58}.Ad-Hoc|x86.ActiveCfg = Ad-Hoc|iPhone
		{875AC482-ABEF-4978-80B7-16BB0EB62E58}.AppStore|Any CPU.ActiveCfg = AppStore|iPhone
		{875AC482-ABEF-4978-80B7-16BB0EB62E58}.AppStore|ARM.ActiveCfg = AppStore|iPhone
		{875AC482-ABEF-4978-80B7-16BB0EB62E58}.AppStore|iPhone.ActiveCfg = AppStore|iPhone
		{875AC482-ABEF-4978-80B7-16BB0EB62E58}.AppStore|iPhone.Build.0 = AppStore|iPhone
		{875AC482-ABEF-4978-80B7-16BB0EB62E58}.AppStore|iPhoneSimulator.ActiveCfg = AppStore|iPhoneSimulator
		{875AC482-ABEF-4978-80B7-16BB0EB62E58}.AppStore|iPhoneSimulator.Build.0 = AppStore|iPhoneSimulator
		{875AC482-ABEF-4978-80B7-16BB0EB62E58}.AppStore|Mixed Platforms.ActiveCfg = AppStore|iPhone
		{875AC482-ABEF-4978-80B7-16BB0EB62E58}.AppStore|Mixed Platforms.Build.0 = AppStore|iPhone
		{875AC482-ABEF-4978-80B7-16BB0EB62E58}.AppStore|x64.ActiveCfg = AppStore|iPhone
		{875AC482-ABEF-4978-80B7-16BB0EB62E58}.AppStore|x86.ActiveCfg = AppStore|iPhone
		{875AC482-ABEF-4978-80B7-16BB0EB62E58}.Debug .NET Native|Any CPU.ActiveCfg = Release|iPhone
		{875AC482-ABEF-4978-80B7-16BB0EB62E58}.Debug .NET Native|ARM.ActiveCfg = Release|iPhone
		{875AC482-ABEF-4978-80B7-16BB0EB62E58}.Debug .NET Native|iPhone.ActiveCfg = Release|iPhone
		{875AC482-ABEF-4978-80B7-16BB0EB62E58}.Debug .NET Native|iPhone.Build.0 = Release|iPhone
		{875AC482-ABEF-4978-80B7-16BB0EB62E58}.Debug .NET Native|iPhoneSimulator.ActiveCfg = Release|iPhoneSimulator
		{875AC482-ABEF-4978-80B7-16BB0EB62E58}.Debug .NET Native|iPhoneSimulator.Build.0 = Release|iPhoneSimulator
		{875AC482-ABEF-4978-80B7-16BB0EB62E58}.Debug .NET Native|Mixed Platforms.ActiveCfg = Release|iPhone
		{875AC482-ABEF-4978-80B7-16BB0EB62E58}.Debug .NET Native|x64.ActiveCfg = Release|iPhoneSimulator
		{875AC482-ABEF-4978-80B7-16BB0EB62E58}.Debug .NET Native|x86.ActiveCfg = Release|iPhone
		{875AC482-ABEF-4978-80B7-16BB0EB62E58}.Debug|Any CPU.ActiveCfg = Debug|iPhone
		{875AC482-ABEF-4978-80B7-16BB0EB62E58}.Debug|ARM.ActiveCfg = Debug|iPhone
		{875AC482-ABEF-4978-80B7-16BB0EB62E58}.Debug|iPhone.ActiveCfg = Debug|iPhone
		{875AC482-ABEF-4978-80B7-16BB0EB62E58}.Debug|iPhone.Build.0 = Debug|iPhone
		{875AC482-ABEF-4978-80B7-16BB0EB62E58}.Debug|iPhoneSimulator.ActiveCfg = Debug|iPhoneSimulator
		{875AC482-ABEF-4978-80B7-16BB0EB62E58}.Debug|iPhoneSimulator.Build.0 = Debug|iPhoneSimulator
		{875AC482-ABEF-4978-80B7-16BB0EB62E58}.Debug|Mixed Platforms.ActiveCfg = Debug|iPhoneSimulator
		{875AC482-ABEF-4978-80B7-16BB0EB62E58}.Debug|x64.ActiveCfg = Debug|iPhoneSimulator
		{875AC482-ABEF-4978-80B7-16BB0EB62E58}.Debug|x86.ActiveCfg = Debug|iPhone
		{875AC482-ABEF-4978-80B7-16BB0EB62E58}.Release|Any CPU.ActiveCfg = Release|iPhone
		{875AC482-ABEF-4978-80B7-16BB0EB62E58}.Release|ARM.ActiveCfg = Release|iPhone
		{875AC482-ABEF-4978-80B7-16BB0EB62E58}.Release|iPhone.ActiveCfg = Release|iPhone
		{875AC482-ABEF-4978-80B7-16BB0EB62E58}.Release|iPhone.Build.0 = Release|iPhone
		{875AC482-ABEF-4978-80B7-16BB0EB62E58}.Release|iPhoneSimulator.ActiveCfg = Release|iPhoneSimulator
		{875AC482-ABEF-4978-80B7-16BB0EB62E58}.Release|iPhoneSimulator.Build.0 = Release|iPhoneSimulator
		{875AC482-ABEF-4978-80B7-16BB0EB62E58}.Release|Mixed Platforms.ActiveCfg = Release|iPhone
		{875AC482-ABEF-4978-80B7-16BB0EB62E58}.Release|Mixed Platforms.Build.0 = Release|iPhone
		{875AC482-ABEF-4978-80B7-16BB0EB62E58}.Release|x64.ActiveCfg = Release|iPhoneSimulator
		{875AC482-ABEF-4978-80B7-16BB0EB62E58}.Release|x86.ActiveCfg = Release|iPhone
		{2B12073E-4618-4D2D-BF9B-6B12A063FDB2}.Ad-Hoc|Any CPU.ActiveCfg = Ad-Hoc|iPhone
		{2B12073E-4618-4D2D-BF9B-6B12A063FDB2}.Ad-Hoc|ARM.ActiveCfg = Ad-Hoc|iPhone
		{2B12073E-4618-4D2D-BF9B-6B12A063FDB2}.Ad-Hoc|iPhone.ActiveCfg = Ad-Hoc|iPhone
		{2B12073E-4618-4D2D-BF9B-6B12A063FDB2}.Ad-Hoc|iPhone.Build.0 = Ad-Hoc|iPhone
		{2B12073E-4618-4D2D-BF9B-6B12A063FDB2}.Ad-Hoc|iPhoneSimulator.ActiveCfg = Ad-Hoc|iPhoneSimulator
		{2B12073E-4618-4D2D-BF9B-6B12A063FDB2}.Ad-Hoc|iPhoneSimulator.Build.0 = Ad-Hoc|iPhoneSimulator
		{2B12073E-4618-4D2D-BF9B-6B12A063FDB2}.Ad-Hoc|Mixed Platforms.ActiveCfg = Ad-Hoc|iPhone
		{2B12073E-4618-4D2D-BF9B-6B12A063FDB2}.Ad-Hoc|Mixed Platforms.Build.0 = Ad-Hoc|iPhone
		{2B12073E-4618-4D2D-BF9B-6B12A063FDB2}.Ad-Hoc|x64.ActiveCfg = Ad-Hoc|iPhone
		{2B12073E-4618-4D2D-BF9B-6B12A063FDB2}.Ad-Hoc|x86.ActiveCfg = Ad-Hoc|iPhone
		{2B12073E-4618-4D2D-BF9B-6B12A063FDB2}.AppStore|Any CPU.ActiveCfg = AppStore|iPhone
		{2B12073E-4618-4D2D-BF9B-6B12A063FDB2}.AppStore|ARM.ActiveCfg = AppStore|iPhone
		{2B12073E-4618-4D2D-BF9B-6B12A063FDB2}.AppStore|iPhone.ActiveCfg = AppStore|iPhone
		{2B12073E-4618-4D2D-BF9B-6B12A063FDB2}.AppStore|iPhone.Build.0 = AppStore|iPhone
		{2B12073E-4618-4D2D-BF9B-6B12A063FDB2}.AppStore|iPhoneSimulator.ActiveCfg = AppStore|iPhoneSimulator
		{2B12073E-4618-4D2D-BF9B-6B12A063FDB2}.AppStore|iPhoneSimulator.Build.0 = AppStore|iPhoneSimulator
		{2B12073E-4618-4D2D-BF9B-6B12A063FDB2}.AppStore|Mixed Platforms.ActiveCfg = AppStore|iPhone
		{2B12073E-4618-4D2D-BF9B-6B12A063FDB2}.AppStore|Mixed Platforms.Build.0 = AppStore|iPhone
		{2B12073E-4618-4D2D-BF9B-6B12A063FDB2}.AppStore|x64.ActiveCfg = AppStore|iPhone
		{2B12073E-4618-4D2D-BF9B-6B12A063FDB2}.AppStore|x86.ActiveCfg = AppStore|iPhone
		{2B12073E-4618-4D2D-BF9B-6B12A063FDB2}.Debug .NET Native|Any CPU.ActiveCfg = AppStore|iPhone
		{2B12073E-4618-4D2D-BF9B-6B12A063FDB2}.Debug .NET Native|Any CPU.Build.0 = AppStore|iPhone
		{2B12073E-4618-4D2D-BF9B-6B12A063FDB2}.Debug .NET Native|ARM.ActiveCfg = AppStore|iPhone
		{2B12073E-4618-4D2D-BF9B-6B12A063FDB2}.Debug .NET Native|ARM.Build.0 = AppStore|iPhone
		{2B12073E-4618-4D2D-BF9B-6B12A063FDB2}.Debug .NET Native|iPhone.ActiveCfg = Debug|iPhone
		{2B12073E-4618-4D2D-BF9B-6B12A063FDB2}.Debug .NET Native|iPhone.Build.0 = Debug|iPhone
		{2B12073E-4618-4D2D-BF9B-6B12A063FDB2}.Debug .NET Native|iPhoneSimulator.ActiveCfg = Debug|iPhoneSimulator
		{2B12073E-4618-4D2D-BF9B-6B12A063FDB2}.Debug .NET Native|iPhoneSimulator.Build.0 = Debug|iPhoneSimulator
		{2B12073E-4618-4D2D-BF9B-6B12A063FDB2}.Debug .NET Native|Mixed Platforms.ActiveCfg = Debug|iPhone
		{2B12073E-4618-4D2D-BF9B-6B12A063FDB2}.Debug .NET Native|Mixed Platforms.Build.0 = Debug|iPhone
		{2B12073E-4618-4D2D-BF9B-6B12A063FDB2}.Debug .NET Native|x64.ActiveCfg = AppStore|iPhone
		{2B12073E-4618-4D2D-BF9B-6B12A063FDB2}.Debug .NET Native|x64.Build.0 = AppStore|iPhone
		{2B12073E-4618-4D2D-BF9B-6B12A063FDB2}.Debug .NET Native|x86.ActiveCfg = AppStore|iPhone
		{2B12073E-4618-4D2D-BF9B-6B12A063FDB2}.Debug .NET Native|x86.Build.0 = AppStore|iPhone
		{2B12073E-4618-4D2D-BF9B-6B12A063FDB2}.Debug|Any CPU.ActiveCfg = Debug|iPhoneSimulator
		{2B12073E-4618-4D2D-BF9B-6B12A063FDB2}.Debug|ARM.ActiveCfg = Debug|iPhone
		{2B12073E-4618-4D2D-BF9B-6B12A063FDB2}.Debug|iPhone.ActiveCfg = Debug|iPhone
		{2B12073E-4618-4D2D-BF9B-6B12A063FDB2}.Debug|iPhone.Build.0 = Debug|iPhone
		{2B12073E-4618-4D2D-BF9B-6B12A063FDB2}.Debug|iPhoneSimulator.ActiveCfg = Debug|iPhoneSimulator
		{2B12073E-4618-4D2D-BF9B-6B12A063FDB2}.Debug|iPhoneSimulator.Build.0 = Debug|iPhoneSimulator
		{2B12073E-4618-4D2D-BF9B-6B12A063FDB2}.Debug|Mixed Platforms.ActiveCfg = Debug|iPhoneSimulator
		{2B12073E-4618-4D2D-BF9B-6B12A063FDB2}.Debug|Mixed Platforms.Build.0 = Debug|iPhoneSimulator
		{2B12073E-4618-4D2D-BF9B-6B12A063FDB2}.Debug|x64.ActiveCfg = Debug|iPhone
		{2B12073E-4618-4D2D-BF9B-6B12A063FDB2}.Debug|x86.ActiveCfg = Debug|iPhone
		{2B12073E-4618-4D2D-BF9B-6B12A063FDB2}.Release|Any CPU.ActiveCfg = Release|iPhone
		{2B12073E-4618-4D2D-BF9B-6B12A063FDB2}.Release|ARM.ActiveCfg = Release|iPhone
		{2B12073E-4618-4D2D-BF9B-6B12A063FDB2}.Release|iPhone.ActiveCfg = Release|iPhone
		{2B12073E-4618-4D2D-BF9B-6B12A063FDB2}.Release|iPhone.Build.0 = Release|iPhone
		{2B12073E-4618-4D2D-BF9B-6B12A063FDB2}.Release|iPhoneSimulator.ActiveCfg = Release|iPhoneSimulator
		{2B12073E-4618-4D2D-BF9B-6B12A063FDB2}.Release|iPhoneSimulator.Build.0 = Release|iPhoneSimulator
		{2B12073E-4618-4D2D-BF9B-6B12A063FDB2}.Release|Mixed Platforms.ActiveCfg = Release|iPhone
		{2B12073E-4618-4D2D-BF9B-6B12A063FDB2}.Release|Mixed Platforms.Build.0 = Release|iPhone
		{2B12073E-4618-4D2D-BF9B-6B12A063FDB2}.Release|x64.ActiveCfg = Release|iPhone
		{2B12073E-4618-4D2D-BF9B-6B12A063FDB2}.Release|x86.ActiveCfg = Release|iPhone
		{F21C1AF5-A5AF-4349-840E-E34DA5BFA519}.Ad-Hoc|Any CPU.ActiveCfg = Debug|Any CPU
		{F21C1AF5-A5AF-4349-840E-E34DA5BFA519}.Ad-Hoc|Any CPU.Build.0 = Debug|Any CPU
		{F21C1AF5-A5AF-4349-840E-E34DA5BFA519}.Ad-Hoc|Any CPU.Deploy.0 = Debug|Any CPU
		{F21C1AF5-A5AF-4349-840E-E34DA5BFA519}.Ad-Hoc|ARM.ActiveCfg = Debug|Any CPU
		{F21C1AF5-A5AF-4349-840E-E34DA5BFA519}.Ad-Hoc|ARM.Build.0 = Debug|Any CPU
		{F21C1AF5-A5AF-4349-840E-E34DA5BFA519}.Ad-Hoc|ARM.Deploy.0 = Debug|Any CPU
		{F21C1AF5-A5AF-4349-840E-E34DA5BFA519}.Ad-Hoc|iPhone.ActiveCfg = Debug|Any CPU
		{F21C1AF5-A5AF-4349-840E-E34DA5BFA519}.Ad-Hoc|iPhone.Build.0 = Debug|Any CPU
		{F21C1AF5-A5AF-4349-840E-E34DA5BFA519}.Ad-Hoc|iPhone.Deploy.0 = Debug|Any CPU
		{F21C1AF5-A5AF-4349-840E-E34DA5BFA519}.Ad-Hoc|iPhoneSimulator.ActiveCfg = Debug|Any CPU
		{F21C1AF5-A5AF-4349-840E-E34DA5BFA519}.Ad-Hoc|iPhoneSimulator.Build.0 = Debug|Any CPU
		{F21C1AF5-A5AF-4349-840E-E34DA5BFA519}.Ad-Hoc|iPhoneSimulator.Deploy.0 = Debug|Any CPU
		{F21C1AF5-A5AF-4349-840E-E34DA5BFA519}.Ad-Hoc|Mixed Platforms.ActiveCfg = Debug|Any CPU
		{F21C1AF5-A5AF-4349-840E-E34DA5BFA519}.Ad-Hoc|Mixed Platforms.Build.0 = Debug|Any CPU
		{F21C1AF5-A5AF-4349-840E-E34DA5BFA519}.Ad-Hoc|Mixed Platforms.Deploy.0 = Debug|Any CPU
		{F21C1AF5-A5AF-4349-840E-E34DA5BFA519}.Ad-Hoc|x64.ActiveCfg = Debug|Any CPU
		{F21C1AF5-A5AF-4349-840E-E34DA5BFA519}.Ad-Hoc|x64.Build.0 = Debug|Any CPU
		{F21C1AF5-A5AF-4349-840E-E34DA5BFA519}.Ad-Hoc|x64.Deploy.0 = Debug|Any CPU
		{F21C1AF5-A5AF-4349-840E-E34DA5BFA519}.Ad-Hoc|x86.ActiveCfg = Debug|Any CPU
		{F21C1AF5-A5AF-4349-840E-E34DA5BFA519}.Ad-Hoc|x86.Build.0 = Debug|Any CPU
		{F21C1AF5-A5AF-4349-840E-E34DA5BFA519}.Ad-Hoc|x86.Deploy.0 = Debug|Any CPU
		{F21C1AF5-A5AF-4349-840E-E34DA5BFA519}.AppStore|Any CPU.ActiveCfg = Debug|Any CPU
		{F21C1AF5-A5AF-4349-840E-E34DA5BFA519}.AppStore|Any CPU.Build.0 = Debug|Any CPU
		{F21C1AF5-A5AF-4349-840E-E34DA5BFA519}.AppStore|Any CPU.Deploy.0 = Debug|Any CPU
		{F21C1AF5-A5AF-4349-840E-E34DA5BFA519}.AppStore|ARM.ActiveCfg = Debug|Any CPU
		{F21C1AF5-A5AF-4349-840E-E34DA5BFA519}.AppStore|ARM.Build.0 = Debug|Any CPU
		{F21C1AF5-A5AF-4349-840E-E34DA5BFA519}.AppStore|ARM.Deploy.0 = Debug|Any CPU
		{F21C1AF5-A5AF-4349-840E-E34DA5BFA519}.AppStore|iPhone.ActiveCfg = Debug|Any CPU
		{F21C1AF5-A5AF-4349-840E-E34DA5BFA519}.AppStore|iPhone.Build.0 = Debug|Any CPU
		{F21C1AF5-A5AF-4349-840E-E34DA5BFA519}.AppStore|iPhone.Deploy.0 = Debug|Any CPU
		{F21C1AF5-A5AF-4349-840E-E34DA5BFA519}.AppStore|iPhoneSimulator.ActiveCfg = Debug|Any CPU
		{F21C1AF5-A5AF-4349-840E-E34DA5BFA519}.AppStore|iPhoneSimulator.Build.0 = Debug|Any CPU
		{F21C1AF5-A5AF-4349-840E-E34DA5BFA519}.AppStore|iPhoneSimulator.Deploy.0 = Debug|Any CPU
		{F21C1AF5-A5AF-4349-840E-E34DA5BFA519}.AppStore|Mixed Platforms.ActiveCfg = Debug|Any CPU
		{F21C1AF5-A5AF-4349-840E-E34DA5BFA519}.AppStore|Mixed Platforms.Build.0 = Debug|Any CPU
		{F21C1AF5-A5AF-4349-840E-E34DA5BFA519}.AppStore|Mixed Platforms.Deploy.0 = Debug|Any CPU
		{F21C1AF5-A5AF-4349-840E-E34DA5BFA519}.AppStore|x64.ActiveCfg = Debug|Any CPU
		{F21C1AF5-A5AF-4349-840E-E34DA5BFA519}.AppStore|x64.Build.0 = Debug|Any CPU
		{F21C1AF5-A5AF-4349-840E-E34DA5BFA519}.AppStore|x64.Deploy.0 = Debug|Any CPU
		{F21C1AF5-A5AF-4349-840E-E34DA5BFA519}.AppStore|x86.ActiveCfg = Debug|Any CPU
		{F21C1AF5-A5AF-4349-840E-E34DA5BFA519}.AppStore|x86.Build.0 = Debug|Any CPU
		{F21C1AF5-A5AF-4349-840E-E34DA5BFA519}.AppStore|x86.Deploy.0 = Debug|Any CPU
		{F21C1AF5-A5AF-4349-840E-E34DA5BFA519}.Debug .NET Native|Any CPU.ActiveCfg = Release|Any CPU
		{F21C1AF5-A5AF-4349-840E-E34DA5BFA519}.Debug .NET Native|Any CPU.Build.0 = Release|Any CPU
		{F21C1AF5-A5AF-4349-840E-E34DA5BFA519}.Debug .NET Native|ARM.ActiveCfg = Release|Any CPU
		{F21C1AF5-A5AF-4349-840E-E34DA5BFA519}.Debug .NET Native|ARM.Build.0 = Release|Any CPU
		{F21C1AF5-A5AF-4349-840E-E34DA5BFA519}.Debug .NET Native|ARM.Deploy.0 = Release|Any CPU
		{F21C1AF5-A5AF-4349-840E-E34DA5BFA519}.Debug .NET Native|iPhone.ActiveCfg = Release|Any CPU
		{F21C1AF5-A5AF-4349-840E-E34DA5BFA519}.Debug .NET Native|iPhone.Build.0 = Release|Any CPU
		{F21C1AF5-A5AF-4349-840E-E34DA5BFA519}.Debug .NET Native|iPhone.Deploy.0 = Release|Any CPU
		{F21C1AF5-A5AF-4349-840E-E34DA5BFA519}.Debug .NET Native|iPhoneSimulator.ActiveCfg = Release|Any CPU
		{F21C1AF5-A5AF-4349-840E-E34DA5BFA519}.Debug .NET Native|iPhoneSimulator.Build.0 = Release|Any CPU
		{F21C1AF5-A5AF-4349-840E-E34DA5BFA519}.Debug .NET Native|iPhoneSimulator.Deploy.0 = Release|Any CPU
		{F21C1AF5-A5AF-4349-840E-E34DA5BFA519}.Debug .NET Native|Mixed Platforms.ActiveCfg = Release|Any CPU
		{F21C1AF5-A5AF-4349-840E-E34DA5BFA519}.Debug .NET Native|x64.ActiveCfg = Release|Any CPU
		{F21C1AF5-A5AF-4349-840E-E34DA5BFA519}.Debug .NET Native|x64.Build.0 = Release|Any CPU
		{F21C1AF5-A5AF-4349-840E-E34DA5BFA519}.Debug .NET Native|x64.Deploy.0 = Release|Any CPU
		{F21C1AF5-A5AF-4349-840E-E34DA5BFA519}.Debug .NET Native|x86.ActiveCfg = Release|Any CPU
		{F21C1AF5-A5AF-4349-840E-E34DA5BFA519}.Debug .NET Native|x86.Build.0 = Release|Any CPU
		{F21C1AF5-A5AF-4349-840E-E34DA5BFA519}.Debug .NET Native|x86.Deploy.0 = Release|Any CPU
		{F21C1AF5-A5AF-4349-840E-E34DA5BFA519}.Debug|Any CPU.ActiveCfg = Debug|Any CPU
		{F21C1AF5-A5AF-4349-840E-E34DA5BFA519}.Debug|Any CPU.Deploy.0 = Debug|Any CPU
		{F21C1AF5-A5AF-4349-840E-E34DA5BFA519}.Debug|ARM.ActiveCfg = Debug|Any CPU
		{F21C1AF5-A5AF-4349-840E-E34DA5BFA519}.Debug|ARM.Build.0 = Debug|Any CPU
		{F21C1AF5-A5AF-4349-840E-E34DA5BFA519}.Debug|ARM.Deploy.0 = Debug|Any CPU
		{F21C1AF5-A5AF-4349-840E-E34DA5BFA519}.Debug|iPhone.ActiveCfg = Debug|Any CPU
		{F21C1AF5-A5AF-4349-840E-E34DA5BFA519}.Debug|iPhone.Build.0 = Debug|Any CPU
		{F21C1AF5-A5AF-4349-840E-E34DA5BFA519}.Debug|iPhone.Deploy.0 = Debug|Any CPU
		{F21C1AF5-A5AF-4349-840E-E34DA5BFA519}.Debug|iPhoneSimulator.ActiveCfg = Debug|Any CPU
		{F21C1AF5-A5AF-4349-840E-E34DA5BFA519}.Debug|iPhoneSimulator.Build.0 = Debug|Any CPU
		{F21C1AF5-A5AF-4349-840E-E34DA5BFA519}.Debug|iPhoneSimulator.Deploy.0 = Debug|Any CPU
		{F21C1AF5-A5AF-4349-840E-E34DA5BFA519}.Debug|Mixed Platforms.ActiveCfg = Debug|Any CPU
		{F21C1AF5-A5AF-4349-840E-E34DA5BFA519}.Debug|Mixed Platforms.Deploy.0 = Debug|Any CPU
		{F21C1AF5-A5AF-4349-840E-E34DA5BFA519}.Debug|x64.ActiveCfg = Debug|Any CPU
		{F21C1AF5-A5AF-4349-840E-E34DA5BFA519}.Debug|x64.Build.0 = Debug|Any CPU
		{F21C1AF5-A5AF-4349-840E-E34DA5BFA519}.Debug|x64.Deploy.0 = Debug|Any CPU
		{F21C1AF5-A5AF-4349-840E-E34DA5BFA519}.Debug|x86.ActiveCfg = Debug|Any CPU
		{F21C1AF5-A5AF-4349-840E-E34DA5BFA519}.Debug|x86.Build.0 = Debug|Any CPU
		{F21C1AF5-A5AF-4349-840E-E34DA5BFA519}.Debug|x86.Deploy.0 = Debug|Any CPU
		{F21C1AF5-A5AF-4349-840E-E34DA5BFA519}.Release|Any CPU.ActiveCfg = Release|Any CPU
		{F21C1AF5-A5AF-4349-840E-E34DA5BFA519}.Release|ARM.ActiveCfg = Release|Any CPU
		{F21C1AF5-A5AF-4349-840E-E34DA5BFA519}.Release|ARM.Build.0 = Release|Any CPU
		{F21C1AF5-A5AF-4349-840E-E34DA5BFA519}.Release|ARM.Deploy.0 = Release|Any CPU
		{F21C1AF5-A5AF-4349-840E-E34DA5BFA519}.Release|iPhone.ActiveCfg = Release|Any CPU
		{F21C1AF5-A5AF-4349-840E-E34DA5BFA519}.Release|iPhone.Build.0 = Release|Any CPU
		{F21C1AF5-A5AF-4349-840E-E34DA5BFA519}.Release|iPhone.Deploy.0 = Release|Any CPU
		{F21C1AF5-A5AF-4349-840E-E34DA5BFA519}.Release|iPhoneSimulator.ActiveCfg = Release|Any CPU
		{F21C1AF5-A5AF-4349-840E-E34DA5BFA519}.Release|iPhoneSimulator.Build.0 = Release|Any CPU
		{F21C1AF5-A5AF-4349-840E-E34DA5BFA519}.Release|iPhoneSimulator.Deploy.0 = Release|Any CPU
		{F21C1AF5-A5AF-4349-840E-E34DA5BFA519}.Release|Mixed Platforms.ActiveCfg = Release|Any CPU
		{F21C1AF5-A5AF-4349-840E-E34DA5BFA519}.Release|Mixed Platforms.Build.0 = Release|Any CPU
		{F21C1AF5-A5AF-4349-840E-E34DA5BFA519}.Release|Mixed Platforms.Deploy.0 = Release|Any CPU
		{F21C1AF5-A5AF-4349-840E-E34DA5BFA519}.Release|x64.ActiveCfg = Release|Any CPU
		{F21C1AF5-A5AF-4349-840E-E34DA5BFA519}.Release|x64.Build.0 = Release|Any CPU
		{F21C1AF5-A5AF-4349-840E-E34DA5BFA519}.Release|x64.Deploy.0 = Release|Any CPU
		{F21C1AF5-A5AF-4349-840E-E34DA5BFA519}.Release|x86.ActiveCfg = Release|Any CPU
		{F21C1AF5-A5AF-4349-840E-E34DA5BFA519}.Release|x86.Build.0 = Release|Any CPU
		{F21C1AF5-A5AF-4349-840E-E34DA5BFA519}.Release|x86.Deploy.0 = Release|Any CPU
		{090EE10C-D741-4B6C-BC03-9DF1EDC9B7D1}.Ad-Hoc|Any CPU.ActiveCfg = Debug .NET Native|x64
		{090EE10C-D741-4B6C-BC03-9DF1EDC9B7D1}.Ad-Hoc|Any CPU.Build.0 = Debug .NET Native|x64
		{090EE10C-D741-4B6C-BC03-9DF1EDC9B7D1}.Ad-Hoc|Any CPU.Deploy.0 = Debug .NET Native|x64
		{090EE10C-D741-4B6C-BC03-9DF1EDC9B7D1}.Ad-Hoc|ARM.ActiveCfg = Debug .NET Native|ARM
		{090EE10C-D741-4B6C-BC03-9DF1EDC9B7D1}.Ad-Hoc|ARM.Build.0 = Debug .NET Native|ARM
		{090EE10C-D741-4B6C-BC03-9DF1EDC9B7D1}.Ad-Hoc|ARM.Deploy.0 = Debug .NET Native|ARM
		{090EE10C-D741-4B6C-BC03-9DF1EDC9B7D1}.Ad-Hoc|iPhone.ActiveCfg = Debug .NET Native|x64
		{090EE10C-D741-4B6C-BC03-9DF1EDC9B7D1}.Ad-Hoc|iPhone.Build.0 = Debug .NET Native|x64
		{090EE10C-D741-4B6C-BC03-9DF1EDC9B7D1}.Ad-Hoc|iPhone.Deploy.0 = Debug .NET Native|x64
		{090EE10C-D741-4B6C-BC03-9DF1EDC9B7D1}.Ad-Hoc|iPhoneSimulator.ActiveCfg = Debug .NET Native|x64
		{090EE10C-D741-4B6C-BC03-9DF1EDC9B7D1}.Ad-Hoc|iPhoneSimulator.Build.0 = Debug .NET Native|x64
		{090EE10C-D741-4B6C-BC03-9DF1EDC9B7D1}.Ad-Hoc|iPhoneSimulator.Deploy.0 = Debug .NET Native|x64
		{090EE10C-D741-4B6C-BC03-9DF1EDC9B7D1}.Ad-Hoc|Mixed Platforms.ActiveCfg = Debug|x86
		{090EE10C-D741-4B6C-BC03-9DF1EDC9B7D1}.Ad-Hoc|Mixed Platforms.Build.0 = Debug|x86
		{090EE10C-D741-4B6C-BC03-9DF1EDC9B7D1}.Ad-Hoc|Mixed Platforms.Deploy.0 = Debug|x86
		{090EE10C-D741-4B6C-BC03-9DF1EDC9B7D1}.Ad-Hoc|x64.ActiveCfg = Debug .NET Native|x64
		{090EE10C-D741-4B6C-BC03-9DF1EDC9B7D1}.Ad-Hoc|x64.Build.0 = Debug .NET Native|x64
		{090EE10C-D741-4B6C-BC03-9DF1EDC9B7D1}.Ad-Hoc|x64.Deploy.0 = Debug .NET Native|x64
		{090EE10C-D741-4B6C-BC03-9DF1EDC9B7D1}.Ad-Hoc|x86.ActiveCfg = Debug|x86
		{090EE10C-D741-4B6C-BC03-9DF1EDC9B7D1}.Ad-Hoc|x86.Build.0 = Debug|x86
		{090EE10C-D741-4B6C-BC03-9DF1EDC9B7D1}.Ad-Hoc|x86.Deploy.0 = Debug|x86
		{090EE10C-D741-4B6C-BC03-9DF1EDC9B7D1}.AppStore|Any CPU.ActiveCfg = Debug .NET Native|x64
		{090EE10C-D741-4B6C-BC03-9DF1EDC9B7D1}.AppStore|Any CPU.Build.0 = Debug .NET Native|x64
		{090EE10C-D741-4B6C-BC03-9DF1EDC9B7D1}.AppStore|Any CPU.Deploy.0 = Debug .NET Native|x64
		{090EE10C-D741-4B6C-BC03-9DF1EDC9B7D1}.AppStore|ARM.ActiveCfg = Debug .NET Native|ARM
		{090EE10C-D741-4B6C-BC03-9DF1EDC9B7D1}.AppStore|ARM.Build.0 = Debug .NET Native|ARM
		{090EE10C-D741-4B6C-BC03-9DF1EDC9B7D1}.AppStore|ARM.Deploy.0 = Debug .NET Native|ARM
		{090EE10C-D741-4B6C-BC03-9DF1EDC9B7D1}.AppStore|iPhone.ActiveCfg = Debug .NET Native|x64
		{090EE10C-D741-4B6C-BC03-9DF1EDC9B7D1}.AppStore|iPhone.Build.0 = Debug .NET Native|x64
		{090EE10C-D741-4B6C-BC03-9DF1EDC9B7D1}.AppStore|iPhone.Deploy.0 = Debug .NET Native|x64
		{090EE10C-D741-4B6C-BC03-9DF1EDC9B7D1}.AppStore|iPhoneSimulator.ActiveCfg = Debug .NET Native|x64
		{090EE10C-D741-4B6C-BC03-9DF1EDC9B7D1}.AppStore|iPhoneSimulator.Build.0 = Debug .NET Native|x64
		{090EE10C-D741-4B6C-BC03-9DF1EDC9B7D1}.AppStore|iPhoneSimulator.Deploy.0 = Debug .NET Native|x64
		{090EE10C-D741-4B6C-BC03-9DF1EDC9B7D1}.AppStore|Mixed Platforms.ActiveCfg = Debug|x86
		{090EE10C-D741-4B6C-BC03-9DF1EDC9B7D1}.AppStore|Mixed Platforms.Build.0 = Debug|x86
		{090EE10C-D741-4B6C-BC03-9DF1EDC9B7D1}.AppStore|Mixed Platforms.Deploy.0 = Debug|x86
		{090EE10C-D741-4B6C-BC03-9DF1EDC9B7D1}.AppStore|x64.ActiveCfg = Debug .NET Native|x64
		{090EE10C-D741-4B6C-BC03-9DF1EDC9B7D1}.AppStore|x64.Build.0 = Debug .NET Native|x64
		{090EE10C-D741-4B6C-BC03-9DF1EDC9B7D1}.AppStore|x64.Deploy.0 = Debug .NET Native|x64
		{090EE10C-D741-4B6C-BC03-9DF1EDC9B7D1}.AppStore|x86.ActiveCfg = Debug|x86
		{090EE10C-D741-4B6C-BC03-9DF1EDC9B7D1}.AppStore|x86.Build.0 = Debug|x86
		{090EE10C-D741-4B6C-BC03-9DF1EDC9B7D1}.AppStore|x86.Deploy.0 = Debug|x86
		{090EE10C-D741-4B6C-BC03-9DF1EDC9B7D1}.Debug .NET Native|Any CPU.ActiveCfg = Debug .NET Native|x86
		{090EE10C-D741-4B6C-BC03-9DF1EDC9B7D1}.Debug .NET Native|Any CPU.Build.0 = Debug .NET Native|x86
		{090EE10C-D741-4B6C-BC03-9DF1EDC9B7D1}.Debug .NET Native|Any CPU.Deploy.0 = Debug .NET Native|x86
		{090EE10C-D741-4B6C-BC03-9DF1EDC9B7D1}.Debug .NET Native|ARM.ActiveCfg = Release|ARM
		{090EE10C-D741-4B6C-BC03-9DF1EDC9B7D1}.Debug .NET Native|ARM.Build.0 = Release|ARM
		{090EE10C-D741-4B6C-BC03-9DF1EDC9B7D1}.Debug .NET Native|ARM.Deploy.0 = Release|ARM
		{090EE10C-D741-4B6C-BC03-9DF1EDC9B7D1}.Debug .NET Native|iPhone.ActiveCfg = Release|x86
		{090EE10C-D741-4B6C-BC03-9DF1EDC9B7D1}.Debug .NET Native|iPhoneSimulator.ActiveCfg = Release|x86
		{090EE10C-D741-4B6C-BC03-9DF1EDC9B7D1}.Debug .NET Native|Mixed Platforms.ActiveCfg = Debug .NET Native|x86
		{090EE10C-D741-4B6C-BC03-9DF1EDC9B7D1}.Debug .NET Native|Mixed Platforms.Build.0 = Debug .NET Native|x86
		{090EE10C-D741-4B6C-BC03-9DF1EDC9B7D1}.Debug .NET Native|Mixed Platforms.Deploy.0 = Debug .NET Native|x86
		{090EE10C-D741-4B6C-BC03-9DF1EDC9B7D1}.Debug .NET Native|x64.ActiveCfg = Release|x64
		{090EE10C-D741-4B6C-BC03-9DF1EDC9B7D1}.Debug .NET Native|x64.Build.0 = Release|x64
		{090EE10C-D741-4B6C-BC03-9DF1EDC9B7D1}.Debug .NET Native|x64.Deploy.0 = Release|x64
		{090EE10C-D741-4B6C-BC03-9DF1EDC9B7D1}.Debug .NET Native|x86.ActiveCfg = Release|x86
		{090EE10C-D741-4B6C-BC03-9DF1EDC9B7D1}.Debug .NET Native|x86.Build.0 = Release|x86
		{090EE10C-D741-4B6C-BC03-9DF1EDC9B7D1}.Debug .NET Native|x86.Deploy.0 = Release|x86
		{090EE10C-D741-4B6C-BC03-9DF1EDC9B7D1}.Debug|Any CPU.ActiveCfg = Debug|x86
		{090EE10C-D741-4B6C-BC03-9DF1EDC9B7D1}.Debug|Any CPU.Build.0 = Debug|x86
		{090EE10C-D741-4B6C-BC03-9DF1EDC9B7D1}.Debug|Any CPU.Deploy.0 = Debug|x86
		{090EE10C-D741-4B6C-BC03-9DF1EDC9B7D1}.Debug|ARM.ActiveCfg = Debug|ARM
		{090EE10C-D741-4B6C-BC03-9DF1EDC9B7D1}.Debug|ARM.Build.0 = Debug|ARM
		{090EE10C-D741-4B6C-BC03-9DF1EDC9B7D1}.Debug|ARM.Deploy.0 = Debug|ARM
		{090EE10C-D741-4B6C-BC03-9DF1EDC9B7D1}.Debug|iPhone.ActiveCfg = Debug|x86
		{090EE10C-D741-4B6C-BC03-9DF1EDC9B7D1}.Debug|iPhoneSimulator.ActiveCfg = Debug|x86
		{090EE10C-D741-4B6C-BC03-9DF1EDC9B7D1}.Debug|Mixed Platforms.ActiveCfg = Debug|x86
		{090EE10C-D741-4B6C-BC03-9DF1EDC9B7D1}.Debug|Mixed Platforms.Build.0 = Debug|x86
		{090EE10C-D741-4B6C-BC03-9DF1EDC9B7D1}.Debug|Mixed Platforms.Deploy.0 = Debug|x86
		{090EE10C-D741-4B6C-BC03-9DF1EDC9B7D1}.Debug|x64.ActiveCfg = Debug|x64
		{090EE10C-D741-4B6C-BC03-9DF1EDC9B7D1}.Debug|x64.Build.0 = Debug|x64
		{090EE10C-D741-4B6C-BC03-9DF1EDC9B7D1}.Debug|x64.Deploy.0 = Debug|x64
		{090EE10C-D741-4B6C-BC03-9DF1EDC9B7D1}.Debug|x86.ActiveCfg = Debug|x86
		{090EE10C-D741-4B6C-BC03-9DF1EDC9B7D1}.Debug|x86.Build.0 = Debug|x86
		{090EE10C-D741-4B6C-BC03-9DF1EDC9B7D1}.Debug|x86.Deploy.0 = Debug|x86
		{090EE10C-D741-4B6C-BC03-9DF1EDC9B7D1}.Release|Any CPU.ActiveCfg = Release|x86
		{090EE10C-D741-4B6C-BC03-9DF1EDC9B7D1}.Release|Any CPU.Build.0 = Release|x86
		{090EE10C-D741-4B6C-BC03-9DF1EDC9B7D1}.Release|Any CPU.Deploy.0 = Release|x86
		{090EE10C-D741-4B6C-BC03-9DF1EDC9B7D1}.Release|ARM.ActiveCfg = Release|ARM
		{090EE10C-D741-4B6C-BC03-9DF1EDC9B7D1}.Release|ARM.Build.0 = Release|ARM
		{090EE10C-D741-4B6C-BC03-9DF1EDC9B7D1}.Release|ARM.Deploy.0 = Release|ARM
		{090EE10C-D741-4B6C-BC03-9DF1EDC9B7D1}.Release|iPhone.ActiveCfg = Release|x86
		{090EE10C-D741-4B6C-BC03-9DF1EDC9B7D1}.Release|iPhoneSimulator.ActiveCfg = Release|x86
		{090EE10C-D741-4B6C-BC03-9DF1EDC9B7D1}.Release|Mixed Platforms.ActiveCfg = Release|x86
		{090EE10C-D741-4B6C-BC03-9DF1EDC9B7D1}.Release|Mixed Platforms.Build.0 = Release|x86
		{090EE10C-D741-4B6C-BC03-9DF1EDC9B7D1}.Release|Mixed Platforms.Deploy.0 = Release|x86
		{090EE10C-D741-4B6C-BC03-9DF1EDC9B7D1}.Release|x64.ActiveCfg = Release|x64
		{090EE10C-D741-4B6C-BC03-9DF1EDC9B7D1}.Release|x64.Build.0 = Release|x64
		{090EE10C-D741-4B6C-BC03-9DF1EDC9B7D1}.Release|x64.Deploy.0 = Release|x64
		{090EE10C-D741-4B6C-BC03-9DF1EDC9B7D1}.Release|x86.ActiveCfg = Release|x86
		{090EE10C-D741-4B6C-BC03-9DF1EDC9B7D1}.Release|x86.Build.0 = Release|x86
		{090EE10C-D741-4B6C-BC03-9DF1EDC9B7D1}.Release|x86.Deploy.0 = Release|x86
		{858E05E5-90AE-4DC4-B9C7-CB6540E0B886}.Ad-Hoc|Any CPU.ActiveCfg = Release|x64
		{858E05E5-90AE-4DC4-B9C7-CB6540E0B886}.Ad-Hoc|Any CPU.Build.0 = Release|x64
		{858E05E5-90AE-4DC4-B9C7-CB6540E0B886}.Ad-Hoc|Any CPU.Deploy.0 = Release|x64
		{858E05E5-90AE-4DC4-B9C7-CB6540E0B886}.Ad-Hoc|ARM.ActiveCfg = Release|ARM
		{858E05E5-90AE-4DC4-B9C7-CB6540E0B886}.Ad-Hoc|ARM.Build.0 = Release|ARM
		{858E05E5-90AE-4DC4-B9C7-CB6540E0B886}.Ad-Hoc|ARM.Deploy.0 = Release|ARM
		{858E05E5-90AE-4DC4-B9C7-CB6540E0B886}.Ad-Hoc|iPhone.ActiveCfg = Release|x64
		{858E05E5-90AE-4DC4-B9C7-CB6540E0B886}.Ad-Hoc|iPhone.Build.0 = Release|x64
		{858E05E5-90AE-4DC4-B9C7-CB6540E0B886}.Ad-Hoc|iPhone.Deploy.0 = Release|x64
		{858E05E5-90AE-4DC4-B9C7-CB6540E0B886}.Ad-Hoc|iPhoneSimulator.ActiveCfg = Release|x64
		{858E05E5-90AE-4DC4-B9C7-CB6540E0B886}.Ad-Hoc|iPhoneSimulator.Build.0 = Release|x64
		{858E05E5-90AE-4DC4-B9C7-CB6540E0B886}.Ad-Hoc|iPhoneSimulator.Deploy.0 = Release|x64
		{858E05E5-90AE-4DC4-B9C7-CB6540E0B886}.Ad-Hoc|Mixed Platforms.ActiveCfg = Debug|x86
		{858E05E5-90AE-4DC4-B9C7-CB6540E0B886}.Ad-Hoc|Mixed Platforms.Build.0 = Debug|x86
		{858E05E5-90AE-4DC4-B9C7-CB6540E0B886}.Ad-Hoc|Mixed Platforms.Deploy.0 = Debug|x86
		{858E05E5-90AE-4DC4-B9C7-CB6540E0B886}.Ad-Hoc|x64.ActiveCfg = Release|x64
		{858E05E5-90AE-4DC4-B9C7-CB6540E0B886}.Ad-Hoc|x64.Build.0 = Release|x64
		{858E05E5-90AE-4DC4-B9C7-CB6540E0B886}.Ad-Hoc|x64.Deploy.0 = Release|x64
		{858E05E5-90AE-4DC4-B9C7-CB6540E0B886}.Ad-Hoc|x86.ActiveCfg = Debug|x86
		{858E05E5-90AE-4DC4-B9C7-CB6540E0B886}.Ad-Hoc|x86.Build.0 = Debug|x86
		{858E05E5-90AE-4DC4-B9C7-CB6540E0B886}.Ad-Hoc|x86.Deploy.0 = Debug|x86
		{858E05E5-90AE-4DC4-B9C7-CB6540E0B886}.AppStore|Any CPU.ActiveCfg = Release|x64
		{858E05E5-90AE-4DC4-B9C7-CB6540E0B886}.AppStore|Any CPU.Build.0 = Release|x64
		{858E05E5-90AE-4DC4-B9C7-CB6540E0B886}.AppStore|Any CPU.Deploy.0 = Release|x64
		{858E05E5-90AE-4DC4-B9C7-CB6540E0B886}.AppStore|ARM.ActiveCfg = Release|ARM
		{858E05E5-90AE-4DC4-B9C7-CB6540E0B886}.AppStore|ARM.Build.0 = Release|ARM
		{858E05E5-90AE-4DC4-B9C7-CB6540E0B886}.AppStore|ARM.Deploy.0 = Release|ARM
		{858E05E5-90AE-4DC4-B9C7-CB6540E0B886}.AppStore|iPhone.ActiveCfg = Release|x64
		{858E05E5-90AE-4DC4-B9C7-CB6540E0B886}.AppStore|iPhone.Build.0 = Release|x64
		{858E05E5-90AE-4DC4-B9C7-CB6540E0B886}.AppStore|iPhone.Deploy.0 = Release|x64
		{858E05E5-90AE-4DC4-B9C7-CB6540E0B886}.AppStore|iPhoneSimulator.ActiveCfg = Release|x64
		{858E05E5-90AE-4DC4-B9C7-CB6540E0B886}.AppStore|iPhoneSimulator.Build.0 = Release|x64
		{858E05E5-90AE-4DC4-B9C7-CB6540E0B886}.AppStore|iPhoneSimulator.Deploy.0 = Release|x64
		{858E05E5-90AE-4DC4-B9C7-CB6540E0B886}.AppStore|Mixed Platforms.ActiveCfg = Debug|x86
		{858E05E5-90AE-4DC4-B9C7-CB6540E0B886}.AppStore|Mixed Platforms.Build.0 = Debug|x86
		{858E05E5-90AE-4DC4-B9C7-CB6540E0B886}.AppStore|Mixed Platforms.Deploy.0 = Debug|x86
		{858E05E5-90AE-4DC4-B9C7-CB6540E0B886}.AppStore|x64.ActiveCfg = Release|x64
		{858E05E5-90AE-4DC4-B9C7-CB6540E0B886}.AppStore|x64.Build.0 = Release|x64
		{858E05E5-90AE-4DC4-B9C7-CB6540E0B886}.AppStore|x64.Deploy.0 = Release|x64
		{858E05E5-90AE-4DC4-B9C7-CB6540E0B886}.AppStore|x86.ActiveCfg = Debug|x86
		{858E05E5-90AE-4DC4-B9C7-CB6540E0B886}.AppStore|x86.Build.0 = Debug|x86
		{858E05E5-90AE-4DC4-B9C7-CB6540E0B886}.AppStore|x86.Deploy.0 = Debug|x86
		{858E05E5-90AE-4DC4-B9C7-CB6540E0B886}.Debug .NET Native|Any CPU.ActiveCfg = Release|x86
		{858E05E5-90AE-4DC4-B9C7-CB6540E0B886}.Debug .NET Native|Any CPU.Build.0 = Release|x86
		{858E05E5-90AE-4DC4-B9C7-CB6540E0B886}.Debug .NET Native|Any CPU.Deploy.0 = Release|x86
		{858E05E5-90AE-4DC4-B9C7-CB6540E0B886}.Debug .NET Native|ARM.ActiveCfg = Debug|ARM
		{858E05E5-90AE-4DC4-B9C7-CB6540E0B886}.Debug .NET Native|ARM.Build.0 = Debug|ARM
		{858E05E5-90AE-4DC4-B9C7-CB6540E0B886}.Debug .NET Native|ARM.Deploy.0 = Debug|ARM
		{858E05E5-90AE-4DC4-B9C7-CB6540E0B886}.Debug .NET Native|iPhone.ActiveCfg = Release|x86
		{858E05E5-90AE-4DC4-B9C7-CB6540E0B886}.Debug .NET Native|iPhone.Build.0 = Release|x86
		{858E05E5-90AE-4DC4-B9C7-CB6540E0B886}.Debug .NET Native|iPhone.Deploy.0 = Release|x86
		{858E05E5-90AE-4DC4-B9C7-CB6540E0B886}.Debug .NET Native|iPhoneSimulator.ActiveCfg = Release|x86
		{858E05E5-90AE-4DC4-B9C7-CB6540E0B886}.Debug .NET Native|iPhoneSimulator.Build.0 = Release|x86
		{858E05E5-90AE-4DC4-B9C7-CB6540E0B886}.Debug .NET Native|iPhoneSimulator.Deploy.0 = Release|x86
		{858E05E5-90AE-4DC4-B9C7-CB6540E0B886}.Debug .NET Native|Mixed Platforms.ActiveCfg = Debug|x86
		{858E05E5-90AE-4DC4-B9C7-CB6540E0B886}.Debug .NET Native|Mixed Platforms.Build.0 = Debug|x86
		{858E05E5-90AE-4DC4-B9C7-CB6540E0B886}.Debug .NET Native|Mixed Platforms.Deploy.0 = Debug|x86
		{858E05E5-90AE-4DC4-B9C7-CB6540E0B886}.Debug .NET Native|x64.ActiveCfg = Debug|x64
		{858E05E5-90AE-4DC4-B9C7-CB6540E0B886}.Debug .NET Native|x64.Build.0 = Debug|x64
		{858E05E5-90AE-4DC4-B9C7-CB6540E0B886}.Debug .NET Native|x64.Deploy.0 = Debug|x64
		{858E05E5-90AE-4DC4-B9C7-CB6540E0B886}.Debug .NET Native|x86.ActiveCfg = Debug|x86
		{858E05E5-90AE-4DC4-B9C7-CB6540E0B886}.Debug .NET Native|x86.Build.0 = Debug|x86
		{858E05E5-90AE-4DC4-B9C7-CB6540E0B886}.Debug .NET Native|x86.Deploy.0 = Debug|x86
		{858E05E5-90AE-4DC4-B9C7-CB6540E0B886}.Debug|Any CPU.ActiveCfg = Debug|x86
		{858E05E5-90AE-4DC4-B9C7-CB6540E0B886}.Debug|ARM.ActiveCfg = Debug|ARM
		{858E05E5-90AE-4DC4-B9C7-CB6540E0B886}.Debug|ARM.Build.0 = Debug|ARM
		{858E05E5-90AE-4DC4-B9C7-CB6540E0B886}.Debug|ARM.Deploy.0 = Debug|ARM
		{858E05E5-90AE-4DC4-B9C7-CB6540E0B886}.Debug|iPhone.ActiveCfg = Debug|x86
		{858E05E5-90AE-4DC4-B9C7-CB6540E0B886}.Debug|iPhoneSimulator.ActiveCfg = Debug|x86
		{858E05E5-90AE-4DC4-B9C7-CB6540E0B886}.Debug|Mixed Platforms.ActiveCfg = Debug|x86
		{858E05E5-90AE-4DC4-B9C7-CB6540E0B886}.Debug|Mixed Platforms.Deploy.0 = Debug|x86
		{858E05E5-90AE-4DC4-B9C7-CB6540E0B886}.Debug|x64.ActiveCfg = Debug|x64
		{858E05E5-90AE-4DC4-B9C7-CB6540E0B886}.Debug|x64.Build.0 = Debug|x64
		{858E05E5-90AE-4DC4-B9C7-CB6540E0B886}.Debug|x64.Deploy.0 = Debug|x64
		{858E05E5-90AE-4DC4-B9C7-CB6540E0B886}.Debug|x86.ActiveCfg = Debug|x86
		{858E05E5-90AE-4DC4-B9C7-CB6540E0B886}.Debug|x86.Build.0 = Debug|x86
		{858E05E5-90AE-4DC4-B9C7-CB6540E0B886}.Debug|x86.Deploy.0 = Debug|x86
		{858E05E5-90AE-4DC4-B9C7-CB6540E0B886}.Release|Any CPU.ActiveCfg = Release|x86
		{858E05E5-90AE-4DC4-B9C7-CB6540E0B886}.Release|Any CPU.Build.0 = Release|x86
		{858E05E5-90AE-4DC4-B9C7-CB6540E0B886}.Release|Any CPU.Deploy.0 = Release|x86
		{858E05E5-90AE-4DC4-B9C7-CB6540E0B886}.Release|ARM.ActiveCfg = Release|ARM
		{858E05E5-90AE-4DC4-B9C7-CB6540E0B886}.Release|ARM.Build.0 = Release|ARM
		{858E05E5-90AE-4DC4-B9C7-CB6540E0B886}.Release|ARM.Deploy.0 = Release|ARM
		{858E05E5-90AE-4DC4-B9C7-CB6540E0B886}.Release|iPhone.ActiveCfg = Release|x86
		{858E05E5-90AE-4DC4-B9C7-CB6540E0B886}.Release|iPhoneSimulator.ActiveCfg = Release|x86
		{858E05E5-90AE-4DC4-B9C7-CB6540E0B886}.Release|Mixed Platforms.ActiveCfg = Release|x86
		{858E05E5-90AE-4DC4-B9C7-CB6540E0B886}.Release|Mixed Platforms.Build.0 = Release|x86
		{858E05E5-90AE-4DC4-B9C7-CB6540E0B886}.Release|Mixed Platforms.Deploy.0 = Release|x86
		{858E05E5-90AE-4DC4-B9C7-CB6540E0B886}.Release|x64.ActiveCfg = Release|x64
		{858E05E5-90AE-4DC4-B9C7-CB6540E0B886}.Release|x64.Build.0 = Release|x64
		{858E05E5-90AE-4DC4-B9C7-CB6540E0B886}.Release|x64.Deploy.0 = Release|x64
		{858E05E5-90AE-4DC4-B9C7-CB6540E0B886}.Release|x86.ActiveCfg = Release|x86
		{858E05E5-90AE-4DC4-B9C7-CB6540E0B886}.Release|x86.Build.0 = Release|x86
		{858E05E5-90AE-4DC4-B9C7-CB6540E0B886}.Release|x86.Deploy.0 = Release|x86
		{4C73A814-9327-4B0B-A46E-ACFE47481817}.Ad-Hoc|Any CPU.ActiveCfg = Debug|Any CPU
		{4C73A814-9327-4B0B-A46E-ACFE47481817}.Ad-Hoc|Any CPU.Build.0 = Debug|Any CPU
		{4C73A814-9327-4B0B-A46E-ACFE47481817}.Ad-Hoc|ARM.ActiveCfg = Debug|Any CPU
		{4C73A814-9327-4B0B-A46E-ACFE47481817}.Ad-Hoc|ARM.Build.0 = Debug|Any CPU
		{4C73A814-9327-4B0B-A46E-ACFE47481817}.Ad-Hoc|iPhone.ActiveCfg = Debug|Any CPU
		{4C73A814-9327-4B0B-A46E-ACFE47481817}.Ad-Hoc|iPhone.Build.0 = Debug|Any CPU
		{4C73A814-9327-4B0B-A46E-ACFE47481817}.Ad-Hoc|iPhoneSimulator.ActiveCfg = Debug|Any CPU
		{4C73A814-9327-4B0B-A46E-ACFE47481817}.Ad-Hoc|iPhoneSimulator.Build.0 = Debug|Any CPU
		{4C73A814-9327-4B0B-A46E-ACFE47481817}.Ad-Hoc|Mixed Platforms.ActiveCfg = Debug|Any CPU
		{4C73A814-9327-4B0B-A46E-ACFE47481817}.Ad-Hoc|Mixed Platforms.Build.0 = Debug|Any CPU
		{4C73A814-9327-4B0B-A46E-ACFE47481817}.Ad-Hoc|x64.ActiveCfg = Debug|Any CPU
		{4C73A814-9327-4B0B-A46E-ACFE47481817}.Ad-Hoc|x64.Build.0 = Debug|Any CPU
		{4C73A814-9327-4B0B-A46E-ACFE47481817}.Ad-Hoc|x86.ActiveCfg = Debug|Any CPU
		{4C73A814-9327-4B0B-A46E-ACFE47481817}.Ad-Hoc|x86.Build.0 = Debug|Any CPU
		{4C73A814-9327-4B0B-A46E-ACFE47481817}.AppStore|Any CPU.ActiveCfg = Debug|Any CPU
		{4C73A814-9327-4B0B-A46E-ACFE47481817}.AppStore|Any CPU.Build.0 = Debug|Any CPU
		{4C73A814-9327-4B0B-A46E-ACFE47481817}.AppStore|ARM.ActiveCfg = Debug|Any CPU
		{4C73A814-9327-4B0B-A46E-ACFE47481817}.AppStore|ARM.Build.0 = Debug|Any CPU
		{4C73A814-9327-4B0B-A46E-ACFE47481817}.AppStore|iPhone.ActiveCfg = Debug|Any CPU
		{4C73A814-9327-4B0B-A46E-ACFE47481817}.AppStore|iPhone.Build.0 = Debug|Any CPU
		{4C73A814-9327-4B0B-A46E-ACFE47481817}.AppStore|iPhoneSimulator.ActiveCfg = Debug|Any CPU
		{4C73A814-9327-4B0B-A46E-ACFE47481817}.AppStore|iPhoneSimulator.Build.0 = Debug|Any CPU
		{4C73A814-9327-4B0B-A46E-ACFE47481817}.AppStore|Mixed Platforms.ActiveCfg = Debug|Any CPU
		{4C73A814-9327-4B0B-A46E-ACFE47481817}.AppStore|Mixed Platforms.Build.0 = Debug|Any CPU
		{4C73A814-9327-4B0B-A46E-ACFE47481817}.AppStore|x64.ActiveCfg = Debug|Any CPU
		{4C73A814-9327-4B0B-A46E-ACFE47481817}.AppStore|x64.Build.0 = Debug|Any CPU
		{4C73A814-9327-4B0B-A46E-ACFE47481817}.AppStore|x86.ActiveCfg = Debug|Any CPU
		{4C73A814-9327-4B0B-A46E-ACFE47481817}.AppStore|x86.Build.0 = Debug|Any CPU
		{4C73A814-9327-4B0B-A46E-ACFE47481817}.Debug .NET Native|Any CPU.ActiveCfg = Debug|Any CPU
		{4C73A814-9327-4B0B-A46E-ACFE47481817}.Debug .NET Native|Any CPU.Build.0 = Debug|Any CPU
		{4C73A814-9327-4B0B-A46E-ACFE47481817}.Debug .NET Native|ARM.ActiveCfg = Debug|Any CPU
		{4C73A814-9327-4B0B-A46E-ACFE47481817}.Debug .NET Native|ARM.Build.0 = Debug|Any CPU
		{4C73A814-9327-4B0B-A46E-ACFE47481817}.Debug .NET Native|iPhone.ActiveCfg = Debug|Any CPU
		{4C73A814-9327-4B0B-A46E-ACFE47481817}.Debug .NET Native|iPhone.Build.0 = Debug|Any CPU
		{4C73A814-9327-4B0B-A46E-ACFE47481817}.Debug .NET Native|iPhoneSimulator.ActiveCfg = Debug|Any CPU
		{4C73A814-9327-4B0B-A46E-ACFE47481817}.Debug .NET Native|iPhoneSimulator.Build.0 = Debug|Any CPU
		{4C73A814-9327-4B0B-A46E-ACFE47481817}.Debug .NET Native|Mixed Platforms.ActiveCfg = Debug|Any CPU
		{4C73A814-9327-4B0B-A46E-ACFE47481817}.Debug .NET Native|Mixed Platforms.Build.0 = Debug|Any CPU
		{4C73A814-9327-4B0B-A46E-ACFE47481817}.Debug .NET Native|x64.ActiveCfg = Debug|Any CPU
		{4C73A814-9327-4B0B-A46E-ACFE47481817}.Debug .NET Native|x64.Build.0 = Debug|Any CPU
		{4C73A814-9327-4B0B-A46E-ACFE47481817}.Debug .NET Native|x86.ActiveCfg = Debug|Any CPU
		{4C73A814-9327-4B0B-A46E-ACFE47481817}.Debug .NET Native|x86.Build.0 = Debug|Any CPU
		{4C73A814-9327-4B0B-A46E-ACFE47481817}.Debug|Any CPU.ActiveCfg = Debug|Any CPU
		{4C73A814-9327-4B0B-A46E-ACFE47481817}.Debug|Any CPU.Build.0 = Debug|Any CPU
		{4C73A814-9327-4B0B-A46E-ACFE47481817}.Debug|ARM.ActiveCfg = Debug|Any CPU
		{4C73A814-9327-4B0B-A46E-ACFE47481817}.Debug|ARM.Build.0 = Debug|Any CPU
		{4C73A814-9327-4B0B-A46E-ACFE47481817}.Debug|iPhone.ActiveCfg = Debug|Any CPU
		{4C73A814-9327-4B0B-A46E-ACFE47481817}.Debug|iPhone.Build.0 = Debug|Any CPU
		{4C73A814-9327-4B0B-A46E-ACFE47481817}.Debug|iPhoneSimulator.ActiveCfg = Debug|Any CPU
		{4C73A814-9327-4B0B-A46E-ACFE47481817}.Debug|iPhoneSimulator.Build.0 = Debug|Any CPU
		{4C73A814-9327-4B0B-A46E-ACFE47481817}.Debug|Mixed Platforms.ActiveCfg = Debug|Any CPU
		{4C73A814-9327-4B0B-A46E-ACFE47481817}.Debug|Mixed Platforms.Build.0 = Debug|Any CPU
		{4C73A814-9327-4B0B-A46E-ACFE47481817}.Debug|x64.ActiveCfg = Debug|Any CPU
		{4C73A814-9327-4B0B-A46E-ACFE47481817}.Debug|x64.Build.0 = Debug|Any CPU
		{4C73A814-9327-4B0B-A46E-ACFE47481817}.Debug|x86.ActiveCfg = Debug|Any CPU
		{4C73A814-9327-4B0B-A46E-ACFE47481817}.Debug|x86.Build.0 = Debug|Any CPU
		{4C73A814-9327-4B0B-A46E-ACFE47481817}.Release|Any CPU.ActiveCfg = Release|Any CPU
		{4C73A814-9327-4B0B-A46E-ACFE47481817}.Release|Any CPU.Build.0 = Release|Any CPU
		{4C73A814-9327-4B0B-A46E-ACFE47481817}.Release|ARM.ActiveCfg = Release|Any CPU
		{4C73A814-9327-4B0B-A46E-ACFE47481817}.Release|ARM.Build.0 = Release|Any CPU
		{4C73A814-9327-4B0B-A46E-ACFE47481817}.Release|iPhone.ActiveCfg = Release|Any CPU
		{4C73A814-9327-4B0B-A46E-ACFE47481817}.Release|iPhone.Build.0 = Release|Any CPU
		{4C73A814-9327-4B0B-A46E-ACFE47481817}.Release|iPhoneSimulator.ActiveCfg = Release|Any CPU
		{4C73A814-9327-4B0B-A46E-ACFE47481817}.Release|iPhoneSimulator.Build.0 = Release|Any CPU
		{4C73A814-9327-4B0B-A46E-ACFE47481817}.Release|Mixed Platforms.ActiveCfg = Release|Any CPU
		{4C73A814-9327-4B0B-A46E-ACFE47481817}.Release|Mixed Platforms.Build.0 = Release|Any CPU
		{4C73A814-9327-4B0B-A46E-ACFE47481817}.Release|x64.ActiveCfg = Release|Any CPU
		{4C73A814-9327-4B0B-A46E-ACFE47481817}.Release|x64.Build.0 = Release|Any CPU
		{4C73A814-9327-4B0B-A46E-ACFE47481817}.Release|x86.ActiveCfg = Release|Any CPU
		{4C73A814-9327-4B0B-A46E-ACFE47481817}.Release|x86.Build.0 = Release|Any CPU
	EndGlobalSection
	GlobalSection(SolutionProperties) = preSolution
		HideSolutionNode = FALSE
	EndGlobalSection
	GlobalSection(NestedProjects) = preSolution
		{98950ECA-3A16-4A7C-9E82-03EEB81EBDB3} = {E3B9769B-D056-49F0-A6A5-03EC36DE48F8}
		{B7C9BEBB-26C2-483B-9BE8-80A8EE523EB8} = {88D90D4D-7706-4419-8177-C21123947D78}
		{111991DA-D822-4A9F-B57B-CEF2EFC8252E} = {88D90D4D-7706-4419-8177-C21123947D78}
		{E9830344-D465-4054-9E0D-CC580E39BD34} = {E3B9769B-D056-49F0-A6A5-03EC36DE48F8}
		{875AC482-ABEF-4978-80B7-16BB0EB62E58} = {F8D208A4-217E-46B7-A45B-E3259B0D0B73}
		{2B12073E-4618-4D2D-BF9B-6B12A063FDB2} = {88D90D4D-7706-4419-8177-C21123947D78}
		{F21C1AF5-A5AF-4349-840E-E34DA5BFA519} = {F8D208A4-217E-46B7-A45B-E3259B0D0B73}
		{090EE10C-D741-4B6C-BC03-9DF1EDC9B7D1} = {88D90D4D-7706-4419-8177-C21123947D78}
		{858E05E5-90AE-4DC4-B9C7-CB6540E0B886} = {F8D208A4-217E-46B7-A45B-E3259B0D0B73}
		{4C73A814-9327-4B0B-A46E-ACFE47481817} = {6B0F38C9-7CEE-4181-A47A-D9F4C626E618}
	EndGlobalSection
EndGlobal
